// !$*UTF8*$!
{
	archiveVersion = 1;
	classes = {
	};
	objectVersion = 50;
	objects = {

/* Begin PBXBuildFile section */
		0A6D538925D9C99F002F3F82 /* BlocksModels.h in Headers */ = {isa = PBXBuildFile; fileRef = 0A6D536825D9C99E002F3F82 /* BlocksModels.h */; settings = {ATTRIBUTES = (Public, ); }; };
		0A6D538C25D9C99F002F3F82 /* IndentationBuilder.swift in Sources */ = {isa = PBXBuildFile; fileRef = 0A6D536C25D9C99E002F3F82 /* IndentationBuilder.swift */; };
		0A6D539225D9C99F002F3F82 /* BlockContent.swift in Sources */ = {isa = PBXBuildFile; fileRef = 0A6D537225D9C99E002F3F82 /* BlockContent.swift */; };
		0A6D539425D9C99F002F3F82 /* BlockInformation.swift in Sources */ = {isa = PBXBuildFile; fileRef = 0A6D537425D9C99E002F3F82 /* BlockInformation.swift */; };
		0A6D539C25D9C99F002F3F82 /* Block+CommonStructures.swift in Sources */ = {isa = PBXBuildFile; fileRef = 0A6D537C25D9C99E002F3F82 /* Block+CommonStructures.swift */; };
		0A6D539D25D9C99F002F3F82 /* Aliases.swift in Sources */ = {isa = PBXBuildFile; fileRef = 0A6D537D25D9C99E002F3F82 /* Aliases.swift */; };
		12206711273164360051A331 /* RelationsMetadataStorageProtocol.swift in Sources */ = {isa = PBXBuildFile; fileRef = 12206710273164360051A331 /* RelationsMetadataStorageProtocol.swift */; };
		12206713273164890051A331 /* RelationsMetadataStorage.swift in Sources */ = {isa = PBXBuildFile; fileRef = 12206712273164890051A331 /* RelationsMetadataStorage.swift */; };
		1223C91227282A2600C34616 /* BundledRelationsValueProvider.swift in Sources */ = {isa = PBXBuildFile; fileRef = 1223C91127282A2600C34616 /* BundledRelationsValueProvider.swift */; };
		124A60B12712F9610012FD2D /* ObjectDetailsStorage.swift in Sources */ = {isa = PBXBuildFile; fileRef = 124A60B02712F9610012FD2D /* ObjectDetailsStorage.swift */; };
		124E2BC72731243D00A2D534 /* RelationMetadata.swift in Sources */ = {isa = PBXBuildFile; fileRef = 124E2BC62731243D00A2D534 /* RelationMetadata.swift */; };
		124E2BC92731249600A2D534 /* RelationMetadataFormat.swift in Sources */ = {isa = PBXBuildFile; fileRef = 124E2BC82731249600A2D534 /* RelationMetadataFormat.swift */; };
		124E2BCD273125C400A2D534 /* RelationMetadataOption.swift in Sources */ = {isa = PBXBuildFile; fileRef = 124E2BCC273125C400A2D534 /* RelationMetadataOption.swift */; };
		124E2BD827312BC600A2D534 /* RelationMetadataOptionScope.swift in Sources */ = {isa = PBXBuildFile; fileRef = 124E2BD727312BC600A2D534 /* RelationMetadataOptionScope.swift */; };
		127D1E222722F7490050FCB7 /* BundledRelationKey.swift in Sources */ = {isa = PBXBuildFile; fileRef = 127D1E212722F7490050FCB7 /* BundledRelationKey.swift */; };
		12883FDC268E10E6002B971E /* DetailsLayout.swift in Sources */ = {isa = PBXBuildFile; fileRef = 12883FDB268E10E6002B971E /* DetailsLayout.swift */; };
		129D788E2694965700DA6757 /* LayoutAlignment.swift in Sources */ = {isa = PBXBuildFile; fileRef = 129D788D2694965700DA6757 /* LayoutAlignment.swift */; };
		12B69C8D265D10F600D047E3 /* CoverType.swift in Sources */ = {isa = PBXBuildFile; fileRef = 12B69C8C265D10F600D047E3 /* CoverType.swift */; };
		12F91CF1270E015900C92B28 /* ObjectDetails.swift in Sources */ = {isa = PBXBuildFile; fileRef = 12F91CF0270E015900C92B28 /* ObjectDetails.swift */; };
		3D00F1E1278DEBB900863D7C /* ObjectDetails+Parsing.swift in Sources */ = {isa = PBXBuildFile; fileRef = 3D00F1E0278DEBB900863D7C /* ObjectDetails+Parsing.swift */; };
		3D0BCABF26663B12002F7A0D /* InfoContainerProtocol.swift in Sources */ = {isa = PBXBuildFile; fileRef = 3D0BCABE26663B12002F7A0D /* InfoContainerProtocol.swift */; };
		3D0BCAE126666C0E002F7A0D /* BlockLink.swift in Sources */ = {isa = PBXBuildFile; fileRef = 3D0BCAE026666C0E002F7A0D /* BlockLink.swift */; };
		3D1606EA27BD406500CB20BD /* AmendExtension.swift in Sources */ = {isa = PBXBuildFile; fileRef = 3D1606E927BD406500CB20BD /* AmendExtension.swift */; };
		3D17023D2715C1FB0079B65B /* SyncStatus.swift in Sources */ = {isa = PBXBuildFile; fileRef = 3D17023C2715C1FB0079B65B /* SyncStatus.swift */; };
		3D1DE31527AC338F007BD545 /* ObjectRestrictionsContainer.swift in Sources */ = {isa = PBXBuildFile; fileRef = 3D1DE31427AC338F007BD545 /* ObjectRestrictionsContainer.swift */; };
		3D22B21526877D9300C78C28 /* BlockFileState.swift in Sources */ = {isa = PBXBuildFile; fileRef = 3D22B21426877D9300C78C28 /* BlockFileState.swift */; };
		3D22B2172687802800C78C28 /* BlockContentSmartblock.swift in Sources */ = {isa = PBXBuildFile; fileRef = 3D22B2162687802800C78C28 /* BlockContentSmartblock.swift */; };
		3D22B2192687804000C78C28 /* BlockFile.swift in Sources */ = {isa = PBXBuildFile; fileRef = 3D22B2182687804000C78C28 /* BlockFile.swift */; };
		3D22B21C2687809900C78C28 /* BlockContentDivider.swift in Sources */ = {isa = PBXBuildFile; fileRef = 3D22B21B2687809900C78C28 /* BlockContentDivider.swift */; };
		3D22B21E2687812F00C78C28 /* BlockContentBookmark.swift in Sources */ = {isa = PBXBuildFile; fileRef = 3D22B21D2687812F00C78C28 /* BlockContentBookmark.swift */; };
		3D22B220268781C300C78C28 /* BlockContentLayout.swift in Sources */ = {isa = PBXBuildFile; fileRef = 3D22B21F268781C300C78C28 /* BlockContentLayout.swift */; };
		3D30405A27D2113A00FFE0EB /* BlockInformation+Update.swift in Sources */ = {isa = PBXBuildFile; fileRef = 3D30405927D2113A00FFE0EB /* BlockInformation+Update.swift */; };
		3D30407C27D90D8900FFE0EB /* BlockInformation+Creation.swift in Sources */ = {isa = PBXBuildFile; fileRef = 3D30407B27D90D8900FFE0EB /* BlockInformation+Creation.swift */; };
		3D30415B27EA247300FFE0EB /* BlockDataViewAliases.swift in Sources */ = {isa = PBXBuildFile; fileRef = 3D30415A27EA247300FFE0EB /* BlockDataViewAliases.swift */; };
		3D30415F27EA24AB00FFE0EB /* DataviewViewRelation.swift in Sources */ = {isa = PBXBuildFile; fileRef = 3D30415E27EA24AB00FFE0EB /* DataviewViewRelation.swift */; };
		3D30416127EA24E500FFE0EB /* DataviewView.swift in Sources */ = {isa = PBXBuildFile; fileRef = 3D30416027EA24E400FFE0EB /* DataviewView.swift */; };
		3D30417A27EB240200FFE0EB /* DataviewViewType.swift in Sources */ = {isa = PBXBuildFile; fileRef = 3D30417927EB240200FFE0EB /* DataviewViewType.swift */; };
		3D43FD8526B14E9E0094D4C0 /* AnytypeCore.framework in Frameworks */ = {isa = PBXBuildFile; fileRef = 3D43FD8426B14E9E0094D4C0 /* AnytypeCore.framework */; };
		3D53F03326B300CE001A6EEE /* Google_Protobuf_Value+Entries.swift in Sources */ = {isa = PBXBuildFile; fileRef = 3D53F03226B300CE001A6EEE /* Google_Protobuf_Value+Entries.swift */; };
		3D6E9A3C270E11CA001B0A07 /* BlockPosition.swift in Sources */ = {isa = PBXBuildFile; fileRef = 3D6E9A3B270E11CA001B0A07 /* BlockPosition.swift */; };
		3D6E9A3E270E13B5001B0A07 /* FileContentType.swift in Sources */ = {isa = PBXBuildFile; fileRef = 3D6E9A3D270E13B5001B0A07 /* FileContentType.swift */; };
		3D6E9A5227102E30001B0A07 /* BlockTextStyle.swift in Sources */ = {isa = PBXBuildFile; fileRef = 3D6E9A5127102E30001B0A07 /* BlockTextStyle.swift */; };
		3DB1B31B27D0E2000058F7BA /* BlockInformationMetadata.swift in Sources */ = {isa = PBXBuildFile; fileRef = 3DB1B31A27D0E2000058F7BA /* BlockInformationMetadata.swift */; };
		3DB1B31D27D0E27F0058F7BA /* BlockInfromationExtension.swift in Sources */ = {isa = PBXBuildFile; fileRef = 3DB1B31C27D0E27F0058F7BA /* BlockInfromationExtension.swift */; };
		3DB1B32227D0F59A0058F7BA /* ChildrenInfoTreeBuilder.swift in Sources */ = {isa = PBXBuildFile; fileRef = 3DB1B32127D0F59A0058F7BA /* ChildrenInfoTreeBuilder.swift */; };
		3DB692B52697647700149864 /* MiddlewareColor.swift in Sources */ = {isa = PBXBuildFile; fileRef = 3DB692B42697647600149864 /* MiddlewareColor.swift */; };
		3DB7DCA82639DC0100635E4C /* ToggleStorage.swift in Sources */ = {isa = PBXBuildFile; fileRef = 3DB7DCA72639DC0100635E4C /* ToggleStorage.swift */; };
		3DB7DCAB2639DC7100635E4C /* InfoContainer.swift in Sources */ = {isa = PBXBuildFile; fileRef = 3DB7DCAA2639DC7100635E4C /* InfoContainer.swift */; };
		3DBED6A4266FC0FD00B9E9AB /* BlockContentIdentifiers.swift in Sources */ = {isa = PBXBuildFile; fileRef = 3DBED6A3266FC0FD00B9E9AB /* BlockContentIdentifiers.swift */; };
		3DE0B3282747BDC200F69376 /* BlockDataView.swift in Sources */ = {isa = PBXBuildFile; fileRef = 3DE0B3272747BDC200F69376 /* BlockDataView.swift */; };
		3DE511F926711E5C00153962 /* BlockText.swift in Sources */ = {isa = PBXBuildFile; fileRef = 3DE511F826711E5C00153962 /* BlockText.swift */; };
		531605C8272191EF0057B7C1 /* ObjectRestrictions.swift in Sources */ = {isa = PBXBuildFile; fileRef = 531605C7272191EF0057B7C1 /* ObjectRestrictions.swift */; };
		531605CA2721982E0057B7C1 /* MiddlewareObjectRestrictionsConverter.swift in Sources */ = {isa = PBXBuildFile; fileRef = 531605C92721982E0057B7C1 /* MiddlewareObjectRestrictionsConverter.swift */; };
		5345CED92745185800DC2DD9 /* RelationMetadataScope.swift in Sources */ = {isa = PBXBuildFile; fileRef = 12336DC42742A5C8001D4434 /* RelationMetadataScope.swift */; };
		535E02B627503B7500E1AF8C /* BlockRelation.swift in Sources */ = {isa = PBXBuildFile; fileRef = 535E02B527503B7500E1AF8C /* BlockRelation.swift */; };
		53856C06265BE1DB00CB1FAE /* ProtobufMessages.framework in Frameworks */ = {isa = PBXBuildFile; fileRef = 53856C05265BE1DB00CB1FAE /* ProtobufMessages.framework */; };
		C9BEC8482721CD15001C16E2 /* ObjectTemplateType.swift in Sources */ = {isa = PBXBuildFile; fileRef = C9BEC8472721CD15001C16E2 /* ObjectTemplateType.swift */; };
		C9F44C7D27E350B90078E709 /* BlockFieldBundledKey.swift in Sources */ = {isa = PBXBuildFile; fileRef = C9F44C7C27E350B90078E709 /* BlockFieldBundledKey.swift */; };
		EAC6BB6A2628B4AB004C8C06 /* BlockContentType.swift in Sources */ = {isa = PBXBuildFile; fileRef = EAC6BB692628B4AB004C8C06 /* BlockContentType.swift */; };
/* End PBXBuildFile section */

/* Begin PBXFileReference section */
		0A6D536825D9C99E002F3F82 /* BlocksModels.h */ = {isa = PBXFileReference; fileEncoding = 4; lastKnownFileType = sourcecode.c.h; path = BlocksModels.h; sourceTree = "<group>"; };
		0A6D536925D9C99E002F3F82 /* Info.plist */ = {isa = PBXFileReference; fileEncoding = 4; lastKnownFileType = text.plist.xml; path = Info.plist; sourceTree = "<group>"; };
		0A6D536C25D9C99E002F3F82 /* IndentationBuilder.swift */ = {isa = PBXFileReference; fileEncoding = 4; lastKnownFileType = sourcecode.swift; path = IndentationBuilder.swift; sourceTree = "<group>"; };
		0A6D537225D9C99E002F3F82 /* BlockContent.swift */ = {isa = PBXFileReference; fileEncoding = 4; lastKnownFileType = sourcecode.swift; path = BlockContent.swift; sourceTree = "<group>"; };
		0A6D537425D9C99E002F3F82 /* BlockInformation.swift */ = {isa = PBXFileReference; fileEncoding = 4; lastKnownFileType = sourcecode.swift; path = BlockInformation.swift; sourceTree = "<group>"; };
		0A6D537C25D9C99E002F3F82 /* Block+CommonStructures.swift */ = {isa = PBXFileReference; fileEncoding = 4; lastKnownFileType = sourcecode.swift; path = "Block+CommonStructures.swift"; sourceTree = "<group>"; };
		0A6D537D25D9C99E002F3F82 /* Aliases.swift */ = {isa = PBXFileReference; fileEncoding = 4; lastKnownFileType = sourcecode.swift; path = Aliases.swift; sourceTree = "<group>"; };
		0A7831D224B8672D00A1B6F6 /* BlocksModels.framework */ = {isa = PBXFileReference; explicitFileType = wrapper.framework; includeInIndex = 0; path = BlocksModels.framework; sourceTree = BUILT_PRODUCTS_DIR; };
		12206710273164360051A331 /* RelationsMetadataStorageProtocol.swift */ = {isa = PBXFileReference; lastKnownFileType = sourcecode.swift; path = RelationsMetadataStorageProtocol.swift; sourceTree = "<group>"; };
		12206712273164890051A331 /* RelationsMetadataStorage.swift */ = {isa = PBXFileReference; lastKnownFileType = sourcecode.swift; path = RelationsMetadataStorage.swift; sourceTree = "<group>"; };
		1223C91127282A2600C34616 /* BundledRelationsValueProvider.swift */ = {isa = PBXFileReference; lastKnownFileType = sourcecode.swift; path = BundledRelationsValueProvider.swift; sourceTree = "<group>"; };
		12336DC42742A5C8001D4434 /* RelationMetadataScope.swift */ = {isa = PBXFileReference; lastKnownFileType = sourcecode.swift; path = RelationMetadataScope.swift; sourceTree = "<group>"; };
		124A60B02712F9610012FD2D /* ObjectDetailsStorage.swift */ = {isa = PBXFileReference; lastKnownFileType = sourcecode.swift; path = ObjectDetailsStorage.swift; sourceTree = "<group>"; };
		124E2BC62731243D00A2D534 /* RelationMetadata.swift */ = {isa = PBXFileReference; lastKnownFileType = sourcecode.swift; path = RelationMetadata.swift; sourceTree = "<group>"; };
		124E2BC82731249600A2D534 /* RelationMetadataFormat.swift */ = {isa = PBXFileReference; lastKnownFileType = sourcecode.swift; path = RelationMetadataFormat.swift; sourceTree = "<group>"; };
		124E2BCC273125C400A2D534 /* RelationMetadataOption.swift */ = {isa = PBXFileReference; lastKnownFileType = sourcecode.swift; path = RelationMetadataOption.swift; sourceTree = "<group>"; };
		124E2BD727312BC600A2D534 /* RelationMetadataOptionScope.swift */ = {isa = PBXFileReference; lastKnownFileType = sourcecode.swift; path = RelationMetadataOptionScope.swift; sourceTree = "<group>"; };
		127D1E212722F7490050FCB7 /* BundledRelationKey.swift */ = {isa = PBXFileReference; lastKnownFileType = sourcecode.swift; path = BundledRelationKey.swift; sourceTree = "<group>"; };
		12883FDB268E10E6002B971E /* DetailsLayout.swift */ = {isa = PBXFileReference; lastKnownFileType = sourcecode.swift; path = DetailsLayout.swift; sourceTree = "<group>"; };
		129D788D2694965700DA6757 /* LayoutAlignment.swift */ = {isa = PBXFileReference; lastKnownFileType = sourcecode.swift; path = LayoutAlignment.swift; sourceTree = "<group>"; };
		12B69C8C265D10F600D047E3 /* CoverType.swift */ = {isa = PBXFileReference; lastKnownFileType = sourcecode.swift; path = CoverType.swift; sourceTree = "<group>"; };
		12F91CF0270E015900C92B28 /* ObjectDetails.swift */ = {isa = PBXFileReference; lastKnownFileType = sourcecode.swift; path = ObjectDetails.swift; sourceTree = "<group>"; };
		3D00F1E0278DEBB900863D7C /* ObjectDetails+Parsing.swift */ = {isa = PBXFileReference; lastKnownFileType = sourcecode.swift; path = "ObjectDetails+Parsing.swift"; sourceTree = "<group>"; };
		3D0BCABE26663B12002F7A0D /* InfoContainerProtocol.swift */ = {isa = PBXFileReference; lastKnownFileType = sourcecode.swift; path = InfoContainerProtocol.swift; sourceTree = "<group>"; };
		3D0BCAE026666C0E002F7A0D /* BlockLink.swift */ = {isa = PBXFileReference; lastKnownFileType = sourcecode.swift; path = BlockLink.swift; sourceTree = "<group>"; };
		3D1606E927BD406500CB20BD /* AmendExtension.swift */ = {isa = PBXFileReference; lastKnownFileType = sourcecode.swift; path = AmendExtension.swift; sourceTree = "<group>"; };
		3D17023C2715C1FB0079B65B /* SyncStatus.swift */ = {isa = PBXFileReference; lastKnownFileType = sourcecode.swift; path = SyncStatus.swift; sourceTree = "<group>"; };
		3D1DE31427AC338F007BD545 /* ObjectRestrictionsContainer.swift */ = {isa = PBXFileReference; lastKnownFileType = sourcecode.swift; path = ObjectRestrictionsContainer.swift; sourceTree = "<group>"; };
		3D22B21426877D9300C78C28 /* BlockFileState.swift */ = {isa = PBXFileReference; lastKnownFileType = sourcecode.swift; path = BlockFileState.swift; sourceTree = "<group>"; };
		3D22B2162687802800C78C28 /* BlockContentSmartblock.swift */ = {isa = PBXFileReference; lastKnownFileType = sourcecode.swift; path = BlockContentSmartblock.swift; sourceTree = "<group>"; };
		3D22B2182687804000C78C28 /* BlockFile.swift */ = {isa = PBXFileReference; lastKnownFileType = sourcecode.swift; path = BlockFile.swift; sourceTree = "<group>"; };
		3D22B21B2687809900C78C28 /* BlockContentDivider.swift */ = {isa = PBXFileReference; lastKnownFileType = sourcecode.swift; path = BlockContentDivider.swift; sourceTree = "<group>"; };
		3D22B21D2687812F00C78C28 /* BlockContentBookmark.swift */ = {isa = PBXFileReference; lastKnownFileType = sourcecode.swift; path = BlockContentBookmark.swift; sourceTree = "<group>"; };
		3D22B21F268781C300C78C28 /* BlockContentLayout.swift */ = {isa = PBXFileReference; lastKnownFileType = sourcecode.swift; path = BlockContentLayout.swift; sourceTree = "<group>"; };
		3D30405927D2113A00FFE0EB /* BlockInformation+Update.swift */ = {isa = PBXFileReference; lastKnownFileType = sourcecode.swift; path = "BlockInformation+Update.swift"; sourceTree = "<group>"; };
		3D30407B27D90D8900FFE0EB /* BlockInformation+Creation.swift */ = {isa = PBXFileReference; lastKnownFileType = sourcecode.swift; path = "BlockInformation+Creation.swift"; sourceTree = "<group>"; };
		3D30415A27EA247300FFE0EB /* BlockDataViewAliases.swift */ = {isa = PBXFileReference; lastKnownFileType = sourcecode.swift; path = BlockDataViewAliases.swift; sourceTree = "<group>"; };
		3D30415E27EA24AB00FFE0EB /* DataviewViewRelation.swift */ = {isa = PBXFileReference; lastKnownFileType = sourcecode.swift; path = DataviewViewRelation.swift; sourceTree = "<group>"; };
		3D30416027EA24E400FFE0EB /* DataviewView.swift */ = {isa = PBXFileReference; lastKnownFileType = sourcecode.swift; path = DataviewView.swift; sourceTree = "<group>"; };
		3D30417927EB240200FFE0EB /* DataviewViewType.swift */ = {isa = PBXFileReference; fileEncoding = 4; lastKnownFileType = sourcecode.swift; path = DataviewViewType.swift; sourceTree = "<group>"; };
		3D43FD8426B14E9E0094D4C0 /* AnytypeCore.framework */ = {isa = PBXFileReference; explicitFileType = wrapper.framework; path = AnytypeCore.framework; sourceTree = BUILT_PRODUCTS_DIR; };
		3D53F03226B300CE001A6EEE /* Google_Protobuf_Value+Entries.swift */ = {isa = PBXFileReference; fileEncoding = 4; lastKnownFileType = sourcecode.swift; path = "Google_Protobuf_Value+Entries.swift"; sourceTree = "<group>"; };
		3D6E9A3B270E11CA001B0A07 /* BlockPosition.swift */ = {isa = PBXFileReference; lastKnownFileType = sourcecode.swift; path = BlockPosition.swift; sourceTree = "<group>"; };
		3D6E9A3D270E13B5001B0A07 /* FileContentType.swift */ = {isa = PBXFileReference; lastKnownFileType = sourcecode.swift; path = FileContentType.swift; sourceTree = "<group>"; };
		3D6E9A5127102E30001B0A07 /* BlockTextStyle.swift */ = {isa = PBXFileReference; lastKnownFileType = sourcecode.swift; path = BlockTextStyle.swift; sourceTree = "<group>"; };
		3DB1B31A27D0E2000058F7BA /* BlockInformationMetadata.swift */ = {isa = PBXFileReference; lastKnownFileType = sourcecode.swift; path = BlockInformationMetadata.swift; sourceTree = "<group>"; };
		3DB1B31C27D0E27F0058F7BA /* BlockInfromationExtension.swift */ = {isa = PBXFileReference; lastKnownFileType = sourcecode.swift; path = BlockInfromationExtension.swift; sourceTree = "<group>"; };
		3DB1B32127D0F59A0058F7BA /* ChildrenInfoTreeBuilder.swift */ = {isa = PBXFileReference; fileEncoding = 4; lastKnownFileType = sourcecode.swift; path = ChildrenInfoTreeBuilder.swift; sourceTree = "<group>"; };
		3DB692B42697647600149864 /* MiddlewareColor.swift */ = {isa = PBXFileReference; lastKnownFileType = sourcecode.swift; path = MiddlewareColor.swift; sourceTree = "<group>"; };
		3DB7DCA72639DC0100635E4C /* ToggleStorage.swift */ = {isa = PBXFileReference; lastKnownFileType = sourcecode.swift; path = ToggleStorage.swift; sourceTree = "<group>"; };
		3DB7DCAA2639DC7100635E4C /* InfoContainer.swift */ = {isa = PBXFileReference; lastKnownFileType = sourcecode.swift; path = InfoContainer.swift; sourceTree = "<group>"; };
		3DBED6A3266FC0FD00B9E9AB /* BlockContentIdentifiers.swift */ = {isa = PBXFileReference; lastKnownFileType = sourcecode.swift; path = BlockContentIdentifiers.swift; sourceTree = "<group>"; };
		3DE0B3272747BDC200F69376 /* BlockDataView.swift */ = {isa = PBXFileReference; lastKnownFileType = sourcecode.swift; path = BlockDataView.swift; sourceTree = "<group>"; };
		3DE511F826711E5C00153962 /* BlockText.swift */ = {isa = PBXFileReference; lastKnownFileType = sourcecode.swift; path = BlockText.swift; sourceTree = "<group>"; };
		531605C7272191EF0057B7C1 /* ObjectRestrictions.swift */ = {isa = PBXFileReference; lastKnownFileType = sourcecode.swift; path = ObjectRestrictions.swift; sourceTree = "<group>"; };
		531605C92721982E0057B7C1 /* MiddlewareObjectRestrictionsConverter.swift */ = {isa = PBXFileReference; lastKnownFileType = sourcecode.swift; path = MiddlewareObjectRestrictionsConverter.swift; sourceTree = "<group>"; };
		535E02B527503B7500E1AF8C /* BlockRelation.swift */ = {isa = PBXFileReference; lastKnownFileType = sourcecode.swift; path = BlockRelation.swift; sourceTree = "<group>"; };
		53856C05265BE1DB00CB1FAE /* ProtobufMessages.framework */ = {isa = PBXFileReference; explicitFileType = wrapper.framework; path = ProtobufMessages.framework; sourceTree = BUILT_PRODUCTS_DIR; };
		C9BEC8472721CD15001C16E2 /* ObjectTemplateType.swift */ = {isa = PBXFileReference; lastKnownFileType = sourcecode.swift; path = ObjectTemplateType.swift; sourceTree = "<group>"; };
		C9F44C7C27E350B90078E709 /* BlockFieldBundledKey.swift */ = {isa = PBXFileReference; lastKnownFileType = sourcecode.swift; path = BlockFieldBundledKey.swift; sourceTree = "<group>"; };
		EAC6BB692628B4AB004C8C06 /* BlockContentType.swift */ = {isa = PBXFileReference; lastKnownFileType = sourcecode.swift; path = BlockContentType.swift; sourceTree = "<group>"; };
/* End PBXFileReference section */

/* Begin PBXFrameworksBuildPhase section */
		0A7831CF24B8672D00A1B6F6 /* Frameworks */ = {
			isa = PBXFrameworksBuildPhase;
			buildActionMask = 2147483647;
			files = (
				3D43FD8526B14E9E0094D4C0 /* AnytypeCore.framework in Frameworks */,
				53856C06265BE1DB00CB1FAE /* ProtobufMessages.framework in Frameworks */,
			);
			runOnlyForDeploymentPostprocessing = 0;
		};
/* End PBXFrameworksBuildPhase section */

/* Begin PBXGroup section */
		0A6D536725D9C99E002F3F82 /* Targets */ = {
			isa = PBXGroup;
			children = (
				0A6D536825D9C99E002F3F82 /* BlocksModels.h */,
				0A6D536925D9C99E002F3F82 /* Info.plist */,
			);
			path = Targets;
			sourceTree = "<group>";
		};
		0A6D536A25D9C99E002F3F82 /* Sources */ = {
			isa = PBXGroup;
			children = (
				3D17023C2715C1FB0079B65B /* SyncStatus.swift */,
				3D00F1DF278DEBA200863D7C /* Extensions */,
				531605C6272191440057B7C1 /* ObjectRestrictions */,
				127D1E202722F7340050FCB7 /* Relations */,
				12F91CE7270DFDE000C92B28 /* Details */,
				0A6D537D25D9C99E002F3F82 /* Aliases.swift */,
				129D788C2694964800DA6757 /* Common */,
				3D70BF1E261B0551008CED9E /* Block */,
			);
			path = Sources;
			sourceTree = "<group>";
		};
		0A7831C824B8672D00A1B6F6 = {
			isa = PBXGroup;
			children = (
				0A6D536A25D9C99E002F3F82 /* Sources */,
				0A6D536725D9C99E002F3F82 /* Targets */,
				0A7831D324B8672D00A1B6F6 /* Products */,
				53856BE0265BC19400CB1FAE /* Frameworks */,
			);
			sourceTree = "<group>";
		};
		0A7831D324B8672D00A1B6F6 /* Products */ = {
			isa = PBXGroup;
			children = (
				0A7831D224B8672D00A1B6F6 /* BlocksModels.framework */,
			);
			name = Products;
			sourceTree = "<group>";
		};
		120AC2612747C97100330D7B /* RelationMetadata */ = {
			isa = PBXGroup;
			children = (
				124E2BC62731243D00A2D534 /* RelationMetadata.swift */,
				12336DC42742A5C8001D4434 /* RelationMetadataScope.swift */,
				124E2BC82731249600A2D534 /* RelationMetadataFormat.swift */,
				124E2BCC273125C400A2D534 /* RelationMetadataOption.swift */,
				124E2BD727312BC600A2D534 /* RelationMetadataOptionScope.swift */,
			);
			path = RelationMetadata;
			sourceTree = "<group>";
		};
		1220670F273164190051A331 /* Storage */ = {
			isa = PBXGroup;
			children = (
				3D53F03226B300CE001A6EEE /* Google_Protobuf_Value+Entries.swift */,
				12206710273164360051A331 /* RelationsMetadataStorageProtocol.swift */,
				12206712273164890051A331 /* RelationsMetadataStorage.swift */,
			);
			path = Storage;
			sourceTree = "<group>";
		};
		127D1E202722F7340050FCB7 /* Relations */ = {
			isa = PBXGroup;
			children = (
				120AC2612747C97100330D7B /* RelationMetadata */,
				1220670F273164190051A331 /* Storage */,
				127D1E212722F7490050FCB7 /* BundledRelationKey.swift */,
				1223C91127282A2600C34616 /* BundledRelationsValueProvider.swift */,
			);
			path = Relations;
			sourceTree = "<group>";
		};
		129D788C2694964800DA6757 /* Common */ = {
			isa = PBXGroup;
			children = (
				129D788D2694965700DA6757 /* LayoutAlignment.swift */,
			);
			path = Common;
			sourceTree = "<group>";
		};
		12B69C8B265D10E600D047E3 /* Entities */ = {
			isa = PBXGroup;
			children = (
				C9BEC8472721CD15001C16E2 /* ObjectTemplateType.swift */,
				12B69C8C265D10F600D047E3 /* CoverType.swift */,
				12883FDB268E10E6002B971E /* DetailsLayout.swift */,
			);
			path = Entities;
			sourceTree = "<group>";
		};
		12F12E89271DA702000BAC24 /* Storage */ = {
			isa = PBXGroup;
			children = (
				124A60B02712F9610012FD2D /* ObjectDetailsStorage.swift */,
			);
			path = Storage;
			sourceTree = "<group>";
		};
		12F91CE7270DFDE000C92B28 /* Details */ = {
			isa = PBXGroup;
			children = (
				12F91CF0270E015900C92B28 /* ObjectDetails.swift */,
				12F12E89271DA702000BAC24 /* Storage */,
				12B69C8B265D10E600D047E3 /* Entities */,
			);
			path = Details;
			sourceTree = "<group>";
		};
		3D00F1DF278DEBA200863D7C /* Extensions */ = {
			isa = PBXGroup;
			children = (
				3D00F1E0278DEBB900863D7C /* ObjectDetails+Parsing.swift */,
				3D1606E927BD406500CB20BD /* AmendExtension.swift */,
			);
			path = Extensions;
			sourceTree = "<group>";
		};
		3D0BCADF26666BE9002F7A0D /* BlockContent */ = {
			isa = PBXGroup;
			children = (
				3D22B21A2687808800C78C28 /* Content */,
				0A6D537225D9C99E002F3F82 /* BlockContent.swift */,
			);
			path = BlockContent;
			sourceTree = "<group>";
		};
		3D22B21A2687808800C78C28 /* Content */ = {
			isa = PBXGroup;
			children = (
				3D30415927EA240700FFE0EB /* DataView */,
				3D6E9A5027102E25001B0A07 /* Text */,
				3D22B2182687804000C78C28 /* BlockFile.swift */,
				3D0BCAE026666C0E002F7A0D /* BlockLink.swift */,
				3D22B21426877D9300C78C28 /* BlockFileState.swift */,
				3D22B2162687802800C78C28 /* BlockContentSmartblock.swift */,
				3D22B21B2687809900C78C28 /* BlockContentDivider.swift */,
				3D22B21D2687812F00C78C28 /* BlockContentBookmark.swift */,
				3D22B21F268781C300C78C28 /* BlockContentLayout.swift */,
				535E02B527503B7500E1AF8C /* BlockRelation.swift */,
			);
			path = Content;
			sourceTree = "<group>";
		};
		3D30415927EA240700FFE0EB /* DataView */ = {
			isa = PBXGroup;
			children = (
				3D30417927EB240200FFE0EB /* DataviewViewType.swift */,
				3D30415A27EA247300FFE0EB /* BlockDataViewAliases.swift */,
				3D30415E27EA24AB00FFE0EB /* DataviewViewRelation.swift */,
				3D30416027EA24E400FFE0EB /* DataviewView.swift */,
				3DE0B3272747BDC200F69376 /* BlockDataView.swift */,
			);
			path = DataView;
			sourceTree = "<group>";
		};
		3D6E9A3A270E11BE001B0A07 /* Common */ = {
			isa = PBXGroup;
			children = (
				3DB7DCA72639DC0100635E4C /* ToggleStorage.swift */,
				3D6E9A3B270E11CA001B0A07 /* BlockPosition.swift */,
				3D6E9A3D270E13B5001B0A07 /* FileContentType.swift */,
			);
			path = Common;
			sourceTree = "<group>";
		};
		3D6E9A5027102E25001B0A07 /* Text */ = {
			isa = PBXGroup;
			children = (
				3DE511F826711E5C00153962 /* BlockText.swift */,
				3D6E9A5127102E30001B0A07 /* BlockTextStyle.swift */,
			);
			path = Text;
			sourceTree = "<group>";
		};
		3D70BF1E261B0551008CED9E /* Block */ = {
			isa = PBXGroup;
			children = (
				3D6E9A3A270E11BE001B0A07 /* Common */,
				3DBED6A2266FC0EB00B9E9AB /* Utils */,
				3DAAEF9626668CC900FA067E /* BlockInformation */,
				3D0BCADF26666BE9002F7A0D /* BlockContent */,
				3DB7DCA22639DBCD00635E4C /* BlockContainer */,
				0A6D536C25D9C99E002F3F82 /* IndentationBuilder.swift */,
				0A6D537C25D9C99E002F3F82 /* Block+CommonStructures.swift */,
				EAC6BB692628B4AB004C8C06 /* BlockContentType.swift */,
				C9F44C7C27E350B90078E709 /* BlockFieldBundledKey.swift */,
			);
			path = Block;
			sourceTree = "<group>";
		};
		3DAAEF9626668CC900FA067E /* BlockInformation */ = {
			isa = PBXGroup;
			children = (
				0A6D537425D9C99E002F3F82 /* BlockInformation.swift */,
				3D30405927D2113A00FFE0EB /* BlockInformation+Update.swift */,
				3DB692B42697647600149864 /* MiddlewareColor.swift */,
				3DB1B31A27D0E2000058F7BA /* BlockInformationMetadata.swift */,
				3DB1B31C27D0E27F0058F7BA /* BlockInfromationExtension.swift */,
				3D30407B27D90D8900FFE0EB /* BlockInformation+Creation.swift */,
			);
			path = BlockInformation;
			sourceTree = "<group>";
		};
		3DB7DCA22639DBCD00635E4C /* BlockContainer */ = {
			isa = PBXGroup;
			children = (
				3DB1B32127D0F59A0058F7BA /* ChildrenInfoTreeBuilder.swift */,
				3DB7DCAA2639DC7100635E4C /* InfoContainer.swift */,
				3D0BCABE26663B12002F7A0D /* InfoContainerProtocol.swift */,
			);
			path = BlockContainer;
			sourceTree = "<group>";
		};
		3DBED6A2266FC0EB00B9E9AB /* Utils */ = {
			isa = PBXGroup;
			children = (
				3DBED6A3266FC0FD00B9E9AB /* BlockContentIdentifiers.swift */,
			);
			path = Utils;
			sourceTree = "<group>";
		};
		531605C6272191440057B7C1 /* ObjectRestrictions */ = {
			isa = PBXGroup;
			children = (
				531605C7272191EF0057B7C1 /* ObjectRestrictions.swift */,
				531605C92721982E0057B7C1 /* MiddlewareObjectRestrictionsConverter.swift */,
				3D1DE31427AC338F007BD545 /* ObjectRestrictionsContainer.swift */,
			);
			path = ObjectRestrictions;
			sourceTree = "<group>";
		};
		53856BE0265BC19400CB1FAE /* Frameworks */ = {
			isa = PBXGroup;
			children = (
				3D43FD8426B14E9E0094D4C0 /* AnytypeCore.framework */,
				53856C05265BE1DB00CB1FAE /* ProtobufMessages.framework */,
			);
			name = Frameworks;
			sourceTree = "<group>";
		};
/* End PBXGroup section */

/* Begin PBXHeadersBuildPhase section */
		0A7831CD24B8672D00A1B6F6 /* Headers */ = {
			isa = PBXHeadersBuildPhase;
			buildActionMask = 2147483647;
			files = (
				0A6D538925D9C99F002F3F82 /* BlocksModels.h in Headers */,
			);
			runOnlyForDeploymentPostprocessing = 0;
		};
/* End PBXHeadersBuildPhase section */

/* Begin PBXNativeTarget section */
		0A7831D124B8672D00A1B6F6 /* BlocksModels */ = {
			isa = PBXNativeTarget;
			buildConfigurationList = 0A7831DA24B8672D00A1B6F6 /* Build configuration list for PBXNativeTarget "BlocksModels" */;
			buildPhases = (
				0A7831CD24B8672D00A1B6F6 /* Headers */,
				0A7831CE24B8672D00A1B6F6 /* Sources */,
				0A7831CF24B8672D00A1B6F6 /* Frameworks */,
				0A7831D024B8672D00A1B6F6 /* Resources */,
			);
			buildRules = (
			);
			dependencies = (
			);
			name = BlocksModels;
			packageProductDependencies = (
			);
			productName = BlocksModels;
			productReference = 0A7831D224B8672D00A1B6F6 /* BlocksModels.framework */;
			productType = "com.apple.product-type.framework";
		};
/* End PBXNativeTarget section */

/* Begin PBXProject section */
		0A7831C924B8672D00A1B6F6 /* Project object */ = {
			isa = PBXProject;
			attributes = {
				LastUpgradeCheck = 1200;
				ORGANIZATIONNAME = Anytype;
				TargetAttributes = {
					0A7831D124B8672D00A1B6F6 = {
						CreatedOnToolsVersion = 11.5;
						LastSwiftMigration = 1150;
					};
				};
			};
			buildConfigurationList = 0A7831CC24B8672D00A1B6F6 /* Build configuration list for PBXProject "BlocksModels" */;
			compatibilityVersion = "Xcode 9.3";
			developmentRegion = en;
			hasScannedForEncodings = 0;
			knownRegions = (
				en,
				Base,
			);
			mainGroup = 0A7831C824B8672D00A1B6F6;
			packageReferences = (
			);
			productRefGroup = 0A7831D324B8672D00A1B6F6 /* Products */;
			projectDirPath = "";
			projectRoot = "";
			targets = (
				0A7831D124B8672D00A1B6F6 /* BlocksModels */,
			);
		};
/* End PBXProject section */

/* Begin PBXResourcesBuildPhase section */
		0A7831D024B8672D00A1B6F6 /* Resources */ = {
			isa = PBXResourcesBuildPhase;
			buildActionMask = 2147483647;
			files = (
			);
			runOnlyForDeploymentPostprocessing = 0;
		};
/* End PBXResourcesBuildPhase section */

/* Begin PBXSourcesBuildPhase section */
		0A7831CE24B8672D00A1B6F6 /* Sources */ = {
			isa = PBXSourcesBuildPhase;
			buildActionMask = 2147483647;
			files = (
				3D1606EA27BD406500CB20BD /* AmendExtension.swift in Sources */,
				C9BEC8482721CD15001C16E2 /* ObjectTemplateType.swift in Sources */,
				535E02B627503B7500E1AF8C /* BlockRelation.swift in Sources */,
				3D6E9A3C270E11CA001B0A07 /* BlockPosition.swift in Sources */,
				0A6D539425D9C99F002F3F82 /* BlockInformation.swift in Sources */,
				12883FDC268E10E6002B971E /* DetailsLayout.swift in Sources */,
				124E2BD827312BC600A2D534 /* RelationMetadataOptionScope.swift in Sources */,
				3D00F1E1278DEBB900863D7C /* ObjectDetails+Parsing.swift in Sources */,
				3DB7DCA82639DC0100635E4C /* ToggleStorage.swift in Sources */,
				3DB1B31B27D0E2000058F7BA /* BlockInformationMetadata.swift in Sources */,
				12F91CF1270E015900C92B28 /* ObjectDetails.swift in Sources */,
				3D30405A27D2113A00FFE0EB /* BlockInformation+Update.swift in Sources */,
				3DB1B32227D0F59A0058F7BA /* ChildrenInfoTreeBuilder.swift in Sources */,
				1223C91227282A2600C34616 /* BundledRelationsValueProvider.swift in Sources */,
				3D1DE31527AC338F007BD545 /* ObjectRestrictionsContainer.swift in Sources */,
				3DB1B31D27D0E27F0058F7BA /* BlockInfromationExtension.swift in Sources */,
				5345CED92745185800DC2DD9 /* RelationMetadataScope.swift in Sources */,
				3D6E9A3E270E13B5001B0A07 /* FileContentType.swift in Sources */,
				3DE511F926711E5C00153962 /* BlockText.swift in Sources */,
				C9F44C7D27E350B90078E709 /* BlockFieldBundledKey.swift in Sources */,
				3D22B21526877D9300C78C28 /* BlockFileState.swift in Sources */,
				3D22B21C2687809900C78C28 /* BlockContentDivider.swift in Sources */,
				3DE0B3282747BDC200F69376 /* BlockDataView.swift in Sources */,
				3D0BCABF26663B12002F7A0D /* InfoContainerProtocol.swift in Sources */,
				3DBED6A4266FC0FD00B9E9AB /* BlockContentIdentifiers.swift in Sources */,
				12206711273164360051A331 /* RelationsMetadataStorageProtocol.swift in Sources */,
				3DB692B52697647700149864 /* MiddlewareColor.swift in Sources */,
				12B69C8D265D10F600D047E3 /* CoverType.swift in Sources */,
				127D1E222722F7490050FCB7 /* BundledRelationKey.swift in Sources */,
				3DB7DCAB2639DC7100635E4C /* InfoContainer.swift in Sources */,
				3D22B2192687804000C78C28 /* BlockFile.swift in Sources */,
				3D22B220268781C300C78C28 /* BlockContentLayout.swift in Sources */,
				531605C8272191EF0057B7C1 /* ObjectRestrictions.swift in Sources */,
				129D788E2694965700DA6757 /* LayoutAlignment.swift in Sources */,
				3D53F03326B300CE001A6EEE /* Google_Protobuf_Value+Entries.swift in Sources */,
				3D22B21E2687812F00C78C28 /* BlockContentBookmark.swift in Sources */,
				3D30416127EA24E500FFE0EB /* DataviewView.swift in Sources */,
				0A6D539C25D9C99F002F3F82 /* Block+CommonStructures.swift in Sources */,
				3D30415F27EA24AB00FFE0EB /* DataviewViewRelation.swift in Sources */,
				124E2BC72731243D00A2D534 /* RelationMetadata.swift in Sources */,
				0A6D539D25D9C99F002F3F82 /* Aliases.swift in Sources */,
				EAC6BB6A2628B4AB004C8C06 /* BlockContentType.swift in Sources */,
				124A60B12712F9610012FD2D /* ObjectDetailsStorage.swift in Sources */,
				3D6E9A5227102E30001B0A07 /* BlockTextStyle.swift in Sources */,
				3D0BCAE126666C0E002F7A0D /* BlockLink.swift in Sources */,
				12206713273164890051A331 /* RelationsMetadataStorage.swift in Sources */,
				531605CA2721982E0057B7C1 /* MiddlewareObjectRestrictionsConverter.swift in Sources */,
				124E2BC92731249600A2D534 /* RelationMetadataFormat.swift in Sources */,
				124E2BCD273125C400A2D534 /* RelationMetadataOption.swift in Sources */,
				3D30415B27EA247300FFE0EB /* BlockDataViewAliases.swift in Sources */,
				3D17023D2715C1FB0079B65B /* SyncStatus.swift in Sources */,
				3D30417A27EB240200FFE0EB /* DataviewViewType.swift in Sources */,
				3D22B2172687802800C78C28 /* BlockContentSmartblock.swift in Sources */,
				0A6D538C25D9C99F002F3F82 /* IndentationBuilder.swift in Sources */,
				3D30407C27D90D8900FFE0EB /* BlockInformation+Creation.swift in Sources */,
				0A6D539225D9C99F002F3F82 /* BlockContent.swift in Sources */,
			);
			runOnlyForDeploymentPostprocessing = 0;
		};
/* End PBXSourcesBuildPhase section */

/* Begin XCBuildConfiguration section */
		0A7831D824B8672D00A1B6F6 /* Debug */ = {
			isa = XCBuildConfiguration;
			buildSettings = {
				ALWAYS_SEARCH_USER_PATHS = NO;
				CLANG_ANALYZER_NONNULL = YES;
				CLANG_ANALYZER_NUMBER_OBJECT_CONVERSION = YES_AGGRESSIVE;
				CLANG_CXX_LANGUAGE_STANDARD = "gnu++14";
				CLANG_CXX_LIBRARY = "libc++";
				CLANG_ENABLE_MODULES = YES;
				CLANG_ENABLE_OBJC_ARC = YES;
				CLANG_ENABLE_OBJC_WEAK = YES;
				CLANG_WARN_BLOCK_CAPTURE_AUTORELEASING = YES;
				CLANG_WARN_BOOL_CONVERSION = YES;
				CLANG_WARN_COMMA = YES;
				CLANG_WARN_CONSTANT_CONVERSION = YES;
				CLANG_WARN_DEPRECATED_OBJC_IMPLEMENTATIONS = YES;
				CLANG_WARN_DIRECT_OBJC_ISA_USAGE = YES_ERROR;
				CLANG_WARN_DOCUMENTATION_COMMENTS = YES;
				CLANG_WARN_EMPTY_BODY = YES;
				CLANG_WARN_ENUM_CONVERSION = YES;
				CLANG_WARN_INFINITE_RECURSION = YES;
				CLANG_WARN_INT_CONVERSION = YES;
				CLANG_WARN_NON_LITERAL_NULL_CONVERSION = YES;
				CLANG_WARN_OBJC_IMPLICIT_RETAIN_SELF = YES;
				CLANG_WARN_OBJC_LITERAL_CONVERSION = YES;
				CLANG_WARN_OBJC_ROOT_CLASS = YES_ERROR;
				CLANG_WARN_QUOTED_INCLUDE_IN_FRAMEWORK_HEADER = YES;
				CLANG_WARN_RANGE_LOOP_ANALYSIS = YES;
				CLANG_WARN_STRICT_PROTOTYPES = YES;
				CLANG_WARN_SUSPICIOUS_MOVE = YES;
				CLANG_WARN_UNGUARDED_AVAILABILITY = YES_AGGRESSIVE;
				CLANG_WARN_UNREACHABLE_CODE = YES;
				CLANG_WARN__DUPLICATE_METHOD_MATCH = YES;
				COPY_PHASE_STRIP = NO;
				CURRENT_PROJECT_VERSION = 1;
				DEBUG_INFORMATION_FORMAT = dwarf;
				ENABLE_STRICT_OBJC_MSGSEND = YES;
				ENABLE_TESTABILITY = YES;
				GCC_C_LANGUAGE_STANDARD = gnu11;
				GCC_DYNAMIC_NO_PIC = NO;
				GCC_NO_COMMON_BLOCKS = YES;
				GCC_OPTIMIZATION_LEVEL = 0;
				GCC_PREPROCESSOR_DEFINITIONS = (
					"DEBUG=1",
					"$(inherited)",
				);
				GCC_WARN_64_TO_32_BIT_CONVERSION = YES;
				GCC_WARN_ABOUT_RETURN_TYPE = YES_ERROR;
				GCC_WARN_UNDECLARED_SELECTOR = YES;
				GCC_WARN_UNINITIALIZED_AUTOS = YES_AGGRESSIVE;
				GCC_WARN_UNUSED_FUNCTION = YES;
				GCC_WARN_UNUSED_VARIABLE = YES;
				IPHONEOS_DEPLOYMENT_TARGET = 14.0;
				MTL_ENABLE_DEBUG_INFO = INCLUDE_SOURCE;
				MTL_FAST_MATH = YES;
				ONLY_ACTIVE_ARCH = YES;
				SDKROOT = iphoneos;
				SWIFT_ACTIVE_COMPILATION_CONDITIONS = DEBUG;
				SWIFT_OPTIMIZATION_LEVEL = "-Onone";
				VERSIONING_SYSTEM = "apple-generic";
				VERSION_INFO_PREFIX = "";
			};
			name = Debug;
		};
		0A7831D924B8672D00A1B6F6 /* Release */ = {
			isa = XCBuildConfiguration;
			buildSettings = {
				ALWAYS_SEARCH_USER_PATHS = NO;
				CLANG_ANALYZER_NONNULL = YES;
				CLANG_ANALYZER_NUMBER_OBJECT_CONVERSION = YES_AGGRESSIVE;
				CLANG_CXX_LANGUAGE_STANDARD = "gnu++14";
				CLANG_CXX_LIBRARY = "libc++";
				CLANG_ENABLE_MODULES = YES;
				CLANG_ENABLE_OBJC_ARC = YES;
				CLANG_ENABLE_OBJC_WEAK = YES;
				CLANG_WARN_BLOCK_CAPTURE_AUTORELEASING = YES;
				CLANG_WARN_BOOL_CONVERSION = YES;
				CLANG_WARN_COMMA = YES;
				CLANG_WARN_CONSTANT_CONVERSION = YES;
				CLANG_WARN_DEPRECATED_OBJC_IMPLEMENTATIONS = YES;
				CLANG_WARN_DIRECT_OBJC_ISA_USAGE = YES_ERROR;
				CLANG_WARN_DOCUMENTATION_COMMENTS = YES;
				CLANG_WARN_EMPTY_BODY = YES;
				CLANG_WARN_ENUM_CONVERSION = YES;
				CLANG_WARN_INFINITE_RECURSION = YES;
				CLANG_WARN_INT_CONVERSION = YES;
				CLANG_WARN_NON_LITERAL_NULL_CONVERSION = YES;
				CLANG_WARN_OBJC_IMPLICIT_RETAIN_SELF = YES;
				CLANG_WARN_OBJC_LITERAL_CONVERSION = YES;
				CLANG_WARN_OBJC_ROOT_CLASS = YES_ERROR;
				CLANG_WARN_QUOTED_INCLUDE_IN_FRAMEWORK_HEADER = YES;
				CLANG_WARN_RANGE_LOOP_ANALYSIS = YES;
				CLANG_WARN_STRICT_PROTOTYPES = YES;
				CLANG_WARN_SUSPICIOUS_MOVE = YES;
				CLANG_WARN_UNGUARDED_AVAILABILITY = YES_AGGRESSIVE;
				CLANG_WARN_UNREACHABLE_CODE = YES;
				CLANG_WARN__DUPLICATE_METHOD_MATCH = YES;
				COPY_PHASE_STRIP = NO;
				CURRENT_PROJECT_VERSION = 1;
				DEBUG_INFORMATION_FORMAT = "dwarf-with-dsym";
				ENABLE_NS_ASSERTIONS = NO;
				ENABLE_STRICT_OBJC_MSGSEND = YES;
				GCC_C_LANGUAGE_STANDARD = gnu11;
				GCC_NO_COMMON_BLOCKS = YES;
				GCC_WARN_64_TO_32_BIT_CONVERSION = YES;
				GCC_WARN_ABOUT_RETURN_TYPE = YES_ERROR;
				GCC_WARN_UNDECLARED_SELECTOR = YES;
				GCC_WARN_UNINITIALIZED_AUTOS = YES_AGGRESSIVE;
				GCC_WARN_UNUSED_FUNCTION = YES;
				GCC_WARN_UNUSED_VARIABLE = YES;
				IPHONEOS_DEPLOYMENT_TARGET = 14.0;
				MTL_ENABLE_DEBUG_INFO = NO;
				MTL_FAST_MATH = YES;
				SDKROOT = iphoneos;
				SWIFT_COMPILATION_MODE = wholemodule;
				SWIFT_OPTIMIZATION_LEVEL = "-O";
				VALIDATE_PRODUCT = YES;
				VERSIONING_SYSTEM = "apple-generic";
				VERSION_INFO_PREFIX = "";
			};
			name = Release;
		};
		0A7831DB24B8672D00A1B6F6 /* Debug */ = {
			isa = XCBuildConfiguration;
			buildSettings = {
				CLANG_ENABLE_MODULES = YES;
				CODE_SIGN_STYLE = Manual;
				DEFINES_MODULE = YES;
				DEVELOPMENT_TEAM = "";
				DYLIB_COMPATIBILITY_VERSION = 1;
				DYLIB_CURRENT_VERSION = 1;
				DYLIB_INSTALL_NAME_BASE = "@rpath";
				ENABLE_BITCODE = YES;
				INFOPLIST_FILE = Targets/Info.plist;
				INSTALL_PATH = "$(LOCAL_LIBRARY_DIR)/Frameworks";
				LD_RUNPATH_SEARCH_PATHS = (
					"$(inherited)",
					"@executable_path/Frameworks",
					"@loader_path/Frameworks",
				);
				PRODUCT_BUNDLE_IDENTIFIER = com.anytypeio.anytype.BlocksModels;
				PRODUCT_NAME = "$(TARGET_NAME:c99extidentifier)";
				PROVISIONING_PROFILE_SPECIFIER = "";
				"PROVISIONING_PROFILE_SPECIFIER[sdk=macosx*]" = "";
				SKIP_INSTALL = YES;
				SWIFT_OPTIMIZATION_LEVEL = "-Onone";
				SWIFT_VERSION = 5.0;
				TARGETED_DEVICE_FAMILY = "1,2";
			};
			name = Debug;
		};
		0A7831DC24B8672D00A1B6F6 /* Release */ = {
			isa = XCBuildConfiguration;
			buildSettings = {
				CLANG_ENABLE_MODULES = YES;
				CODE_SIGN_STYLE = Manual;
				DEFINES_MODULE = YES;
				DEVELOPMENT_TEAM = "";
				DYLIB_COMPATIBILITY_VERSION = 1;
				DYLIB_CURRENT_VERSION = 1;
				DYLIB_INSTALL_NAME_BASE = "@rpath";
				ENABLE_BITCODE = YES;
				INFOPLIST_FILE = Targets/Info.plist;
				INSTALL_PATH = "$(LOCAL_LIBRARY_DIR)/Frameworks";
				LD_RUNPATH_SEARCH_PATHS = (
					"$(inherited)",
					"@executable_path/Frameworks",
					"@loader_path/Frameworks",
				);
				PRODUCT_BUNDLE_IDENTIFIER = com.anytypeio.anytype.BlocksModels;
				PRODUCT_NAME = "$(TARGET_NAME:c99extidentifier)";
				PROVISIONING_PROFILE_SPECIFIER = "";
				"PROVISIONING_PROFILE_SPECIFIER[sdk=macosx*]" = "";
				SKIP_INSTALL = YES;
				SWIFT_VERSION = 5.0;
				TARGETED_DEVICE_FAMILY = "1,2";
			};
			name = Release;
		};
		126745922697012F002132F3 /* Dev-Release */ = {
			isa = XCBuildConfiguration;
			buildSettings = {
				ALWAYS_SEARCH_USER_PATHS = NO;
				CLANG_ANALYZER_NONNULL = YES;
				CLANG_ANALYZER_NUMBER_OBJECT_CONVERSION = YES_AGGRESSIVE;
				CLANG_CXX_LANGUAGE_STANDARD = "gnu++14";
				CLANG_CXX_LIBRARY = "libc++";
				CLANG_ENABLE_MODULES = YES;
				CLANG_ENABLE_OBJC_ARC = YES;
				CLANG_ENABLE_OBJC_WEAK = YES;
				CLANG_WARN_BLOCK_CAPTURE_AUTORELEASING = YES;
				CLANG_WARN_BOOL_CONVERSION = YES;
				CLANG_WARN_COMMA = YES;
				CLANG_WARN_CONSTANT_CONVERSION = YES;
				CLANG_WARN_DEPRECATED_OBJC_IMPLEMENTATIONS = YES;
				CLANG_WARN_DIRECT_OBJC_ISA_USAGE = YES_ERROR;
				CLANG_WARN_DOCUMENTATION_COMMENTS = YES;
				CLANG_WARN_EMPTY_BODY = YES;
				CLANG_WARN_ENUM_CONVERSION = YES;
				CLANG_WARN_INFINITE_RECURSION = YES;
				CLANG_WARN_INT_CONVERSION = YES;
				CLANG_WARN_NON_LITERAL_NULL_CONVERSION = YES;
				CLANG_WARN_OBJC_IMPLICIT_RETAIN_SELF = YES;
				CLANG_WARN_OBJC_LITERAL_CONVERSION = YES;
				CLANG_WARN_OBJC_ROOT_CLASS = YES_ERROR;
				CLANG_WARN_QUOTED_INCLUDE_IN_FRAMEWORK_HEADER = YES;
				CLANG_WARN_RANGE_LOOP_ANALYSIS = YES;
				CLANG_WARN_STRICT_PROTOTYPES = YES;
				CLANG_WARN_SUSPICIOUS_MOVE = YES;
				CLANG_WARN_UNGUARDED_AVAILABILITY = YES_AGGRESSIVE;
				CLANG_WARN_UNREACHABLE_CODE = YES;
				CLANG_WARN__DUPLICATE_METHOD_MATCH = YES;
				COPY_PHASE_STRIP = NO;
				CURRENT_PROJECT_VERSION = 1;
				DEBUG_INFORMATION_FORMAT = "dwarf-with-dsym";
				ENABLE_NS_ASSERTIONS = NO;
				ENABLE_STRICT_OBJC_MSGSEND = YES;
				GCC_C_LANGUAGE_STANDARD = gnu11;
				GCC_NO_COMMON_BLOCKS = YES;
				GCC_WARN_64_TO_32_BIT_CONVERSION = YES;
				GCC_WARN_ABOUT_RETURN_TYPE = YES_ERROR;
				GCC_WARN_UNDECLARED_SELECTOR = YES;
				GCC_WARN_UNINITIALIZED_AUTOS = YES_AGGRESSIVE;
				GCC_WARN_UNUSED_FUNCTION = YES;
				GCC_WARN_UNUSED_VARIABLE = YES;
				IPHONEOS_DEPLOYMENT_TARGET = 14.0;
				MTL_ENABLE_DEBUG_INFO = NO;
				MTL_FAST_MATH = YES;
				SDKROOT = iphoneos;
				SWIFT_COMPILATION_MODE = wholemodule;
				SWIFT_OPTIMIZATION_LEVEL = "-O";
				VALIDATE_PRODUCT = YES;
				VERSIONING_SYSTEM = "apple-generic";
				VERSION_INFO_PREFIX = "";
			};
			name = "Dev-Release";
		};
		126745932697012F002132F3 /* Dev-Release */ = {
			isa = XCBuildConfiguration;
			buildSettings = {
				CLANG_ENABLE_MODULES = YES;
				CODE_SIGN_STYLE = Manual;
				DEFINES_MODULE = YES;
				DEVELOPMENT_TEAM = "";
				DYLIB_COMPATIBILITY_VERSION = 1;
				DYLIB_CURRENT_VERSION = 1;
				DYLIB_INSTALL_NAME_BASE = "@rpath";
				ENABLE_BITCODE = YES;
				INFOPLIST_FILE = Targets/Info.plist;
				INSTALL_PATH = "$(LOCAL_LIBRARY_DIR)/Frameworks";
				LD_RUNPATH_SEARCH_PATHS = (
					"$(inherited)",
					"@executable_path/Frameworks",
					"@loader_path/Frameworks",
				);
				PRODUCT_BUNDLE_IDENTIFIER = com.anytypeio.anytype.BlocksModels;
				PRODUCT_NAME = "$(TARGET_NAME:c99extidentifier)";
				PROVISIONING_PROFILE_SPECIFIER = "";
				"PROVISIONING_PROFILE_SPECIFIER[sdk=macosx*]" = "";
				SKIP_INSTALL = YES;
				SWIFT_VERSION = 5.0;
				TARGETED_DEVICE_FAMILY = "1,2";
			};
			name = "Dev-Release";
		};
/* End XCBuildConfiguration section */

/* Begin XCConfigurationList section */
		0A7831CC24B8672D00A1B6F6 /* Build configuration list for PBXProject "BlocksModels" */ = {
			isa = XCConfigurationList;
			buildConfigurations = (
				0A7831D824B8672D00A1B6F6 /* Debug */,
				0A7831D924B8672D00A1B6F6 /* Release */,
				126745922697012F002132F3 /* Dev-Release */,
			);
			defaultConfigurationIsVisible = 0;
			defaultConfigurationName = Release;
		};
		0A7831DA24B8672D00A1B6F6 /* Build configuration list for PBXNativeTarget "BlocksModels" */ = {
			isa = XCConfigurationList;
			buildConfigurations = (
				0A7831DB24B8672D00A1B6F6 /* Debug */,
				0A7831DC24B8672D00A1B6F6 /* Release */,
				126745932697012F002132F3 /* Dev-Release */,
			);
			defaultConfigurationIsVisible = 0;
			defaultConfigurationName = Release;
		};
/* End XCConfigurationList section */
	};
	rootObject = 0A7831C924B8672D00A1B6F6 /* Project object */;
}
