{
  "pins" : [
    {
      "identity" : "pulse",
      "kind" : "remoteSourceControl",
      "location" : "https://github.com/kean/Pulse",
      "state" : {
        "branch" : "2.1.3",
        "revision" : "6b682c529d98a38e6fdffee2a8bfa40c8de30821"
      }
    },
    {
      "identity" : "swift-log",
      "kind" : "remoteSourceControl",
      "location" : "https://github.com/apple/swift-log.git",
      "state" : {
        "branch" : "1.4.2",
        "revision" : "5d66f7ba25daf4f94100e7022febf3c75e37a6c7"
      }
    }
  ],
  "version" : 2
}
