{
  "pins" : [
    {
      "identity" : "factory",
      "kind" : "remoteSourceControl",
      "location" : "https://github.com/hmlongco/Factory",
      "state" : {
        "branch" : "2.3.1",
        "revision" : "8ca11a7bd1ede031e8e6d7a912bb116e2e43961b"
      }
    },
    {
      "identity" : "pulse",
      "kind" : "remoteSourceControl",
      "location" : "https://github.com/kean/Pulse",
      "state" : {
        "branch" : "4.1.0",
        "revision" : "43d63c60679fbb1685f836f9de83b3b629ac0090"
      }
    },
    {
      "identity" : "swift-log",
      "kind" : "remoteSourceControl",
      "location" : "https://github.com/apple/swift-log",
      "state" : {
        "branch" : "1.4.2",
        "revision" : "5d66f7ba25daf4f94100e7022febf3c75e37a6c7"
      }
    },
    {
      "identity" : "swift-protobuf",
      "kind" : "remoteSourceControl",
      "location" : "https://github.com/apple/swift-protobuf",
      "state" : {
        "branch" : "1.21.0",
        "revision" : "0af9125c4eae12a4973fb66574c53a54962a9e1e"
      }
    }
  ],
  "version" : 2
}
