{
  "pins" : [
    {
      "identity" : "amplitude-ios",
      "kind" : "remoteSourceControl",
      "location" : "git@github.com:amplitude/Amplitude-iOS.git",
      "state" : {
        "revision" : "83b6c60321e0d5a6824e89aa45699c557cca5531",
        "version" : "8.15.2"
      }
    },
    {
      "identity" : "analytics-connector-ios",
      "kind" : "remoteSourceControl",
      "location" : "https://github.com/amplitude/analytics-connector-ios.git",
      "state" : {
        "revision" : "b44981119e2efc0edd1d2e26831c3c4c0e0264e6",
        "version" : "1.0.0"
      }
    },
    {
      "identity" : "anytype-swift-codegen",
      "kind" : "remoteSourceControl",
      "location" : "git@github.com:anyproto/anytype-swift-codegen.git",
      "state" : {
        "branch" : "0.0.11",
        "revision" : "b3e9ba26804373951cb20f2b2455abc01d8d6c35"
      }
    },
    {
      "identity" : "floatingpanel",
      "kind" : "remoteSourceControl",
      "location" : "git@github.com:scenee/FloatingPanel.git",
      "state" : {
        "revision" : "2a29cb5b3ecf4beb67cf524a030dd74a11b956c4",
        "version" : "2.6.1"
      }
    },
    {
      "identity" : "highlightr",
      "kind" : "remoteSourceControl",
      "location" : "git@github.com:raspu/Highlightr.git",
      "state" : {
        "revision" : "93199b9e434f04bda956a613af8f571933f9f037",
        "version" : "2.1.2"
      }
    },
    {
      "identity" : "kingfisher",
      "kind" : "remoteSourceControl",
      "location" : "git@github.com:onevcat/Kingfisher.git",
      "state" : {
        "revision" : "af4be924ad984cf4d16f4ae4df424e79a443d435",
        "version" : "7.6.2"
      }
    },
    {
      "identity" : "pulse",
      "kind" : "remoteSourceControl",
      "location" : "https://github.com/kean/Pulse",
      "state" : {
        "branch" : "3.5.5",
        "revision" : "40acf8dc87d0856aedc0b8e9111f8880e5c154bf"
      }
    },
    {
      "identity" : "sentry-cocoa",
      "kind" : "remoteSourceControl",
      "location" : "https://github.com/getsentry/sentry-cocoa.git",
      "state" : {
        "revision" : "ac224c437a3070ffe34460137ac8761eddaf2852",
        "version" : "8.3.3"
      }
    },
    {
      "identity" : "shimmerswift",
      "kind" : "remoteSourceControl",
      "location" : "https://github.com/BeauNouvelle/ShimmerSwift",
      "state" : {
        "revision" : "f1a4366f74329c313e9528bcbe5286eacc750c05",
        "version" : "2.2.0"
      }
    },
    {
      "identity" : "sourcerygenplugin",
      "kind" : "remoteSourceControl",
      "location" : "https://github.com/anyproto/SourceryGenPlugin.git",
      "state" : {
        "branch" : "1.9.2",
        "revision" : "ed24fc9e7512ef3e2aa7642a6e4c1f5328b8603d"
      }
    },
    {
      "identity" : "swift-async-queue",
      "kind" : "remoteSourceControl",
      "location" : "git@github.com:dfed/swift-async-queue.git",
      "state" : {
        "revision" : "63c36d76e66940de6ae0b20c7cc162bec6e4d8c1",
        "version" : "0.3.1"
      }
    },
    {
      "identity" : "swift-collections",
      "kind" : "remoteSourceControl",
      "location" : "https://github.com/apple/swift-collections.git",
      "state" : {
        "revision" : "937e904258d22af6e447a0b72c0bc67583ef64a2",
        "version" : "1.0.4"
      }
    },
    {
      "identity" : "swift-log",
      "kind" : "remoteSourceControl",
      "location" : "https://github.com/apple/swift-log.git",
      "state" : {
        "branch" : "1.4.2",
        "revision" : "5d66f7ba25daf4f94100e7022febf3c75e37a6c7"
      }
    },
    {
      "identity" : "swift-protobuf",
      "kind" : "remoteSourceControl",
      "location" : "https://github.com/apple/swift-protobuf",
      "state" : {
        "branch" : "1.21.0",
        "revision" : "0af9125c4eae12a4973fb66574c53a54962a9e1e"
      }
    },
    {
      "identity" : "swiftentrykit",
      "kind" : "remoteSourceControl",
      "location" : "git@github.com:bududomasidet/SwiftEntryKit.git",
      "state" : {
        "revision" : "371745f2f446a5ca5e2e12523db32a2169b501a0",
        "version" : "1.0.0"
      }
    },
    {
      "identity" : "swiftgenplugin",
      "kind" : "remoteSourceControl",
      "location" : "https://github.com/SwiftGen/SwiftGenPlugin",
      "state" : {
        "branch" : "6.6.2",
        "revision" : "879b85a470cacd70c19e22eb7e11a3aed66f4068"
      }
    },
    {
      "identity" : "swiftui-visual-effects",
      "kind" : "remoteSourceControl",
      "location" : "git@github.com:lucasbrown/swiftui-visual-effects.git",
      "state" : {
        "revision" : "b26f8cebd55ff60ed8953768aa818dfb005b5838",
        "version" : "1.0.3"
      }
    }
  ],
  "version" : 2
}
