// !$*UTF8*$!
{
	archiveVersion = 1;
	classes = {
	};
	objectVersion = 51;
	objects = {

/* Begin PBXBuildFile section */
		0303ECFF22D8EDAA005C552B /* AppDelegate.swift in Sources */ = {isa = PBXBuildFile; fileRef = 0303ECFE22D8EDAA005C552B /* AppDelegate.swift */; };
		0303ED0122D8EDAA005C552B /* SceneDelegate.swift in Sources */ = {isa = PBXBuildFile; fileRef = 0303ED0022D8EDAA005C552B /* SceneDelegate.swift */; };
		0303ED0522D8EDAD005C552B /* Assets.xcassets in Resources */ = {isa = PBXBuildFile; fileRef = 0303ED0422D8EDAD005C552B /* Assets.xcassets */; };
		0303ED0822D8EDAD005C552B /* Preview Assets.xcassets in Resources */ = {isa = PBXBuildFile; fileRef = 0303ED0722D8EDAD005C552B /* Preview Assets.xcassets */; };
		0303ED0B22D8EDAD005C552B /* LaunchScreen.storyboard in Resources */ = {isa = PBXBuildFile; fileRef = 0303ED0922D8EDAD005C552B /* LaunchScreen.storyboard */; };
		030DF8642333E31100FE6DA5 /* DocumentViewModel.swift in Sources */ = {isa = PBXBuildFile; fileRef = 030DF8632333E31100FE6DA5 /* DocumentViewModel.swift */; };
		030DF8682333E3DD00FE6DA5 /* DocumentView.swift in Sources */ = {isa = PBXBuildFile; fileRef = 030DF8672333E3DD00FE6DA5 /* DocumentView.swift */; };
		030DF86A2333E4D000FE6DA5 /* TextView.swift in Sources */ = {isa = PBXBuildFile; fileRef = 030DF8692333E4D000FE6DA5 /* TextView.swift */; };
		030DF86C23354EEE00FE6DA5 /* BlockModel.swift in Sources */ = {isa = PBXBuildFile; fileRef = 030DF86B23354EED00FE6DA5 /* BlockModel.swift */; };
		0311612E22DE0D1700885211 /* ProfileViewModel.swift in Sources */ = {isa = PBXBuildFile; fileRef = 0311612D22DE0D1700885211 /* ProfileViewModel.swift */; };
		0318D576230186CA000527B1 /* LocalAuthentication.framework in Frameworks */ = {isa = PBXBuildFile; fileRef = 0318D575230186CA000527B1 /* LocalAuthentication.framework */; };
		031B355423465BBA0066DDB8 /* TextBlockView.swift in Sources */ = {isa = PBXBuildFile; fileRef = 031B355323465BBA0066DDB8 /* TextBlockView.swift */; };
		031B355623465DFF0066DDB8 /* EmptyDocumentView.swift in Sources */ = {isa = PBXBuildFile; fileRef = 031B355523465DFF0066DDB8 /* EmptyDocumentView.swift */; };
		031B35592346C5B60066DDB8 /* BlockViewModifieres.swift in Sources */ = {isa = PBXBuildFile; fileRef = 031B35582346C5B60066DDB8 /* BlockViewModifieres.swift */; };
		031EA61E2302C62D00584EFD /* EnterAccountSeedViewModel.swift in Sources */ = {isa = PBXBuildFile; fileRef = 0318D57A23022687000527B1 /* EnterAccountSeedViewModel.swift */; };
		031EA61F2302C8A100584EFD /* EnterAccountSeedView.swift in Sources */ = {isa = PBXBuildFile; fileRef = 0318D578230224A2000527B1 /* EnterAccountSeedView.swift */; };
		032225DA22F87AAB0064E544 /* DetailedPickerView.swift in Sources */ = {isa = PBXBuildFile; fileRef = 032225D922F87AAB0064E544 /* DetailedPickerView.swift */; };
		0327B0B0232BB876007DB8A7 /* HomeViewModel.swift in Sources */ = {isa = PBXBuildFile; fileRef = 0327B0AF232BB876007DB8A7 /* HomeViewModel.swift */; };
		0327B0B3232BB994007DB8A7 /* DocumentModel.swift in Sources */ = {isa = PBXBuildFile; fileRef = 0327B0B2232BB994007DB8A7 /* DocumentModel.swift */; };
		0327B0B8232BBAD9007DB8A7 /* TestDocumentService.swift in Sources */ = {isa = PBXBuildFile; fileRef = 0327B0B7232BBAD9007DB8A7 /* TestDocumentService.swift */; };
		0327B0BB232BCE2A007DB8A7 /* HomeCollectionViewModel.swift in Sources */ = {isa = PBXBuildFile; fileRef = 0327B0BA232BCE2A007DB8A7 /* HomeCollectionViewModel.swift */; };
		0340D70F22F119EA00D0BF88 /* PinCodeView.swift in Sources */ = {isa = PBXBuildFile; fileRef = 0340D70E22F119EA00D0BF88 /* PinCodeView.swift */; };
		03425C522383726400E22FF1 /* GeometryExtension.swift in Sources */ = {isa = PBXBuildFile; fileRef = 03425C512383726400E22FF1 /* GeometryExtension.swift */; };
		03425C5423849AAF00E22FF1 /* CustomScrollView.swift in Sources */ = {isa = PBXBuildFile; fileRef = 03425C5323849AAE00E22FF1 /* CustomScrollView.swift */; };
		03475B6F2306031D00F8FCE7 /* ViewExtension.swift in Sources */ = {isa = PBXBuildFile; fileRef = 03475B6E2306031D00F8FCE7 /* ViewExtension.swift */; };
		03475B722306CFD000F8FCE7 /* OverlayWaitingView.swift in Sources */ = {isa = PBXBuildFile; fileRef = 03475B712306CFD000F8FCE7 /* OverlayWaitingView.swift */; };
		034BDD3722F4B48C00D8CD83 /* AuthPinCodeViewModel.swift in Sources */ = {isa = PBXBuildFile; fileRef = 034BDD3622F4B48B00D8CD83 /* AuthPinCodeViewModel.swift */; };
		0350A2E223293CE900E00FB5 /* HomeCollectionView.swift in Sources */ = {isa = PBXBuildFile; fileRef = 0350A2E123293CE900E00FB5 /* HomeCollectionView.swift */; };
		0350A2E523295E2200E00FB5 /* HomeCollectionViewDocumentCell.swift in Sources */ = {isa = PBXBuildFile; fileRef = 0350A2E423295E2200E00FB5 /* HomeCollectionViewDocumentCell.swift */; };
		0350A2E7232960D900E00FB5 /* HomeCollectionViewPlusCell.swift in Sources */ = {isa = PBXBuildFile; fileRef = 0350A2E6232960D900E00FB5 /* HomeCollectionViewPlusCell.swift */; };
		03527A0722F7A44B004F0418 /* SaveRecoveryPhraseView.swift in Sources */ = {isa = PBXBuildFile; fileRef = 03527A0622F7A44B004F0418 /* SaveRecoveryPhraseView.swift */; };
		03592D8C22F7A7C0007CE7E2 /* AuthRecoveryViewModel.swift in Sources */ = {isa = PBXBuildFile; fileRef = 03592D8B22F7A7C0007CE7E2 /* AuthRecoveryViewModel.swift */; };
		03746CF922DE506200380AA1 /* Constants.swift in Sources */ = {isa = PBXBuildFile; fileRef = 03746CF822DE506200380AA1 /* Constants.swift */; };
		037AA83222E224EA002CB09F /* AuthView.swift in Sources */ = {isa = PBXBuildFile; fileRef = 037AA83122E224EA002CB09F /* AuthView.swift */; };
		037AA83422E34601002CB09F /* ApplicationCoordinator.swift in Sources */ = {isa = PBXBuildFile; fileRef = 037AA83322E34601002CB09F /* ApplicationCoordinator.swift */; };
		037B91CE23438E77004EBCCD /* HomeViewContainer.swift in Sources */ = {isa = PBXBuildFile; fileRef = 0AAC96602340C203006CE58C /* HomeViewContainer.swift */; };
		037CC4E523154AF900D5AB62 /* NavigationButtonView.swift in Sources */ = {isa = PBXBuildFile; fileRef = 037CC4E423154AF900D5AB62 /* NavigationButtonView.swift */; };
		0388BF7622F0A96900B73E39 /* AuthViewCoordinator.swift in Sources */ = {isa = PBXBuildFile; fileRef = 0388BF7422F0A96800B73E39 /* AuthViewCoordinator.swift */; };
		0388BF7722F0A96900B73E39 /* AuthViewModel.swift in Sources */ = {isa = PBXBuildFile; fileRef = 0388BF7522F0A96900B73E39 /* AuthViewModel.swift */; };
		0388BF7B22F10F9B00B73E39 /* RobotoMono-Regular.ttf in Resources */ = {isa = PBXBuildFile; fileRef = 0388BF7A22F10D7100B73E39 /* RobotoMono-Regular.ttf */; };
		03913E57230B48B40040CD4B /* ProfileSettingsView.swift in Sources */ = {isa = PBXBuildFile; fileRef = 03913E56230B48B40040CD4B /* ProfileSettingsView.swift */; };
		03913E59230B5DAA0040CD4B /* SelectColorView.swift in Sources */ = {isa = PBXBuildFile; fileRef = 03913E58230B5DA90040CD4B /* SelectColorView.swift */; };
		03990FB4230CCA2D00C82AD5 /* ProfileView.swift in Sources */ = {isa = PBXBuildFile; fileRef = 0303ED0222D8EDAA005C552B /* ProfileView.swift */; };
		039DA2E62305843D0041F95C /* ErrorAlertView.swift in Sources */ = {isa = PBXBuildFile; fileRef = 039DA2E52305843D0041F95C /* ErrorAlertView.swift */; };
		03A24B8C231EC07700DA7369 /* ArrayExtension.swift in Sources */ = {isa = PBXBuildFile; fileRef = 03A24B8B231EC07700DA7369 /* ArrayExtension.swift */; };
		03A46A40231417D6009AC10C /* InfoPlist.strings in Resources */ = {isa = PBXBuildFile; fileRef = 03A46A42231417D6009AC10C /* InfoPlist.strings */; };
		03A8011E22F8CAA200F31E01 /* PickerDetailView.swift in Sources */ = {isa = PBXBuildFile; fileRef = 03A8011D22F8CAA100F31E01 /* PickerDetailView.swift */; };
		03AA488D22FA5C8B00D756AA /* UserDefault.swift in Sources */ = {isa = PBXBuildFile; fileRef = 03AA488C22FA5C8A00D756AA /* UserDefault.swift */; };
		03B42F2A232910AB000F2BA2 /* HomeView.swift in Sources */ = {isa = PBXBuildFile; fileRef = 03B42F29232910AB000F2BA2 /* HomeView.swift */; };
		03B55546230AD13A0070FDF3 /* ActivityIndicator.swift in Sources */ = {isa = PBXBuildFile; fileRef = 03B55545230AD13A0070FDF3 /* ActivityIndicator.swift */; };
		03B6574F234CEDC70084D9F5 /* TextBlockViewModel.swift in Sources */ = {isa = PBXBuildFile; fileRef = 03B6574E234CEDC70084D9F5 /* TextBlockViewModel.swift */; };
		03B65752234D47A90084D9F5 /* BlockViewRowBuilderProtocol.swift in Sources */ = {isa = PBXBuildFile; fileRef = 03B65751234D47A90084D9F5 /* BlockViewRowBuilderProtocol.swift */; };
		03C5082A230AE32900A1BD9D /* ProfileViewCoordinator.swift in Sources */ = {isa = PBXBuildFile; fileRef = 03C50829230AE32900A1BD9D /* ProfileViewCoordinator.swift */; };
		03C5C53822DF6C9900DD91DE /* KeychainStore.swift in Sources */ = {isa = PBXBuildFile; fileRef = 03C5C53622DF6C9900DD91DE /* KeychainStore.swift */; };
		03C5C53922DF6C9900DD91DE /* StoreServiceProtocol.swift in Sources */ = {isa = PBXBuildFile; fileRef = 03C5C53722DF6C9900DD91DE /* StoreServiceProtocol.swift */; };
		03C5C53B22DF785000DD91DE /* Security.framework in Frameworks */ = {isa = PBXBuildFile; fileRef = 03C5C53A22DF785000DD91DE /* Security.framework */; };
		03C5C54322DFD90C00DD91DE /* AnyTypeTests.swift in Sources */ = {isa = PBXBuildFile; fileRef = 03C5C54222DFD90C00DD91DE /* AnyTypeTests.swift */; };
		03C5C54B22E09E0F00DD91DE /* SecureStoreQueryable.swift in Sources */ = {isa = PBXBuildFile; fileRef = 03C5C54A22E09E0F00DD91DE /* SecureStoreQueryable.swift */; };
		03C5C54D22E0A0C200DD91DE /* InternetProtocol.swift in Sources */ = {isa = PBXBuildFile; fileRef = 03C5C54C22E0A0C100DD91DE /* InternetProtocol.swift */; };
		03C5C54F22E0A16700DD91DE /* InternetAuthenticationType.swift in Sources */ = {isa = PBXBuildFile; fileRef = 03C5C54E22E0A16700DD91DE /* InternetAuthenticationType.swift */; };
		03C5C55122E0A3E800DD91DE /* KeychainError.swift in Sources */ = {isa = PBXBuildFile; fileRef = 03C5C55022E0A3E800DD91DE /* KeychainError.swift */; };
		03C6E84C233BAB35004EB6B6 /* DocumentServiceProtocol.swift in Sources */ = {isa = PBXBuildFile; fileRef = 03C6E84B233BAB35004EB6B6 /* DocumentServiceProtocol.swift */; };
		03CB3EFF230C0FF2003D5DFD /* KeychainStoreService.swift in Sources */ = {isa = PBXBuildFile; fileRef = 03CB3EFE230C0FF2003D5DFD /* KeychainStoreService.swift */; };
		03CB3F01230C10E9003D5DFD /* AuthServiceProtocol.swift in Sources */ = {isa = PBXBuildFile; fileRef = 03CB3EFD230C0FC4003D5DFD /* AuthServiceProtocol.swift */; };
		03CB3F02230C10FE003D5DFD /* TextileAuthService.swift in Sources */ = {isa = PBXBuildFile; fileRef = 03CB3EFC230C0F8F003D5DFD /* TextileAuthService.swift */; };
		03CB3F04230C1185003D5DFD /* ProfileServiceProtocol.swift in Sources */ = {isa = PBXBuildFile; fileRef = 03CB3F03230C1185003D5DFD /* ProfileServiceProtocol.swift */; };
		03CB3F06230C1238003D5DFD /* TextileProfileService.swift in Sources */ = {isa = PBXBuildFile; fileRef = 03CB3F05230C1238003D5DFD /* TextileProfileService.swift */; };
		03CB3F08230C1EDE003D5DFD /* UIViewExtension.swift in Sources */ = {isa = PBXBuildFile; fileRef = 03CB3F07230C1EDE003D5DFD /* UIViewExtension.swift */; };
		03CB3F0A230C2464003D5DFD /* UIColorExtension.swift in Sources */ = {isa = PBXBuildFile; fileRef = 03CB3F09230C2464003D5DFD /* UIColorExtension.swift */; };
		03CB3F0D230C3EAA003D5DFD /* ImageLoader.swift in Sources */ = {isa = PBXBuildFile; fileRef = 03CB3F0C230C3EAA003D5DFD /* ImageLoader.swift */; };
		03CB3F10230C414C003D5DFD /* ImageService.swift in Sources */ = {isa = PBXBuildFile; fileRef = 03CB3F0F230C414C003D5DFD /* ImageService.swift */; };
		03CCADAC230457FC00701782 /* PinCodeViewModel.swift in Sources */ = {isa = PBXBuildFile; fileRef = 03CCADAB230457FC00701782 /* PinCodeViewModel.swift */; };
		03CCADAE2304589E00701782 /* PinCodeValidator.swift in Sources */ = {isa = PBXBuildFile; fileRef = 03CCADAD2304589E00701782 /* PinCodeValidator.swift */; };
		03D1A04A2389F7650028371C /* CGPointExtension.swift in Sources */ = {isa = PBXBuildFile; fileRef = 03D1A0492389F7650028371C /* CGPointExtension.swift */; };
		03E140CE22F73DC400FF7979 /* AuthRecoveryView.swift in Sources */ = {isa = PBXBuildFile; fileRef = 03E140CD22F73DC400FF7979 /* AuthRecoveryView.swift */; };
		03F7BD1E22F7A50400F47583 /* StandardButton.swift in Sources */ = {isa = PBXBuildFile; fileRef = 03F7BD1D22F7A50400F47583 /* StandardButton.swift */; };
		03F7BD2122F7A5B100F47583 /* AuthPinCodeView.swift in Sources */ = {isa = PBXBuildFile; fileRef = 03F7BD2022F7A5B100F47583 /* AuthPinCodeView.swift */; };
		03F7BD2322F7A62D00F47583 /* PinCodeDotsView.swift in Sources */ = {isa = PBXBuildFile; fileRef = 03F7BD2222F7A62D00F47583 /* PinCodeDotsView.swift */; };
		0AAC96612340C203006CE58C /* HomeViewContainerCoordinator.swift in Sources */ = {isa = PBXBuildFile; fileRef = 0AAC965E2340C202006CE58C /* HomeViewContainerCoordinator.swift */; };
		0AAC96622340C203006CE58C /* HomeViewContainerModel.swift in Sources */ = {isa = PBXBuildFile; fileRef = 0AAC965F2340C203006CE58C /* HomeViewContainerModel.swift */; };
		0AAC96652340C229006CE58C /* FontExtension.swift in Sources */ = {isa = PBXBuildFile; fileRef = 0AAC96642340C229006CE58C /* FontExtension.swift */; };
		0AAC96682340C288006CE58C /* Localizable.strings in Resources */ = {isa = PBXBuildFile; fileRef = 0AAC96662340C288006CE58C /* Localizable.strings */; };
		E01C3E44BF7F318B576D9663 /* Pods_AnyType.framework in Frameworks */ = {isa = PBXBuildFile; fileRef = E6481DF8EB3AC3E1963A2F62 /* Pods_AnyType.framework */; };
/* End PBXBuildFile section */

/* Begin PBXContainerItemProxy section */
		03C5C54522DFD90C00DD91DE /* PBXContainerItemProxy */ = {
			isa = PBXContainerItemProxy;
			containerPortal = 0303ECF322D8EDAA005C552B /* Project object */;
			proxyType = 1;
			remoteGlobalIDString = 0303ECFA22D8EDAA005C552B;
			remoteInfo = AnyType;
		};
/* End PBXContainerItemProxy section */

/* Begin PBXFileReference section */
		0303ECFB22D8EDAA005C552B /* AnyType.app */ = {isa = PBXFileReference; explicitFileType = wrapper.application; includeInIndex = 0; path = AnyType.app; sourceTree = BUILT_PRODUCTS_DIR; };
		0303ECFE22D8EDAA005C552B /* AppDelegate.swift */ = {isa = PBXFileReference; fileEncoding = 4; lastKnownFileType = sourcecode.swift; path = AppDelegate.swift; sourceTree = "<group>"; };
		0303ED0022D8EDAA005C552B /* SceneDelegate.swift */ = {isa = PBXFileReference; fileEncoding = 4; lastKnownFileType = sourcecode.swift; path = SceneDelegate.swift; sourceTree = "<group>"; };
		0303ED0222D8EDAA005C552B /* ProfileView.swift */ = {isa = PBXFileReference; fileEncoding = 4; lastKnownFileType = sourcecode.swift; path = ProfileView.swift; sourceTree = "<group>"; };
		0303ED0422D8EDAD005C552B /* Assets.xcassets */ = {isa = PBXFileReference; lastKnownFileType = folder.assetcatalog; path = Assets.xcassets; sourceTree = "<group>"; };
		0303ED0722D8EDAD005C552B /* Preview Assets.xcassets */ = {isa = PBXFileReference; lastKnownFileType = folder.assetcatalog; path = "Preview Assets.xcassets"; sourceTree = "<group>"; };
		0303ED0A22D8EDAD005C552B /* Base */ = {isa = PBXFileReference; lastKnownFileType = file.storyboard; name = Base; path = Base.lproj/LaunchScreen.storyboard; sourceTree = "<group>"; };
		0303ED0C22D8EDAD005C552B /* Info.plist */ = {isa = PBXFileReference; lastKnownFileType = text.plist.xml; path = Info.plist; sourceTree = "<group>"; };
		030DF8632333E31100FE6DA5 /* DocumentViewModel.swift */ = {isa = PBXFileReference; lastKnownFileType = sourcecode.swift; path = DocumentViewModel.swift; sourceTree = "<group>"; };
		030DF8672333E3DD00FE6DA5 /* DocumentView.swift */ = {isa = PBXFileReference; lastKnownFileType = sourcecode.swift; path = DocumentView.swift; sourceTree = "<group>"; };
		030DF8692333E4D000FE6DA5 /* TextView.swift */ = {isa = PBXFileReference; lastKnownFileType = sourcecode.swift; path = TextView.swift; sourceTree = "<group>"; };
		030DF86B23354EED00FE6DA5 /* BlockModel.swift */ = {isa = PBXFileReference; lastKnownFileType = sourcecode.swift; path = BlockModel.swift; sourceTree = "<group>"; };
		0311612D22DE0D1700885211 /* ProfileViewModel.swift */ = {isa = PBXFileReference; lastKnownFileType = sourcecode.swift; path = ProfileViewModel.swift; sourceTree = "<group>"; };
		0318D575230186CA000527B1 /* LocalAuthentication.framework */ = {isa = PBXFileReference; lastKnownFileType = wrapper.framework; name = LocalAuthentication.framework; path = System/Library/Frameworks/LocalAuthentication.framework; sourceTree = SDKROOT; };
		0318D578230224A2000527B1 /* EnterAccountSeedView.swift */ = {isa = PBXFileReference; lastKnownFileType = sourcecode.swift; path = EnterAccountSeedView.swift; sourceTree = "<group>"; };
		0318D57A23022687000527B1 /* EnterAccountSeedViewModel.swift */ = {isa = PBXFileReference; lastKnownFileType = sourcecode.swift; path = EnterAccountSeedViewModel.swift; sourceTree = "<group>"; };
		031B355323465BBA0066DDB8 /* TextBlockView.swift */ = {isa = PBXFileReference; lastKnownFileType = sourcecode.swift; path = TextBlockView.swift; sourceTree = "<group>"; };
		031B355523465DFF0066DDB8 /* EmptyDocumentView.swift */ = {isa = PBXFileReference; lastKnownFileType = sourcecode.swift; path = EmptyDocumentView.swift; sourceTree = "<group>"; };
		031B35582346C5B60066DDB8 /* BlockViewModifieres.swift */ = {isa = PBXFileReference; lastKnownFileType = sourcecode.swift; path = BlockViewModifieres.swift; sourceTree = "<group>"; };
		032225D922F87AAB0064E544 /* DetailedPickerView.swift */ = {isa = PBXFileReference; lastKnownFileType = sourcecode.swift; path = DetailedPickerView.swift; sourceTree = "<group>"; };
		0327B0AF232BB876007DB8A7 /* HomeViewModel.swift */ = {isa = PBXFileReference; lastKnownFileType = sourcecode.swift; path = HomeViewModel.swift; sourceTree = "<group>"; };
		0327B0B2232BB994007DB8A7 /* DocumentModel.swift */ = {isa = PBXFileReference; lastKnownFileType = sourcecode.swift; path = DocumentModel.swift; sourceTree = "<group>"; };
		0327B0B7232BBAD9007DB8A7 /* TestDocumentService.swift */ = {isa = PBXFileReference; lastKnownFileType = sourcecode.swift; path = TestDocumentService.swift; sourceTree = "<group>"; };
		0327B0BA232BCE2A007DB8A7 /* HomeCollectionViewModel.swift */ = {isa = PBXFileReference; lastKnownFileType = sourcecode.swift; path = HomeCollectionViewModel.swift; sourceTree = "<group>"; };
		0340D70E22F119EA00D0BF88 /* PinCodeView.swift */ = {isa = PBXFileReference; fileEncoding = 4; lastKnownFileType = sourcecode.swift; path = PinCodeView.swift; sourceTree = "<group>"; };
		03425C512383726400E22FF1 /* GeometryExtension.swift */ = {isa = PBXFileReference; lastKnownFileType = sourcecode.swift; name = GeometryExtension.swift; path = AnyType/GeometryExtension.swift; sourceTree = SOURCE_ROOT; };
		03425C5323849AAE00E22FF1 /* CustomScrollView.swift */ = {isa = PBXFileReference; lastKnownFileType = sourcecode.swift; name = CustomScrollView.swift; path = AnyType/Sources/CustomScrollView.swift; sourceTree = SOURCE_ROOT; };
		03475B6E2306031D00F8FCE7 /* ViewExtension.swift */ = {isa = PBXFileReference; fileEncoding = 4; lastKnownFileType = sourcecode.swift; path = ViewExtension.swift; sourceTree = "<group>"; };
		03475B712306CFD000F8FCE7 /* OverlayWaitingView.swift */ = {isa = PBXFileReference; fileEncoding = 4; lastKnownFileType = sourcecode.swift; path = OverlayWaitingView.swift; sourceTree = "<group>"; };
		034BDD3622F4B48B00D8CD83 /* AuthPinCodeViewModel.swift */ = {isa = PBXFileReference; fileEncoding = 4; lastKnownFileType = sourcecode.swift; path = AuthPinCodeViewModel.swift; sourceTree = "<group>"; };
		0350A2E123293CE900E00FB5 /* HomeCollectionView.swift */ = {isa = PBXFileReference; fileEncoding = 4; lastKnownFileType = sourcecode.swift; path = HomeCollectionView.swift; sourceTree = "<group>"; };
		0350A2E423295E2200E00FB5 /* HomeCollectionViewDocumentCell.swift */ = {isa = PBXFileReference; fileEncoding = 4; lastKnownFileType = sourcecode.swift; path = HomeCollectionViewDocumentCell.swift; sourceTree = "<group>"; };
		0350A2E6232960D900E00FB5 /* HomeCollectionViewPlusCell.swift */ = {isa = PBXFileReference; fileEncoding = 4; lastKnownFileType = sourcecode.swift; path = HomeCollectionViewPlusCell.swift; sourceTree = "<group>"; };
		03527A0622F7A44B004F0418 /* SaveRecoveryPhraseView.swift */ = {isa = PBXFileReference; fileEncoding = 4; lastKnownFileType = sourcecode.swift; path = SaveRecoveryPhraseView.swift; sourceTree = "<group>"; };
		03592D8B22F7A7C0007CE7E2 /* AuthRecoveryViewModel.swift */ = {isa = PBXFileReference; fileEncoding = 4; lastKnownFileType = sourcecode.swift; path = AuthRecoveryViewModel.swift; sourceTree = "<group>"; };
		03746CF822DE506200380AA1 /* Constants.swift */ = {isa = PBXFileReference; lastKnownFileType = sourcecode.swift; path = Constants.swift; sourceTree = "<group>"; };
		037AA83122E224EA002CB09F /* AuthView.swift */ = {isa = PBXFileReference; lastKnownFileType = sourcecode.swift; path = AuthView.swift; sourceTree = "<group>"; };
		037AA83322E34601002CB09F /* ApplicationCoordinator.swift */ = {isa = PBXFileReference; lastKnownFileType = sourcecode.swift; path = ApplicationCoordinator.swift; sourceTree = "<group>"; };
		037CC4E423154AF900D5AB62 /* NavigationButtonView.swift */ = {isa = PBXFileReference; lastKnownFileType = sourcecode.swift; path = NavigationButtonView.swift; sourceTree = "<group>"; };
		037E9AA222DCE124001ADA30 /* Textile.framework */ = {isa = PBXFileReference; explicitFileType = wrapper.framework; path = Textile.framework; sourceTree = BUILT_PRODUCTS_DIR; };
		0388BF7422F0A96800B73E39 /* AuthViewCoordinator.swift */ = {isa = PBXFileReference; fileEncoding = 4; lastKnownFileType = sourcecode.swift; path = AuthViewCoordinator.swift; sourceTree = "<group>"; };
		0388BF7522F0A96900B73E39 /* AuthViewModel.swift */ = {isa = PBXFileReference; fileEncoding = 4; lastKnownFileType = sourcecode.swift; path = AuthViewModel.swift; sourceTree = "<group>"; };
		0388BF7A22F10D7100B73E39 /* RobotoMono-Regular.ttf */ = {isa = PBXFileReference; lastKnownFileType = file; path = "RobotoMono-Regular.ttf"; sourceTree = "<group>"; };
		03913E56230B48B40040CD4B /* ProfileSettingsView.swift */ = {isa = PBXFileReference; fileEncoding = 4; lastKnownFileType = sourcecode.swift; path = ProfileSettingsView.swift; sourceTree = "<group>"; };
		03913E58230B5DA90040CD4B /* SelectColorView.swift */ = {isa = PBXFileReference; fileEncoding = 4; lastKnownFileType = sourcecode.swift; path = SelectColorView.swift; sourceTree = "<group>"; };
		039DA2E52305843D0041F95C /* ErrorAlertView.swift */ = {isa = PBXFileReference; fileEncoding = 4; lastKnownFileType = sourcecode.swift; path = ErrorAlertView.swift; sourceTree = "<group>"; };
		03A24B8B231EC07700DA7369 /* ArrayExtension.swift */ = {isa = PBXFileReference; fileEncoding = 4; lastKnownFileType = sourcecode.swift; path = ArrayExtension.swift; sourceTree = "<group>"; };
		03A46A41231417D6009AC10C /* en */ = {isa = PBXFileReference; lastKnownFileType = text.plist.strings; name = en; path = en.lproj/InfoPlist.strings; sourceTree = "<group>"; };
		03A8011D22F8CAA100F31E01 /* PickerDetailView.swift */ = {isa = PBXFileReference; fileEncoding = 4; lastKnownFileType = sourcecode.swift; path = PickerDetailView.swift; sourceTree = "<group>"; };
		03AA488C22FA5C8A00D756AA /* UserDefault.swift */ = {isa = PBXFileReference; fileEncoding = 4; lastKnownFileType = sourcecode.swift; path = UserDefault.swift; sourceTree = "<group>"; };
		03B42F29232910AB000F2BA2 /* HomeView.swift */ = {isa = PBXFileReference; fileEncoding = 4; lastKnownFileType = sourcecode.swift; path = HomeView.swift; sourceTree = "<group>"; };
		03B55545230AD13A0070FDF3 /* ActivityIndicator.swift */ = {isa = PBXFileReference; fileEncoding = 4; lastKnownFileType = sourcecode.swift; path = ActivityIndicator.swift; sourceTree = "<group>"; };
		03B6574E234CEDC70084D9F5 /* TextBlockViewModel.swift */ = {isa = PBXFileReference; lastKnownFileType = sourcecode.swift; path = TextBlockViewModel.swift; sourceTree = "<group>"; };
		03B65751234D47A90084D9F5 /* BlockViewRowBuilderProtocol.swift */ = {isa = PBXFileReference; lastKnownFileType = sourcecode.swift; path = BlockViewRowBuilderProtocol.swift; sourceTree = "<group>"; };
		03C50829230AE32900A1BD9D /* ProfileViewCoordinator.swift */ = {isa = PBXFileReference; fileEncoding = 4; lastKnownFileType = sourcecode.swift; path = ProfileViewCoordinator.swift; sourceTree = "<group>"; };
		03C5C53622DF6C9900DD91DE /* KeychainStore.swift */ = {isa = PBXFileReference; fileEncoding = 4; lastKnownFileType = sourcecode.swift; path = KeychainStore.swift; sourceTree = "<group>"; };
		03C5C53722DF6C9900DD91DE /* StoreServiceProtocol.swift */ = {isa = PBXFileReference; fileEncoding = 4; lastKnownFileType = sourcecode.swift; path = StoreServiceProtocol.swift; sourceTree = "<group>"; };
		03C5C53A22DF785000DD91DE /* Security.framework */ = {isa = PBXFileReference; lastKnownFileType = wrapper.framework; name = Security.framework; path = System/Library/Frameworks/Security.framework; sourceTree = SDKROOT; };
		03C5C54022DFD90C00DD91DE /* AnyTypeTests.xctest */ = {isa = PBXFileReference; explicitFileType = wrapper.cfbundle; includeInIndex = 0; path = AnyTypeTests.xctest; sourceTree = BUILT_PRODUCTS_DIR; };
		03C5C54222DFD90C00DD91DE /* AnyTypeTests.swift */ = {isa = PBXFileReference; fileEncoding = 4; lastKnownFileType = sourcecode.swift; path = AnyTypeTests.swift; sourceTree = "<group>"; };
		03C5C54422DFD90C00DD91DE /* Info.plist */ = {isa = PBXFileReference; lastKnownFileType = text.plist.xml; path = Info.plist; sourceTree = "<group>"; };
		03C5C54A22E09E0F00DD91DE /* SecureStoreQueryable.swift */ = {isa = PBXFileReference; fileEncoding = 4; lastKnownFileType = sourcecode.swift; path = SecureStoreQueryable.swift; sourceTree = "<group>"; };
		03C5C54C22E0A0C100DD91DE /* InternetProtocol.swift */ = {isa = PBXFileReference; fileEncoding = 4; lastKnownFileType = sourcecode.swift; path = InternetProtocol.swift; sourceTree = "<group>"; };
		03C5C54E22E0A16700DD91DE /* InternetAuthenticationType.swift */ = {isa = PBXFileReference; fileEncoding = 4; lastKnownFileType = sourcecode.swift; path = InternetAuthenticationType.swift; sourceTree = "<group>"; };
		03C5C55022E0A3E800DD91DE /* KeychainError.swift */ = {isa = PBXFileReference; lastKnownFileType = sourcecode.swift; path = KeychainError.swift; sourceTree = "<group>"; };
		03C6E84B233BAB35004EB6B6 /* DocumentServiceProtocol.swift */ = {isa = PBXFileReference; fileEncoding = 4; lastKnownFileType = sourcecode.swift; path = DocumentServiceProtocol.swift; sourceTree = "<group>"; };
		03CB3EFC230C0F8F003D5DFD /* TextileAuthService.swift */ = {isa = PBXFileReference; lastKnownFileType = sourcecode.swift; path = TextileAuthService.swift; sourceTree = "<group>"; };
		03CB3EFD230C0FC4003D5DFD /* AuthServiceProtocol.swift */ = {isa = PBXFileReference; lastKnownFileType = sourcecode.swift; path = AuthServiceProtocol.swift; sourceTree = "<group>"; };
		03CB3EFE230C0FF2003D5DFD /* KeychainStoreService.swift */ = {isa = PBXFileReference; lastKnownFileType = sourcecode.swift; path = KeychainStoreService.swift; sourceTree = "<group>"; };
		03CB3F03230C1185003D5DFD /* ProfileServiceProtocol.swift */ = {isa = PBXFileReference; lastKnownFileType = sourcecode.swift; path = ProfileServiceProtocol.swift; sourceTree = "<group>"; };
		03CB3F05230C1238003D5DFD /* TextileProfileService.swift */ = {isa = PBXFileReference; lastKnownFileType = sourcecode.swift; path = TextileProfileService.swift; sourceTree = "<group>"; };
		03CB3F07230C1EDE003D5DFD /* UIViewExtension.swift */ = {isa = PBXFileReference; lastKnownFileType = sourcecode.swift; path = UIViewExtension.swift; sourceTree = "<group>"; };
		03CB3F09230C2464003D5DFD /* UIColorExtension.swift */ = {isa = PBXFileReference; lastKnownFileType = sourcecode.swift; path = UIColorExtension.swift; sourceTree = "<group>"; };
		03CB3F0C230C3EAA003D5DFD /* ImageLoader.swift */ = {isa = PBXFileReference; lastKnownFileType = sourcecode.swift; path = ImageLoader.swift; sourceTree = "<group>"; };
		03CB3F0F230C414C003D5DFD /* ImageService.swift */ = {isa = PBXFileReference; lastKnownFileType = sourcecode.swift; path = ImageService.swift; sourceTree = "<group>"; };
		03CCADAB230457FC00701782 /* PinCodeViewModel.swift */ = {isa = PBXFileReference; lastKnownFileType = sourcecode.swift; path = PinCodeViewModel.swift; sourceTree = "<group>"; };
		03CCADAD2304589E00701782 /* PinCodeValidator.swift */ = {isa = PBXFileReference; lastKnownFileType = sourcecode.swift; path = PinCodeValidator.swift; sourceTree = "<group>"; };
		03D1A0492389F7650028371C /* CGPointExtension.swift */ = {isa = PBXFileReference; lastKnownFileType = sourcecode.swift; path = CGPointExtension.swift; sourceTree = "<group>"; };
		03E140CD22F73DC400FF7979 /* AuthRecoveryView.swift */ = {isa = PBXFileReference; lastKnownFileType = sourcecode.swift; path = AuthRecoveryView.swift; sourceTree = "<group>"; };
		03F7BD1D22F7A50400F47583 /* StandardButton.swift */ = {isa = PBXFileReference; fileEncoding = 4; lastKnownFileType = sourcecode.swift; path = StandardButton.swift; sourceTree = "<group>"; };
		03F7BD2022F7A5B100F47583 /* AuthPinCodeView.swift */ = {isa = PBXFileReference; fileEncoding = 4; lastKnownFileType = sourcecode.swift; path = AuthPinCodeView.swift; sourceTree = "<group>"; };
		03F7BD2222F7A62D00F47583 /* PinCodeDotsView.swift */ = {isa = PBXFileReference; fileEncoding = 4; lastKnownFileType = sourcecode.swift; path = PinCodeDotsView.swift; sourceTree = "<group>"; };
		0AAC965E2340C202006CE58C /* HomeViewContainerCoordinator.swift */ = {isa = PBXFileReference; fileEncoding = 4; lastKnownFileType = sourcecode.swift; path = HomeViewContainerCoordinator.swift; sourceTree = "<group>"; };
		0AAC965F2340C203006CE58C /* HomeViewContainerModel.swift */ = {isa = PBXFileReference; fileEncoding = 4; lastKnownFileType = sourcecode.swift; path = HomeViewContainerModel.swift; sourceTree = "<group>"; };
		0AAC96602340C203006CE58C /* HomeViewContainer.swift */ = {isa = PBXFileReference; fileEncoding = 4; lastKnownFileType = sourcecode.swift; path = HomeViewContainer.swift; sourceTree = "<group>"; };
		0AAC96642340C229006CE58C /* FontExtension.swift */ = {isa = PBXFileReference; fileEncoding = 4; lastKnownFileType = sourcecode.swift; path = FontExtension.swift; sourceTree = "<group>"; };
		0AAC96672340C288006CE58C /* en */ = {isa = PBXFileReference; lastKnownFileType = text.plist.strings; name = en; path = en.lproj/Localizable.strings; sourceTree = "<group>"; };
		0BC366CB79BD9D6A050327C8 /* Pods-AnyType.debug.xcconfig */ = {isa = PBXFileReference; includeInIndex = 1; lastKnownFileType = text.xcconfig; name = "Pods-AnyType.debug.xcconfig"; path = "Target Support Files/Pods-AnyType/Pods-AnyType.debug.xcconfig"; sourceTree = "<group>"; };
		D7C2067DFC803AF3166AC0C5 /* Pods-AnyType.release.xcconfig */ = {isa = PBXFileReference; includeInIndex = 1; lastKnownFileType = text.xcconfig; name = "Pods-AnyType.release.xcconfig"; path = "Target Support Files/Pods-AnyType/Pods-AnyType.release.xcconfig"; sourceTree = "<group>"; };
		E6481DF8EB3AC3E1963A2F62 /* Pods_AnyType.framework */ = {isa = PBXFileReference; explicitFileType = wrapper.framework; includeInIndex = 0; path = Pods_AnyType.framework; sourceTree = BUILT_PRODUCTS_DIR; };
/* End PBXFileReference section */

/* Begin PBXFrameworksBuildPhase section */
		0303ECF822D8EDAA005C552B /* Frameworks */ = {
			isa = PBXFrameworksBuildPhase;
			buildActionMask = 2147483647;
			files = (
				03C5C53B22DF785000DD91DE /* Security.framework in Frameworks */,
				0318D576230186CA000527B1 /* LocalAuthentication.framework in Frameworks */,
				E01C3E44BF7F318B576D9663 /* Pods_AnyType.framework in Frameworks */,
			);
			runOnlyForDeploymentPostprocessing = 0;
		};
		03C5C53D22DFD90C00DD91DE /* Frameworks */ = {
			isa = PBXFrameworksBuildPhase;
			buildActionMask = 2147483647;
			files = (
			);
			runOnlyForDeploymentPostprocessing = 0;
		};
/* End PBXFrameworksBuildPhase section */

/* Begin PBXGroup section */
		0303ECF222D8EDAA005C552B = {
			isa = PBXGroup;
			children = (
				0303ECFD22D8EDAA005C552B /* AnyType */,
				03C5C54122DFD90C00DD91DE /* AnyTypeTests */,
				0303ECFC22D8EDAA005C552B /* Products */,
				09D3C3F886505DD631723EC9 /* Pods */,
				ED79E6F7693FFE933050D8BC /* Frameworks */,
			);
			sourceTree = "<group>";
		};
		0303ECFC22D8EDAA005C552B /* Products */ = {
			isa = PBXGroup;
			children = (
				0303ECFB22D8EDAA005C552B /* AnyType.app */,
				03C5C54022DFD90C00DD91DE /* AnyTypeTests.xctest */,
			);
			name = Products;
			sourceTree = "<group>";
		};
		0303ECFD22D8EDAA005C552B /* AnyType */ = {
			isa = PBXGroup;
			children = (
				0303ED1222D8F231005C552B /* Sources */,
				038FB5C422D8F284002B90B8 /* Resources */,
				038FB5C522D8F2A0002B90B8 /* Supporting files */,
			);
			path = AnyType;
			sourceTree = "<group>";
		};
		0303ED0622D8EDAD005C552B /* Preview Content */ = {
			isa = PBXGroup;
			children = (
				0303ED0722D8EDAD005C552B /* Preview Assets.xcassets */,
			);
			path = "Preview Content";
			sourceTree = "<group>";
		};
		0303ED1222D8F231005C552B /* Sources */ = {
			isa = PBXGroup;
			children = (
				03746CF722DE504600380AA1 /* Helpers */,
				038FB5CB22D8F380002B90B8 /* FrameworkExtensions */,
				038FB5C722D8F304002B90B8 /* ApplicationLayer */,
				038FB5C922D8F32F002B90B8 /* Models */,
				038FB5CA22D8F34E002B90B8 /* CoreLayer */,
				038FB5C822D8F321002B90B8 /* ServiceLayer */,
				038FB5C622D8F2DE002B90B8 /* PresentationLayer */,
			);
			path = Sources;
			sourceTree = "<group>";
		};
		0318D5772302246A000527B1 /* EnterAccountSeedView */ = {
			isa = PBXGroup;
			children = (
				0318D578230224A2000527B1 /* EnterAccountSeedView.swift */,
				0318D57A23022687000527B1 /* EnterAccountSeedViewModel.swift */,
			);
			path = EnterAccountSeedView;
			sourceTree = "<group>";
		};
		031B35572346C5650066DDB8 /* BlocksViews */ = {
			isa = PBXGroup;
			children = (
				031B35582346C5B60066DDB8 /* BlockViewModifieres.swift */,
				03B65751234D47A90084D9F5 /* BlockViewRowBuilderProtocol.swift */,
				03B65750234D474A0084D9F5 /* TextableBlockViews */,
			);
			path = BlocksViews;
			sourceTree = "<group>";
		};
		032225DB22F87AB40064E544 /* Detail Picker View */ = {
			isa = PBXGroup;
			children = (
				032225D922F87AAB0064E544 /* DetailedPickerView.swift */,
				03A8011D22F8CAA100F31E01 /* PickerDetailView.swift */,
			);
			path = "Detail Picker View";
			sourceTree = "<group>";
		};
		0327B0B1232BB904007DB8A7 /* Documents */ = {
			isa = PBXGroup;
			children = (
				0327B0B2232BB994007DB8A7 /* DocumentModel.swift */,
				030DF86B23354EED00FE6DA5 /* BlockModel.swift */,
			);
			path = Documents;
			sourceTree = "<group>";
		};
		0327B0B4232BBA52007DB8A7 /* AnyTypeServices */ = {
			isa = PBXGroup;
			children = (
				03C6E84B233BAB35004EB6B6 /* DocumentServiceProtocol.swift */,
				0327B0B7232BBAD9007DB8A7 /* TestDocumentService.swift */,
			);
			path = AnyTypeServices;
			sourceTree = "<group>";
		};
		0331BBD722E5D8A1002AD179 /* Home Story */ = {
			isa = PBXGroup;
			children = (
				0AAC96602340C203006CE58C /* HomeViewContainer.swift */,
				0AAC965E2340C202006CE58C /* HomeViewContainerCoordinator.swift */,
				0AAC965F2340C203006CE58C /* HomeViewContainerModel.swift */,
				03B42F2B232910AF000F2BA2 /* Home View */,
			);
			path = "Home Story";
			sourceTree = "<group>";
		};
		0331BBD822E5D8AB002AD179 /* Profile Story */ = {
			isa = PBXGroup;
			children = (
				03913E51230B48120040CD4B /* ProfileView */,
				03913E52230B48330040CD4B /* ProfileSettingsView */,
				03913E53230B48510040CD4B /* PinCodeView */,
				03913E54230B485D0040CD4B /* KeychainPhraseView */,
				03913E55230B48780040CD4B /* About */,
			);
			path = "Profile Story";
			sourceTree = "<group>";
		};
		0331BBE122E608AC002AD179 /* Common Views */ = {
			isa = PBXGroup;
			children = (
				03425C5323849AAE00E22FF1 /* CustomScrollView.swift */,
				030DF8692333E4D000FE6DA5 /* TextView.swift */,
				03913E58230B5DA90040CD4B /* SelectColorView.swift */,
				03475B702306CFA900F8FCE7 /* Waiting Views */,
				039DA2E2230583DC0041F95C /* Alerts */,
				039DA2E1230583C00041F95C /* Save Recovery Phrase View */,
				032225DB22F87AB40064E544 /* Detail Picker View */,
				03F7BD1F22F7A58400F47583 /* PinCodeView */,
				0339382A22EF717100589108 /* Buttons */,
			);
			path = "Common Views";
			sourceTree = "<group>";
		};
		0339382422EF571600589108 /* Strings */ = {
			isa = PBXGroup;
			children = (
				0AAC96662340C288006CE58C /* Localizable.strings */,
				03A46A42231417D6009AC10C /* InfoPlist.strings */,
			);
			path = Strings;
			sourceTree = "<group>";
		};
		0339382A22EF717100589108 /* Buttons */ = {
			isa = PBXGroup;
			children = (
				03F7BD1D22F7A50400F47583 /* StandardButton.swift */,
				037CC4E423154AF900D5AB62 /* NavigationButtonView.swift */,
			);
			path = Buttons;
			sourceTree = "<group>";
		};
		0340D70B22F119B900D0BF88 /* SetupPinCodeView */ = {
			isa = PBXGroup;
			children = (
				03F7BD2022F7A5B100F47583 /* AuthPinCodeView.swift */,
				034BDD3622F4B48B00D8CD83 /* AuthPinCodeViewModel.swift */,
			);
			path = SetupPinCodeView;
			sourceTree = "<group>";
		};
		03475B702306CFA900F8FCE7 /* Waiting Views */ = {
			isa = PBXGroup;
			children = (
				03475B712306CFD000F8FCE7 /* OverlayWaitingView.swift */,
				03B55545230AD13A0070FDF3 /* ActivityIndicator.swift */,
			);
			path = "Waiting Views";
			sourceTree = "<group>";
		};
		0350A2E323295E0000E00FB5 /* HomeCollectionView */ = {
			isa = PBXGroup;
			children = (
				0327B0BA232BCE2A007DB8A7 /* HomeCollectionViewModel.swift */,
				0350A2E123293CE900E00FB5 /* HomeCollectionView.swift */,
				0350A2E423295E2200E00FB5 /* HomeCollectionViewDocumentCell.swift */,
				0350A2E6232960D900E00FB5 /* HomeCollectionViewPlusCell.swift */,
			);
			path = HomeCollectionView;
			sourceTree = "<group>";
		};
		03746CF722DE504600380AA1 /* Helpers */ = {
			isa = PBXGroup;
			children = (
				03746CF822DE506200380AA1 /* Constants.swift */,
			);
			path = Helpers;
			sourceTree = "<group>";
		};
		037AA83022E224B9002CB09F /* Auth Story */ = {
			isa = PBXGroup;
			children = (
				0318D5772302246A000527B1 /* EnterAccountSeedView */,
				0340D70B22F119B900D0BF88 /* SetupPinCodeView */,
				0388BF6F22F0A30A00B73E39 /* AuthRecoveryPhraseView */,
				0388BF6C22F0A27500B73E39 /* MainAuthView */,
			);
			path = "Auth Story";
			sourceTree = "<group>";
		};
		0388BF6C22F0A27500B73E39 /* MainAuthView */ = {
			isa = PBXGroup;
			children = (
				037AA83122E224EA002CB09F /* AuthView.swift */,
				0388BF7522F0A96900B73E39 /* AuthViewModel.swift */,
				0388BF7422F0A96800B73E39 /* AuthViewCoordinator.swift */,
			);
			path = MainAuthView;
			sourceTree = "<group>";
		};
		0388BF6F22F0A30A00B73E39 /* AuthRecoveryPhraseView */ = {
			isa = PBXGroup;
			children = (
				03E140CD22F73DC400FF7979 /* AuthRecoveryView.swift */,
				03592D8B22F7A7C0007CE7E2 /* AuthRecoveryViewModel.swift */,
			);
			path = AuthRecoveryPhraseView;
			sourceTree = "<group>";
		};
		0388BF7822F10D3D00B73E39 /* Fonts */ = {
			isa = PBXGroup;
			children = (
				0388BF7A22F10D7100B73E39 /* RobotoMono-Regular.ttf */,
			);
			path = Fonts;
			sourceTree = "<group>";
		};
		038FB5C422D8F284002B90B8 /* Resources */ = {
			isa = PBXGroup;
			children = (
				0303ED0422D8EDAD005C552B /* Assets.xcassets */,
				0339382422EF571600589108 /* Strings */,
				0388BF7822F10D3D00B73E39 /* Fonts */,
				0303ED0622D8EDAD005C552B /* Preview Content */,
			);
			path = Resources;
			sourceTree = "<group>";
		};
		038FB5C522D8F2A0002B90B8 /* Supporting files */ = {
			isa = PBXGroup;
			children = (
				0303ED0922D8EDAD005C552B /* LaunchScreen.storyboard */,
				0303ED0C22D8EDAD005C552B /* Info.plist */,
			);
			path = "Supporting files";
			sourceTree = "<group>";
		};
		038FB5C622D8F2DE002B90B8 /* PresentationLayer */ = {
			isa = PBXGroup;
			children = (
				03A24B8D232152ED00DA7369 /* TextEditor */,
				0331BBE122E608AC002AD179 /* Common Views */,
				0331BBD822E5D8AB002AD179 /* Profile Story */,
				0331BBD722E5D8A1002AD179 /* Home Story */,
				037AA83022E224B9002CB09F /* Auth Story */,
			);
			path = PresentationLayer;
			sourceTree = "<group>";
		};
		038FB5C722D8F304002B90B8 /* ApplicationLayer */ = {
			isa = PBXGroup;
			children = (
				0303ECFE22D8EDAA005C552B /* AppDelegate.swift */,
				0303ED0022D8EDAA005C552B /* SceneDelegate.swift */,
				037AA83322E34601002CB09F /* ApplicationCoordinator.swift */,
			);
			path = ApplicationLayer;
			sourceTree = "<group>";
		};
		038FB5C822D8F321002B90B8 /* ServiceLayer */ = {
			isa = PBXGroup;
			children = (
				0327B0B4232BBA52007DB8A7 /* AnyTypeServices */,
				03CB3F00230C104F003D5DFD /* AuthServices */,
				03CB3EFB230C0F52003D5DFD /* ProfileServices */,
				03AA488A22FA55E800D756AA /* StoreServices */,
			);
			path = ServiceLayer;
			sourceTree = "<group>";
		};
		038FB5C922D8F32F002B90B8 /* Models */ = {
			isa = PBXGroup;
			children = (
				0327B0B1232BB904007DB8A7 /* Documents */,
			);
			path = Models;
			sourceTree = "<group>";
		};
		038FB5CA22D8F34E002B90B8 /* CoreLayer */ = {
			isa = PBXGroup;
			children = (
				03CB3F0B230C3E98003D5DFD /* NetwrokLayer */,
				03C5C53422DF6C9900DD91DE /* StoreLayer */,
			);
			path = CoreLayer;
			sourceTree = "<group>";
		};
		038FB5CB22D8F380002B90B8 /* FrameworkExtensions */ = {
			isa = PBXGroup;
			children = (
				0AAC96642340C229006CE58C /* FontExtension.swift */,
				03475B6E2306031D00F8FCE7 /* ViewExtension.swift */,
				03CB3F07230C1EDE003D5DFD /* UIViewExtension.swift */,
				03CB3F09230C2464003D5DFD /* UIColorExtension.swift */,
				03A24B8B231EC07700DA7369 /* ArrayExtension.swift */,
				03425C512383726400E22FF1 /* GeometryExtension.swift */,
				03D1A0492389F7650028371C /* CGPointExtension.swift */,
			);
			path = FrameworkExtensions;
			sourceTree = "<group>";
		};
		03913E51230B48120040CD4B /* ProfileView */ = {
			isa = PBXGroup;
			children = (
				0303ED0222D8EDAA005C552B /* ProfileView.swift */,
				0311612D22DE0D1700885211 /* ProfileViewModel.swift */,
				03C50829230AE32900A1BD9D /* ProfileViewCoordinator.swift */,
			);
			path = ProfileView;
			sourceTree = "<group>";
		};
		03913E52230B48330040CD4B /* ProfileSettingsView */ = {
			isa = PBXGroup;
			children = (
				03913E56230B48B40040CD4B /* ProfileSettingsView.swift */,
			);
			path = ProfileSettingsView;
			sourceTree = "<group>";
		};
		03913E53230B48510040CD4B /* PinCodeView */ = {
			isa = PBXGroup;
			children = (
			);
			path = PinCodeView;
			sourceTree = "<group>";
		};
		03913E54230B485D0040CD4B /* KeychainPhraseView */ = {
			isa = PBXGroup;
			children = (
			);
			path = KeychainPhraseView;
			sourceTree = "<group>";
		};
		03913E55230B48780040CD4B /* About */ = {
			isa = PBXGroup;
			children = (
			);
			path = About;
			sourceTree = "<group>";
		};
		039DA2E1230583C00041F95C /* Save Recovery Phrase View */ = {
			isa = PBXGroup;
			children = (
				03527A0622F7A44B004F0418 /* SaveRecoveryPhraseView.swift */,
			);
			path = "Save Recovery Phrase View";
			sourceTree = "<group>";
		};
		039DA2E2230583DC0041F95C /* Alerts */ = {
			isa = PBXGroup;
			children = (
				039DA2E52305843D0041F95C /* ErrorAlertView.swift */,
			);
			path = Alerts;
			sourceTree = "<group>";
		};
		03A24B8D232152ED00DA7369 /* TextEditor */ = {
			isa = PBXGroup;
			children = (
				031B35572346C5650066DDB8 /* BlocksViews */,
				030DF8672333E3DD00FE6DA5 /* DocumentView.swift */,
				030DF8632333E31100FE6DA5 /* DocumentViewModel.swift */,
				031B355523465DFF0066DDB8 /* EmptyDocumentView.swift */,
			);
			path = TextEditor;
			sourceTree = "<group>";
		};
		03AA488A22FA55E800D756AA /* StoreServices */ = {
			isa = PBXGroup;
			children = (
				03C5C53722DF6C9900DD91DE /* StoreServiceProtocol.swift */,
				03CB3EFE230C0FF2003D5DFD /* KeychainStoreService.swift */,
				03AA488C22FA5C8A00D756AA /* UserDefault.swift */,
			);
			path = StoreServices;
			sourceTree = "<group>";
		};
		03B42F2B232910AF000F2BA2 /* Home View */ = {
			isa = PBXGroup;
			children = (
				0350A2E323295E0000E00FB5 /* HomeCollectionView */,
				03B42F29232910AB000F2BA2 /* HomeView.swift */,
				0327B0AF232BB876007DB8A7 /* HomeViewModel.swift */,
			);
			path = "Home View";
			sourceTree = "<group>";
		};
		03B65750234D474A0084D9F5 /* TextableBlockViews */ = {
			isa = PBXGroup;
			children = (
				03B6574E234CEDC70084D9F5 /* TextBlockViewModel.swift */,
				031B355323465BBA0066DDB8 /* TextBlockView.swift */,
			);
			path = TextableBlockViews;
			sourceTree = "<group>";
		};
		03C5C53422DF6C9900DD91DE /* StoreLayer */ = {
			isa = PBXGroup;
			children = (
				03C5C53522DF6C9900DD91DE /* KeychainStore */,
			);
			path = StoreLayer;
			sourceTree = "<group>";
		};
		03C5C53522DF6C9900DD91DE /* KeychainStore */ = {
			isa = PBXGroup;
			children = (
				03C5C53622DF6C9900DD91DE /* KeychainStore.swift */,
				03C5C54A22E09E0F00DD91DE /* SecureStoreQueryable.swift */,
				03C5C54C22E0A0C100DD91DE /* InternetProtocol.swift */,
				03C5C54E22E0A16700DD91DE /* InternetAuthenticationType.swift */,
				03C5C55022E0A3E800DD91DE /* KeychainError.swift */,
			);
			path = KeychainStore;
			sourceTree = "<group>";
		};
		03C5C54122DFD90C00DD91DE /* AnyTypeTests */ = {
			isa = PBXGroup;
			children = (
				03C5C54222DFD90C00DD91DE /* AnyTypeTests.swift */,
				03C5C54422DFD90C00DD91DE /* Info.plist */,
			);
			path = AnyTypeTests;
			sourceTree = "<group>";
		};
		03CB3EFB230C0F52003D5DFD /* ProfileServices */ = {
			isa = PBXGroup;
			children = (
				03CB3F03230C1185003D5DFD /* ProfileServiceProtocol.swift */,
				03CB3F05230C1238003D5DFD /* TextileProfileService.swift */,
			);
			path = ProfileServices;
			sourceTree = "<group>";
		};
		03CB3F00230C104F003D5DFD /* AuthServices */ = {
			isa = PBXGroup;
			children = (
				03CB3EFD230C0FC4003D5DFD /* AuthServiceProtocol.swift */,
				03CB3EFC230C0F8F003D5DFD /* TextileAuthService.swift */,
			);
			path = AuthServices;
			sourceTree = "<group>";
		};
		03CB3F0B230C3E98003D5DFD /* NetwrokLayer */ = {
			isa = PBXGroup;
			children = (
				03CB3F0E230C4137003D5DFD /* ImageLoader */,
			);
			path = NetwrokLayer;
			sourceTree = "<group>";
		};
		03CB3F0E230C4137003D5DFD /* ImageLoader */ = {
			isa = PBXGroup;
			children = (
				03CB3F0C230C3EAA003D5DFD /* ImageLoader.swift */,
				03CB3F0F230C414C003D5DFD /* ImageService.swift */,
			);
			path = ImageLoader;
			sourceTree = "<group>";
		};
		03F7BD1F22F7A58400F47583 /* PinCodeView */ = {
			isa = PBXGroup;
			children = (
				0340D70E22F119EA00D0BF88 /* PinCodeView.swift */,
				03CCADAB230457FC00701782 /* PinCodeViewModel.swift */,
				03CCADAD2304589E00701782 /* PinCodeValidator.swift */,
				03F7BD2222F7A62D00F47583 /* PinCodeDotsView.swift */,
			);
			path = PinCodeView;
			sourceTree = "<group>";
		};
		09D3C3F886505DD631723EC9 /* Pods */ = {
			isa = PBXGroup;
			children = (
				0BC366CB79BD9D6A050327C8 /* Pods-AnyType.debug.xcconfig */,
				D7C2067DFC803AF3166AC0C5 /* Pods-AnyType.release.xcconfig */,
			);
			path = Pods;
			sourceTree = "<group>";
		};
		ED79E6F7693FFE933050D8BC /* Frameworks */ = {
			isa = PBXGroup;
			children = (
				0318D575230186CA000527B1 /* LocalAuthentication.framework */,
				03C5C53A22DF785000DD91DE /* Security.framework */,
				037E9AA222DCE124001ADA30 /* Textile.framework */,
				E6481DF8EB3AC3E1963A2F62 /* Pods_AnyType.framework */,
			);
			name = Frameworks;
			sourceTree = "<group>";
		};
/* End PBXGroup section */

/* Begin PBXNativeTarget section */
		0303ECFA22D8EDAA005C552B /* AnyType */ = {
			isa = PBXNativeTarget;
			buildConfigurationList = 0303ED0F22D8EDAD005C552B /* Build configuration list for PBXNativeTarget "AnyType" */;
			buildPhases = (
				F4666BB9EFB7A2930D402FF9 /* [CP] Check Pods Manifest.lock */,
				0303ECF722D8EDAA005C552B /* Sources */,
				0303ECF822D8EDAA005C552B /* Frameworks */,
				0303ECF922D8EDAA005C552B /* Resources */,
				B8ED11760C5129B6BD85B4AE /* [CP] Embed Pods Frameworks */,
			);
			buildRules = (
			);
			dependencies = (
			);
			name = AnyType;
			productName = AnyType;
			productReference = 0303ECFB22D8EDAA005C552B /* AnyType.app */;
			productType = "com.apple.product-type.application";
		};
		03C5C53F22DFD90C00DD91DE /* AnyTypeTests */ = {
			isa = PBXNativeTarget;
			buildConfigurationList = 03C5C54722DFD90C00DD91DE /* Build configuration list for PBXNativeTarget "AnyTypeTests" */;
			buildPhases = (
				03C5C53C22DFD90C00DD91DE /* Sources */,
				03C5C53D22DFD90C00DD91DE /* Frameworks */,
				03C5C53E22DFD90C00DD91DE /* Resources */,
			);
			buildRules = (
			);
			dependencies = (
				03C5C54622DFD90C00DD91DE /* PBXTargetDependency */,
			);
			name = AnyTypeTests;
			productName = AnyTypeTests;
			productReference = 03C5C54022DFD90C00DD91DE /* AnyTypeTests.xctest */;
			productType = "com.apple.product-type.bundle.unit-test";
		};
/* End PBXNativeTarget section */

/* Begin PBXProject section */
		0303ECF322D8EDAA005C552B /* Project object */ = {
			isa = PBXProject;
			attributes = {
				LastSwiftUpdateCheck = 1100;
				LastUpgradeCheck = 1100;
				ORGANIZATIONNAME = AnyType;
				TargetAttributes = {
					0303ECFA22D8EDAA005C552B = {
						CreatedOnToolsVersion = 11.0;
					};
					03C5C53F22DFD90C00DD91DE = {
						CreatedOnToolsVersion = 11.0;
						TestTargetID = 0303ECFA22D8EDAA005C552B;
					};
				};
			};
			buildConfigurationList = 0303ECF622D8EDAA005C552B /* Build configuration list for PBXProject "AnyType" */;
			compatibilityVersion = "Xcode 9.3";
			developmentRegion = en;
			hasScannedForEncodings = 0;
			knownRegions = (
				en,
				Base,
			);
			mainGroup = 0303ECF222D8EDAA005C552B;
			productRefGroup = 0303ECFC22D8EDAA005C552B /* Products */;
			projectDirPath = "";
			projectRoot = "";
			targets = (
				0303ECFA22D8EDAA005C552B /* AnyType */,
				03C5C53F22DFD90C00DD91DE /* AnyTypeTests */,
			);
		};
/* End PBXProject section */

/* Begin PBXResourcesBuildPhase section */
		0303ECF922D8EDAA005C552B /* Resources */ = {
			isa = PBXResourcesBuildPhase;
			buildActionMask = 2147483647;
			files = (
				0388BF7B22F10F9B00B73E39 /* RobotoMono-Regular.ttf in Resources */,
				0AAC96682340C288006CE58C /* Localizable.strings in Resources */,
				03A46A40231417D6009AC10C /* InfoPlist.strings in Resources */,
				0303ED0B22D8EDAD005C552B /* LaunchScreen.storyboard in Resources */,
				0303ED0822D8EDAD005C552B /* Preview Assets.xcassets in Resources */,
				0303ED0522D8EDAD005C552B /* Assets.xcassets in Resources */,
			);
			runOnlyForDeploymentPostprocessing = 0;
		};
		03C5C53E22DFD90C00DD91DE /* Resources */ = {
			isa = PBXResourcesBuildPhase;
			buildActionMask = 2147483647;
			files = (
			);
			runOnlyForDeploymentPostprocessing = 0;
		};
/* End PBXResourcesBuildPhase section */

/* Begin PBXShellScriptBuildPhase section */
		B8ED11760C5129B6BD85B4AE /* [CP] Embed Pods Frameworks */ = {
			isa = PBXShellScriptBuildPhase;
			buildActionMask = 2147483647;
			files = (
			);
			inputFileListPaths = (
				"${PODS_ROOT}/Target Support Files/Pods-AnyType/Pods-AnyType-frameworks-${CONFIGURATION}-input-files.xcfilelist",
			);
			name = "[CP] Embed Pods Frameworks";
			outputFileListPaths = (
				"${PODS_ROOT}/Target Support Files/Pods-AnyType/Pods-AnyType-frameworks-${CONFIGURATION}-output-files.xcfilelist",
			);
			runOnlyForDeploymentPostprocessing = 0;
			shellPath = /bin/sh;
			shellScript = "\"${PODS_ROOT}/Target Support Files/Pods-AnyType/Pods-AnyType-frameworks.sh\"\n";
			showEnvVarsInLog = 0;
		};
		F4666BB9EFB7A2930D402FF9 /* [CP] Check Pods Manifest.lock */ = {
			isa = PBXShellScriptBuildPhase;
			buildActionMask = 2147483647;
			files = (
			);
			inputFileListPaths = (
			);
			inputPaths = (
				"${PODS_PODFILE_DIR_PATH}/Podfile.lock",
				"${PODS_ROOT}/Manifest.lock",
			);
			name = "[CP] Check Pods Manifest.lock";
			outputFileListPaths = (
			);
			outputPaths = (
				"$(DERIVED_FILE_DIR)/Pods-AnyType-checkManifestLockResult.txt",
			);
			runOnlyForDeploymentPostprocessing = 0;
			shellPath = /bin/sh;
			shellScript = "diff \"${PODS_PODFILE_DIR_PATH}/Podfile.lock\" \"${PODS_ROOT}/Manifest.lock\" > /dev/null\nif [ $? != 0 ] ; then\n    # print error to STDERR\n    echo \"error: The sandbox is not in sync with the Podfile.lock. Run 'pod install' or update your CocoaPods installation.\" >&2\n    exit 1\nfi\n# This output is used by Xcode 'outputs' to avoid re-running this script phase.\necho \"SUCCESS\" > \"${SCRIPT_OUTPUT_FILE_0}\"\n";
			showEnvVarsInLog = 0;
		};
/* End PBXShellScriptBuildPhase section */

/* Begin PBXSourcesBuildPhase section */
		0303ECF722D8EDAA005C552B /* Sources */ = {
			isa = PBXSourcesBuildPhase;
			buildActionMask = 2147483647;
			files = (
				03CB3F02230C10FE003D5DFD /* TextileAuthService.swift in Sources */,
				03CB3F01230C10E9003D5DFD /* AuthServiceProtocol.swift in Sources */,
				03527A0722F7A44B004F0418 /* SaveRecoveryPhraseView.swift in Sources */,
				03746CF922DE506200380AA1 /* Constants.swift in Sources */,
				031B35592346C5B60066DDB8 /* BlockViewModifieres.swift in Sources */,
				03592D8C22F7A7C0007CE7E2 /* AuthRecoveryViewModel.swift in Sources */,
				0AAC96622340C203006CE58C /* HomeViewContainerModel.swift in Sources */,
				037B91CE23438E77004EBCCD /* HomeViewContainer.swift in Sources */,
				03B65752234D47A90084D9F5 /* BlockViewRowBuilderProtocol.swift in Sources */,
				03CB3F08230C1EDE003D5DFD /* UIViewExtension.swift in Sources */,
				031EA61E2302C62D00584EFD /* EnterAccountSeedViewModel.swift in Sources */,
				0311612E22DE0D1700885211 /* ProfileViewModel.swift in Sources */,
				0388BF7622F0A96900B73E39 /* AuthViewCoordinator.swift in Sources */,
				037AA83422E34601002CB09F /* ApplicationCoordinator.swift in Sources */,
				03425C5423849AAF00E22FF1 /* CustomScrollView.swift in Sources */,
				03CB3F0A230C2464003D5DFD /* UIColorExtension.swift in Sources */,
				0340D70F22F119EA00D0BF88 /* PinCodeView.swift in Sources */,
				037AA83222E224EA002CB09F /* AuthView.swift in Sources */,
				030DF86A2333E4D000FE6DA5 /* TextView.swift in Sources */,
				032225DA22F87AAB0064E544 /* DetailedPickerView.swift in Sources */,
				030DF8642333E31100FE6DA5 /* DocumentViewModel.swift in Sources */,
				03B55546230AD13A0070FDF3 /* ActivityIndicator.swift in Sources */,
				039DA2E62305843D0041F95C /* ErrorAlertView.swift in Sources */,
				03CB3EFF230C0FF2003D5DFD /* KeychainStoreService.swift in Sources */,
				030DF8682333E3DD00FE6DA5 /* DocumentView.swift in Sources */,
				0303ECFF22D8EDAA005C552B /* AppDelegate.swift in Sources */,
				03913E59230B5DAA0040CD4B /* SelectColorView.swift in Sources */,
				03F7BD2122F7A5B100F47583 /* AuthPinCodeView.swift in Sources */,
				03CB3F0D230C3EAA003D5DFD /* ImageLoader.swift in Sources */,
				030DF86C23354EEE00FE6DA5 /* BlockModel.swift in Sources */,
				034BDD3722F4B48C00D8CD83 /* AuthPinCodeViewModel.swift in Sources */,
				03CB3F10230C414C003D5DFD /* ImageService.swift in Sources */,
				03C5C54D22E0A0C200DD91DE /* InternetProtocol.swift in Sources */,
				037CC4E523154AF900D5AB62 /* NavigationButtonView.swift in Sources */,
				03F7BD2322F7A62D00F47583 /* PinCodeDotsView.swift in Sources */,
				03C6E84C233BAB35004EB6B6 /* DocumentServiceProtocol.swift in Sources */,
				03CCADAE2304589E00701782 /* PinCodeValidator.swift in Sources */,
				03AA488D22FA5C8B00D756AA /* UserDefault.swift in Sources */,
				0AAC96612340C203006CE58C /* HomeViewContainerCoordinator.swift in Sources */,
				03C5C54B22E09E0F00DD91DE /* SecureStoreQueryable.swift in Sources */,
				0303ED0122D8EDAA005C552B /* SceneDelegate.swift in Sources */,
				03425C522383726400E22FF1 /* GeometryExtension.swift in Sources */,
				03CB3F06230C1238003D5DFD /* TextileProfileService.swift in Sources */,
				03990FB4230CCA2D00C82AD5 /* ProfileView.swift in Sources */,
				031B355423465BBA0066DDB8 /* TextBlockView.swift in Sources */,
				03475B722306CFD000F8FCE7 /* OverlayWaitingView.swift in Sources */,
				0350A2E223293CE900E00FB5 /* HomeCollectionView.swift in Sources */,
				03C5C54F22E0A16700DD91DE /* InternetAuthenticationType.swift in Sources */,
				03B42F2A232910AB000F2BA2 /* HomeView.swift in Sources */,
				03B6574F234CEDC70084D9F5 /* TextBlockViewModel.swift in Sources */,
				03913E57230B48B40040CD4B /* ProfileSettingsView.swift in Sources */,
				0327B0BB232BCE2A007DB8A7 /* HomeCollectionViewModel.swift in Sources */,
				0350A2E523295E2200E00FB5 /* HomeCollectionViewDocumentCell.swift in Sources */,
				0350A2E7232960D900E00FB5 /* HomeCollectionViewPlusCell.swift in Sources */,
				0327B0B0232BB876007DB8A7 /* HomeViewModel.swift in Sources */,
				0327B0B3232BB994007DB8A7 /* DocumentModel.swift in Sources */,
				03E140CE22F73DC400FF7979 /* AuthRecoveryView.swift in Sources */,
				031EA61F2302C8A100584EFD /* EnterAccountSeedView.swift in Sources */,
				03D1A04A2389F7650028371C /* CGPointExtension.swift in Sources */,
				03F7BD1E22F7A50400F47583 /* StandardButton.swift in Sources */,
				0AAC96652340C229006CE58C /* FontExtension.swift in Sources */,
				03C5C53922DF6C9900DD91DE /* StoreServiceProtocol.swift in Sources */,
				0388BF7722F0A96900B73E39 /* AuthViewModel.swift in Sources */,
				03A8011E22F8CAA200F31E01 /* PickerDetailView.swift in Sources */,
				031B355623465DFF0066DDB8 /* EmptyDocumentView.swift in Sources */,
				03475B6F2306031D00F8FCE7 /* ViewExtension.swift in Sources */,
				03C5C55122E0A3E800DD91DE /* KeychainError.swift in Sources */,
				0327B0B8232BBAD9007DB8A7 /* TestDocumentService.swift in Sources */,
				03C5082A230AE32900A1BD9D /* ProfileViewCoordinator.swift in Sources */,
				03C5C53822DF6C9900DD91DE /* KeychainStore.swift in Sources */,
				03CB3F04230C1185003D5DFD /* ProfileServiceProtocol.swift in Sources */,
				03CCADAC230457FC00701782 /* PinCodeViewModel.swift in Sources */,
				03A24B8C231EC07700DA7369 /* ArrayExtension.swift in Sources */,
			);
			runOnlyForDeploymentPostprocessing = 0;
		};
		03C5C53C22DFD90C00DD91DE /* Sources */ = {
			isa = PBXSourcesBuildPhase;
			buildActionMask = 2147483647;
			files = (
				03C5C54322DFD90C00DD91DE /* AnyTypeTests.swift in Sources */,
			);
			runOnlyForDeploymentPostprocessing = 0;
		};
/* End PBXSourcesBuildPhase section */

/* Begin PBXTargetDependency section */
		03C5C54622DFD90C00DD91DE /* PBXTargetDependency */ = {
			isa = PBXTargetDependency;
			target = 0303ECFA22D8EDAA005C552B /* AnyType */;
			targetProxy = 03C5C54522DFD90C00DD91DE /* PBXContainerItemProxy */;
		};
/* End PBXTargetDependency section */

/* Begin PBXVariantGroup section */
		0303ED0922D8EDAD005C552B /* LaunchScreen.storyboard */ = {
			isa = PBXVariantGroup;
			children = (
				0303ED0A22D8EDAD005C552B /* Base */,
			);
			name = LaunchScreen.storyboard;
			sourceTree = "<group>";
		};
		03A46A42231417D6009AC10C /* InfoPlist.strings */ = {
			isa = PBXVariantGroup;
			children = (
				03A46A41231417D6009AC10C /* en */,
			);
			name = InfoPlist.strings;
			sourceTree = "<group>";
		};
		0AAC96662340C288006CE58C /* Localizable.strings */ = {
			isa = PBXVariantGroup;
			children = (
				0AAC96672340C288006CE58C /* en */,
			);
			name = Localizable.strings;
			sourceTree = "<group>";
		};
/* End PBXVariantGroup section */

/* Begin XCBuildConfiguration section */
		0303ED0D22D8EDAD005C552B /* Debug */ = {
			isa = XCBuildConfiguration;
			buildSettings = {
				ALWAYS_SEARCH_USER_PATHS = NO;
				CLANG_ANALYZER_NONNULL = YES;
				CLANG_ANALYZER_NUMBER_OBJECT_CONVERSION = YES_AGGRESSIVE;
				CLANG_CXX_LANGUAGE_STANDARD = "gnu++14";
				CLANG_CXX_LIBRARY = "libc++";
				CLANG_ENABLE_MODULES = YES;
				CLANG_ENABLE_OBJC_ARC = YES;
				CLANG_ENABLE_OBJC_WEAK = YES;
				CLANG_WARN_BLOCK_CAPTURE_AUTORELEASING = YES;
				CLANG_WARN_BOOL_CONVERSION = YES;
				CLANG_WARN_COMMA = YES;
				CLANG_WARN_CONSTANT_CONVERSION = YES;
				CLANG_WARN_DEPRECATED_OBJC_IMPLEMENTATIONS = YES;
				CLANG_WARN_DIRECT_OBJC_ISA_USAGE = YES_ERROR;
				CLANG_WARN_DOCUMENTATION_COMMENTS = YES;
				CLANG_WARN_EMPTY_BODY = YES;
				CLANG_WARN_ENUM_CONVERSION = YES;
				CLANG_WARN_INFINITE_RECURSION = YES;
				CLANG_WARN_INT_CONVERSION = YES;
				CLANG_WARN_NON_LITERAL_NULL_CONVERSION = YES;
				CLANG_WARN_OBJC_IMPLICIT_RETAIN_SELF = YES;
				CLANG_WARN_OBJC_LITERAL_CONVERSION = YES;
				CLANG_WARN_OBJC_ROOT_CLASS = YES_ERROR;
				CLANG_WARN_RANGE_LOOP_ANALYSIS = YES;
				CLANG_WARN_STRICT_PROTOTYPES = YES;
				CLANG_WARN_SUSPICIOUS_MOVE = YES;
				CLANG_WARN_UNGUARDED_AVAILABILITY = YES_AGGRESSIVE;
				CLANG_WARN_UNREACHABLE_CODE = YES;
				CLANG_WARN__DUPLICATE_METHOD_MATCH = YES;
				COPY_PHASE_STRIP = NO;
				DEBUG_INFORMATION_FORMAT = dwarf;
				ENABLE_BITCODE = NO;
				ENABLE_STRICT_OBJC_MSGSEND = YES;
				ENABLE_TESTABILITY = YES;
				GCC_C_LANGUAGE_STANDARD = gnu11;
				GCC_DYNAMIC_NO_PIC = NO;
				GCC_NO_COMMON_BLOCKS = YES;
				GCC_OPTIMIZATION_LEVEL = 0;
				GCC_PREPROCESSOR_DEFINITIONS = (
					"DEBUG=1",
					"$(inherited)",
				);
				GCC_WARN_64_TO_32_BIT_CONVERSION = YES;
				GCC_WARN_ABOUT_RETURN_TYPE = YES_ERROR;
				GCC_WARN_UNDECLARED_SELECTOR = YES;
				GCC_WARN_UNINITIALIZED_AUTOS = YES_AGGRESSIVE;
				GCC_WARN_UNUSED_FUNCTION = YES;
				GCC_WARN_UNUSED_VARIABLE = YES;
				IPHONEOS_DEPLOYMENT_TARGET = 13.1;
				MTL_ENABLE_DEBUG_INFO = INCLUDE_SOURCE;
				MTL_FAST_MATH = YES;
				ONLY_ACTIVE_ARCH = YES;
				SDKROOT = iphoneos;
				SWIFT_ACTIVE_COMPILATION_CONDITIONS = DEBUG;
				SWIFT_OPTIMIZATION_LEVEL = "-Onone";
				SWIFT_VERSION = 5.0;
			};
			name = Debug;
		};
		0303ED0E22D8EDAD005C552B /* Release */ = {
			isa = XCBuildConfiguration;
			buildSettings = {
				ALWAYS_SEARCH_USER_PATHS = NO;
				CLANG_ANALYZER_NONNULL = YES;
				CLANG_ANALYZER_NUMBER_OBJECT_CONVERSION = YES_AGGRESSIVE;
				CLANG_CXX_LANGUAGE_STANDARD = "gnu++14";
				CLANG_CXX_LIBRARY = "libc++";
				CLANG_ENABLE_MODULES = YES;
				CLANG_ENABLE_OBJC_ARC = YES;
				CLANG_ENABLE_OBJC_WEAK = YES;
				CLANG_WARN_BLOCK_CAPTURE_AUTORELEASING = YES;
				CLANG_WARN_BOOL_CONVERSION = YES;
				CLANG_WARN_COMMA = YES;
				CLANG_WARN_CONSTANT_CONVERSION = YES;
				CLANG_WARN_DEPRECATED_OBJC_IMPLEMENTATIONS = YES;
				CLANG_WARN_DIRECT_OBJC_ISA_USAGE = YES_ERROR;
				CLANG_WARN_DOCUMENTATION_COMMENTS = YES;
				CLANG_WARN_EMPTY_BODY = YES;
				CLANG_WARN_ENUM_CONVERSION = YES;
				CLANG_WARN_INFINITE_RECURSION = YES;
				CLANG_WARN_INT_CONVERSION = YES;
				CLANG_WARN_NON_LITERAL_NULL_CONVERSION = YES;
				CLANG_WARN_OBJC_IMPLICIT_RETAIN_SELF = YES;
				CLANG_WARN_OBJC_LITERAL_CONVERSION = YES;
				CLANG_WARN_OBJC_ROOT_CLASS = YES_ERROR;
				CLANG_WARN_RANGE_LOOP_ANALYSIS = YES;
				CLANG_WARN_STRICT_PROTOTYPES = YES;
				CLANG_WARN_SUSPICIOUS_MOVE = YES;
				CLANG_WARN_UNGUARDED_AVAILABILITY = YES_AGGRESSIVE;
				CLANG_WARN_UNREACHABLE_CODE = YES;
				CLANG_WARN__DUPLICATE_METHOD_MATCH = YES;
				COPY_PHASE_STRIP = NO;
				DEBUG_INFORMATION_FORMAT = "dwarf-with-dsym";
				ENABLE_BITCODE = NO;
				ENABLE_NS_ASSERTIONS = NO;
				ENABLE_STRICT_OBJC_MSGSEND = YES;
				GCC_C_LANGUAGE_STANDARD = gnu11;
				GCC_NO_COMMON_BLOCKS = YES;
				GCC_WARN_64_TO_32_BIT_CONVERSION = YES;
				GCC_WARN_ABOUT_RETURN_TYPE = YES_ERROR;
				GCC_WARN_UNDECLARED_SELECTOR = YES;
				GCC_WARN_UNINITIALIZED_AUTOS = YES_AGGRESSIVE;
				GCC_WARN_UNUSED_FUNCTION = YES;
				GCC_WARN_UNUSED_VARIABLE = YES;
				IPHONEOS_DEPLOYMENT_TARGET = 13.1;
				MTL_ENABLE_DEBUG_INFO = NO;
				MTL_FAST_MATH = YES;
				SDKROOT = iphoneos;
				SWIFT_COMPILATION_MODE = wholemodule;
				SWIFT_OPTIMIZATION_LEVEL = "-O";
				SWIFT_VERSION = 5.0;
				VALIDATE_PRODUCT = YES;
			};
			name = Release;
		};
		0303ED1022D8EDAD005C552B /* Debug */ = {
			isa = XCBuildConfiguration;
			baseConfigurationReference = 0BC366CB79BD9D6A050327C8 /* Pods-AnyType.debug.xcconfig */;
			buildSettings = {
				ASSETCATALOG_COMPILER_APPICON_NAME = AppIcon;
				CODE_SIGN_STYLE = Automatic;
				DEVELOPMENT_ASSET_PATHS = "AnyType/Resources/Preview\\ Content";
				DEVELOPMENT_TEAM = H63H9V7D82;
				ENABLE_BITCODE = NO;
				ENABLE_PREVIEWS = YES;
				HEADER_SEARCH_PATHS = (
					"$(inherited)",
					"\"${PODS_CONFIGURATION_BUILD_DIR}/Protobuf/Protobuf.framework/Headers\"",
					"\"${PODS_CONFIGURATION_BUILD_DIR}/Textile/Textile.framework/Headers\"",
					"\"${PODS_CONFIGURATION_BUILD_DIR}/TextileCore/TextileCore.framework/Headers\"",
				);
				INFOPLIST_FILE = "$(SRCROOT)/AnyType/Supporting files/Info.plist";
				IPHONEOS_DEPLOYMENT_TARGET = 13.1;
				LD_RUNPATH_SEARCH_PATHS = (
					"$(inherited)",
					"@executable_path/Frameworks",
				);
				PRODUCT_BUNDLE_IDENTIFIER = org.AnyType;
				PRODUCT_NAME = "$(TARGET_NAME)";
				SWIFT_VERSION = 5.0;
				TARGETED_DEVICE_FAMILY = "1,2";
			};
			name = Debug;
		};
		0303ED1122D8EDAD005C552B /* Release */ = {
			isa = XCBuildConfiguration;
			baseConfigurationReference = D7C2067DFC803AF3166AC0C5 /* Pods-AnyType.release.xcconfig */;
			buildSettings = {
				ASSETCATALOG_COMPILER_APPICON_NAME = AppIcon;
				CODE_SIGN_STYLE = Automatic;
				DEVELOPMENT_ASSET_PATHS = "AnyType/Resources/Preview\\ Content";
				DEVELOPMENT_TEAM = H63H9V7D82;
				ENABLE_BITCODE = NO;
				ENABLE_PREVIEWS = YES;
				HEADER_SEARCH_PATHS = (
					"$(inherited)",
					"\"${PODS_CONFIGURATION_BUILD_DIR}/Protobuf/Protobuf.framework/Headers\"",
					"\"${PODS_CONFIGURATION_BUILD_DIR}/Textile/Textile.framework/Headers\"",
					"\"${PODS_CONFIGURATION_BUILD_DIR}/TextileCore/TextileCore.framework/Headers\"",
				);
				INFOPLIST_FILE = "$(SRCROOT)/AnyType/Supporting files/Info.plist";
				IPHONEOS_DEPLOYMENT_TARGET = 13.1;
				LD_RUNPATH_SEARCH_PATHS = (
					"$(inherited)",
					"@executable_path/Frameworks",
				);
				PRODUCT_BUNDLE_IDENTIFIER = org.AnyType;
				PRODUCT_NAME = "$(TARGET_NAME)";
				SWIFT_VERSION = 5.0;
				TARGETED_DEVICE_FAMILY = "1,2";
			};
			name = Release;
		};
		03C5C54822DFD90C00DD91DE /* Debug */ = {
			isa = XCBuildConfiguration;
			buildSettings = {
				BUNDLE_LOADER = "$(TEST_HOST)";
				CODE_SIGN_STYLE = Automatic;
				INFOPLIST_FILE = AnyTypeTests/Info.plist;
				LD_RUNPATH_SEARCH_PATHS = (
					"$(inherited)",
					"@executable_path/Frameworks",
					"@loader_path/Frameworks",
				);
				PRODUCT_BUNDLE_IDENTIFIER = com.AnyTypeTests;
				PRODUCT_NAME = "$(TARGET_NAME)";
				SWIFT_VERSION = 5.0;
				TARGETED_DEVICE_FAMILY = "1,2";
				TEST_HOST = "$(BUILT_PRODUCTS_DIR)/AnyType.app/AnyType";
			};
			name = Debug;
		};
		03C5C54922DFD90C00DD91DE /* Release */ = {
			isa = XCBuildConfiguration;
			buildSettings = {
				BUNDLE_LOADER = "$(TEST_HOST)";
				CODE_SIGN_STYLE = Automatic;
				INFOPLIST_FILE = AnyTypeTests/Info.plist;
				LD_RUNPATH_SEARCH_PATHS = (
					"$(inherited)",
					"@executable_path/Frameworks",
					"@loader_path/Frameworks",
				);
				PRODUCT_BUNDLE_IDENTIFIER = com.AnyTypeTests;
				PRODUCT_NAME = "$(TARGET_NAME)";
				SWIFT_VERSION = 5.0;
				TARGETED_DEVICE_FAMILY = "1,2";
				TEST_HOST = "$(BUILT_PRODUCTS_DIR)/AnyType.app/AnyType";
			};
			name = Release;
		};
/* End XCBuildConfiguration section */

/* Begin XCConfigurationList section */
		0303ECF622D8EDAA005C552B /* Build configuration list for PBXProject "AnyType" */ = {
			isa = XCConfigurationList;
			buildConfigurations = (
				0303ED0D22D8EDAD005C552B /* Debug */,
				0303ED0E22D8EDAD005C552B /* Release */,
			);
			defaultConfigurationIsVisible = 0;
			defaultConfigurationName = Release;
		};
		0303ED0F22D8EDAD005C552B /* Build configuration list for PBXNativeTarget "AnyType" */ = {
			isa = XCConfigurationList;
			buildConfigurations = (
				0303ED1022D8EDAD005C552B /* Debug */,
				0303ED1122D8EDAD005C552B /* Release */,
			);
			defaultConfigurationIsVisible = 0;
			defaultConfigurationName = Release;
		};
		03C5C54722DFD90C00DD91DE /* Build configuration list for PBXNativeTarget "AnyTypeTests" */ = {
			isa = XCConfigurationList;
			buildConfigurations = (
				03C5C54822DFD90C00DD91DE /* Debug */,
				03C5C54922DFD90C00DD91DE /* Release */,
			);
			defaultConfigurationIsVisible = 0;
			defaultConfigurationName = Release;
		};
/* End XCConfigurationList section */
	};
	rootObject = 0303ECF322D8EDAA005C552B /* Project object */;
}
