// !$*UTF8*$!
{
	archiveVersion = 1;
	classes = {
	};
	objectVersion = 51;
	objects = {

/* Begin PBXBuildFile section */
		0303ECFF22D8EDAA005C552B /* AppDelegate.swift in Sources */ = {isa = PBXBuildFile; fileRef = 0303ECFE22D8EDAA005C552B /* AppDelegate.swift */; };
		0303ED0122D8EDAA005C552B /* SceneDelegate.swift in Sources */ = {isa = PBXBuildFile; fileRef = 0303ED0022D8EDAA005C552B /* SceneDelegate.swift */; };
		0303ED0522D8EDAD005C552B /* Assets.xcassets in Resources */ = {isa = PBXBuildFile; fileRef = 0303ED0422D8EDAD005C552B /* Assets.xcassets */; };
		0303ED0822D8EDAD005C552B /* Preview Assets.xcassets in Resources */ = {isa = PBXBuildFile; fileRef = 0303ED0722D8EDAD005C552B /* Preview Assets.xcassets */; };
		0303ED0B22D8EDAD005C552B /* LaunchScreen.storyboard in Resources */ = {isa = PBXBuildFile; fileRef = 0303ED0922D8EDAD005C552B /* LaunchScreen.storyboard */; };
		03074B88239514E2009FA7D0 /* MainAuthView.swift in Sources */ = {isa = PBXBuildFile; fileRef = 03074B87239514E2009FA7D0 /* MainAuthView.swift */; };
		030DF4B32399347000AD3BC3 /* AuthModels.swift in Sources */ = {isa = PBXBuildFile; fileRef = 030DF4B22399346F00AD3BC3 /* AuthModels.swift */; };
		030DF8642333E31100FE6DA5 /* DocumentViewModel.swift in Sources */ = {isa = PBXBuildFile; fileRef = 030DF8632333E31100FE6DA5 /* DocumentViewModel.swift */; };
		030DF8682333E3DD00FE6DA5 /* DocumentView.swift in Sources */ = {isa = PBXBuildFile; fileRef = 030DF8672333E3DD00FE6DA5 /* DocumentView.swift */; };
		030DF86C23354EEE00FE6DA5 /* BlockModel.swift in Sources */ = {isa = PBXBuildFile; fileRef = 030DF86B23354EED00FE6DA5 /* BlockModel.swift */; };
		0311612E22DE0D1700885211 /* ProfileViewModel.swift in Sources */ = {isa = PBXBuildFile; fileRef = 0311612D22DE0D1700885211 /* ProfileViewModel.swift */; };
		0318D576230186CA000527B1 /* LocalAuthentication.framework in Frameworks */ = {isa = PBXBuildFile; fileRef = 0318D575230186CA000527B1 /* LocalAuthentication.framework */; };
		031B355423465BBA0066DDB8 /* TextBlockView.swift in Sources */ = {isa = PBXBuildFile; fileRef = 031B355323465BBA0066DDB8 /* TextBlockView.swift */; };
		031B355623465DFF0066DDB8 /* EmptyDocumentView.swift in Sources */ = {isa = PBXBuildFile; fileRef = 031B355523465DFF0066DDB8 /* EmptyDocumentView.swift */; };
		031B35592346C5B60066DDB8 /* BlockViewModifieres.swift in Sources */ = {isa = PBXBuildFile; fileRef = 031B35582346C5B60066DDB8 /* BlockViewModifieres.swift */; };
		032225DA22F87AAB0064E544 /* DetailedPickerView.swift in Sources */ = {isa = PBXBuildFile; fileRef = 032225D922F87AAB0064E544 /* DetailedPickerView.swift */; };
		0327B0B0232BB876007DB8A7 /* HomeViewModel.swift in Sources */ = {isa = PBXBuildFile; fileRef = 0327B0AF232BB876007DB8A7 /* HomeViewModel.swift */; };
		0327B0B3232BB994007DB8A7 /* DocumentModel.swift in Sources */ = {isa = PBXBuildFile; fileRef = 0327B0B2232BB994007DB8A7 /* DocumentModel.swift */; };
		0327B0B8232BBAD9007DB8A7 /* TestDocumentService.swift in Sources */ = {isa = PBXBuildFile; fileRef = 0327B0B7232BBAD9007DB8A7 /* TestDocumentService.swift */; };
		0327B0BB232BCE2A007DB8A7 /* HomeCollectionViewModel.swift in Sources */ = {isa = PBXBuildFile; fileRef = 0327B0BA232BCE2A007DB8A7 /* HomeCollectionViewModel.swift */; };
		032E00122395D0C400620E1A /* WaitingView.swift in Sources */ = {isa = PBXBuildFile; fileRef = 032E00112395D0C300620E1A /* WaitingView.swift */; };
		03425C522383726400E22FF1 /* GeometryExtension.swift in Sources */ = {isa = PBXBuildFile; fileRef = 03425C512383726400E22FF1 /* GeometryExtension.swift */; };
		03425C5423849AAF00E22FF1 /* CustomScrollView.swift in Sources */ = {isa = PBXBuildFile; fileRef = 03425C5323849AAE00E22FF1 /* CustomScrollView.swift */; };
		03475B6F2306031D00F8FCE7 /* ViewExtension.swift in Sources */ = {isa = PBXBuildFile; fileRef = 03475B6E2306031D00F8FCE7 /* ViewExtension.swift */; };
		03475B722306CFD000F8FCE7 /* OverlayWaitingView.swift in Sources */ = {isa = PBXBuildFile; fileRef = 03475B712306CFD000F8FCE7 /* OverlayWaitingView.swift */; };
		03507435239E72F3001CF477 /* CreateNewProfileViewModel.swift in Sources */ = {isa = PBXBuildFile; fileRef = 03507434239E72F3001CF477 /* CreateNewProfileViewModel.swift */; };
		0350A2E223293CE900E00FB5 /* HomeCollectionView.swift in Sources */ = {isa = PBXBuildFile; fileRef = 0350A2E123293CE900E00FB5 /* HomeCollectionView.swift */; };
		0350A2E523295E2200E00FB5 /* HomeCollectionViewDocumentCell.swift in Sources */ = {isa = PBXBuildFile; fileRef = 0350A2E423295E2200E00FB5 /* HomeCollectionViewDocumentCell.swift */; };
		0350A2E7232960D900E00FB5 /* HomeCollectionViewPlusCell.swift in Sources */ = {isa = PBXBuildFile; fileRef = 0350A2E6232960D900E00FB5 /* HomeCollectionViewPlusCell.swift */; };
		03527A0722F7A44B004F0418 /* SaveRecoveryPhraseView.swift in Sources */ = {isa = PBXBuildFile; fileRef = 03527A0622F7A44B004F0418 /* SaveRecoveryPhraseView.swift */; };
		037260C023A8E2DB0034F9F5 /* ImageBlocksViews+Image.swift in Sources */ = {isa = PBXBuildFile; fileRef = 0A69322823911D0200575544 /* ImageBlocksViews+Image.swift */; };
		037260C123A8E2F90034F9F5 /* DrawableBlocksViews.swift in Sources */ = {isa = PBXBuildFile; fileRef = 0A69322623911B1800575544 /* DrawableBlocksViews.swift */; };
		0372AB4423A0BF29008CF5B9 /* SelectProfileViewModel.swift in Sources */ = {isa = PBXBuildFile; fileRef = 0372AB4123A09DDC008CF5B9 /* SelectProfileViewModel.swift */; };
		0372AB4523A11861008CF5B9 /* SelectProfileView.swift in Sources */ = {isa = PBXBuildFile; fileRef = 03992F6C2396BA9B0027A4AD /* SelectProfileView.swift */; };
		0372AB4723A136EE008CF5B9 /* IpfsFilesService.swift in Sources */ = {isa = PBXBuildFile; fileRef = 0372AB4623A136EE008CF5B9 /* IpfsFilesService.swift */; };
		0372AB4A23A1378A008CF5B9 /* IpfsFilesModel.swift in Sources */ = {isa = PBXBuildFile; fileRef = 0372AB4923A1378A008CF5B9 /* IpfsFilesModel.swift */; };
		03746CF922DE506200380AA1 /* Constants.swift in Sources */ = {isa = PBXBuildFile; fileRef = 03746CF822DE506200380AA1 /* Constants.swift */; };
		037AA83422E34601002CB09F /* ApplicationCoordinator.swift in Sources */ = {isa = PBXBuildFile; fileRef = 037AA83322E34601002CB09F /* ApplicationCoordinator.swift */; };
		037B91CE23438E77004EBCCD /* HomeViewContainer.swift in Sources */ = {isa = PBXBuildFile; fileRef = 0AAC96602340C203006CE58C /* HomeViewContainer.swift */; };
		037CC4E523154AF900D5AB62 /* NavigationButtonView.swift in Sources */ = {isa = PBXBuildFile; fileRef = 037CC4E423154AF900D5AB62 /* NavigationButtonView.swift */; };
		037F2D32239D374D008C16BF /* Lib.framework in Frameworks */ = {isa = PBXBuildFile; fileRef = 037F2D31239D374D008C16BF /* Lib.framework */; };
		0388BF7B22F10F9B00B73E39 /* RobotoMono-Regular.ttf in Resources */ = {isa = PBXBuildFile; fileRef = 0388BF7A22F10D7100B73E39 /* RobotoMono-Regular.ttf */; };
		038A81FD23A0158B00B71388 /* LoginViewModel.swift in Sources */ = {isa = PBXBuildFile; fileRef = 038A81FC23A0158B00B71388 /* LoginViewModel.swift */; };
		03913E57230B48B40040CD4B /* ProfileSettingsView.swift in Sources */ = {isa = PBXBuildFile; fileRef = 03913E56230B48B40040CD4B /* ProfileSettingsView.swift */; };
		03913E59230B5DAA0040CD4B /* SelectColorView.swift in Sources */ = {isa = PBXBuildFile; fileRef = 03913E58230B5DA90040CD4B /* SelectColorView.swift */; };
		03990FB4230CCA2D00C82AD5 /* ProfileView.swift in Sources */ = {isa = PBXBuildFile; fileRef = 0303ED0222D8EDAA005C552B /* ProfileView.swift */; };
		039DA2E62305843D0041F95C /* ErrorAlertView.swift in Sources */ = {isa = PBXBuildFile; fileRef = 039DA2E52305843D0041F95C /* ErrorAlertView.swift */; };
		039F6D78239580A10097560A /* LoginView.swift in Sources */ = {isa = PBXBuildFile; fileRef = 039F6D77239580A10097560A /* LoginView.swift */; };
		039F6D7C239594B90097560A /* PinCodeView.swift in Sources */ = {isa = PBXBuildFile; fileRef = 039F6D7B239594B90097560A /* PinCodeView.swift */; };
		03A24B8C231EC07700DA7369 /* ArrayExtension.swift in Sources */ = {isa = PBXBuildFile; fileRef = 03A24B8B231EC07700DA7369 /* ArrayExtension.swift */; };
		03A46A40231417D6009AC10C /* InfoPlist.strings in Resources */ = {isa = PBXBuildFile; fileRef = 03A46A42231417D6009AC10C /* InfoPlist.strings */; };
		03A8011E22F8CAA200F31E01 /* PickerDetailView.swift in Sources */ = {isa = PBXBuildFile; fileRef = 03A8011D22F8CAA100F31E01 /* PickerDetailView.swift */; };
		03A90DF223A04C71000E3EFE /* CustomEnvironments.swift in Sources */ = {isa = PBXBuildFile; fileRef = 03A90DF123A04C71000E3EFE /* CustomEnvironments.swift */; };
		03A90DF423A04FFE000E3EFE /* LocalRepoService.swift in Sources */ = {isa = PBXBuildFile; fileRef = 03A90DF323A04FFE000E3EFE /* LocalRepoService.swift */; };
		03AA488D22FA5C8B00D756AA /* UserDefault.swift in Sources */ = {isa = PBXBuildFile; fileRef = 03AA488C22FA5C8A00D756AA /* UserDefault.swift */; };
		03AA854823A80C2300892713 /* models.pb.swift in Sources */ = {isa = PBXBuildFile; fileRef = 03AA854523A80C2200892713 /* models.pb.swift */; };
		03AA854A23A80C2300892713 /* commands.pb.swift in Sources */ = {isa = PBXBuildFile; fileRef = 03AA854723A80C2300892713 /* commands.pb.swift */; };
		03B1619E239F3A2000BF27D1 /* WaitingViewOnCreatAccount.swift in Sources */ = {isa = PBXBuildFile; fileRef = 03B1619D239F3A2000BF27D1 /* WaitingViewOnCreatAccount.swift */; };
		03B161A0239F3A3200BF27D1 /* WaitingViewOnCreatAccountModel.swift in Sources */ = {isa = PBXBuildFile; fileRef = 03B1619F239F3A3200BF27D1 /* WaitingViewOnCreatAccountModel.swift */; };
		03B42F2A232910AB000F2BA2 /* HomeView.swift in Sources */ = {isa = PBXBuildFile; fileRef = 03B42F29232910AB000F2BA2 /* HomeView.swift */; };
		03B55546230AD13A0070FDF3 /* ActivityIndicator.swift in Sources */ = {isa = PBXBuildFile; fileRef = 03B55545230AD13A0070FDF3 /* ActivityIndicator.swift */; };
		03B6574F234CEDC70084D9F5 /* TextBlockViewModel.swift in Sources */ = {isa = PBXBuildFile; fileRef = 03B6574E234CEDC70084D9F5 /* TextBlockViewModel.swift */; };
		03B65752234D47A90084D9F5 /* BlockViewRowBuilderProtocol.swift in Sources */ = {isa = PBXBuildFile; fileRef = 03B65751234D47A90084D9F5 /* BlockViewRowBuilderProtocol.swift */; };
		03C5082A230AE32900A1BD9D /* ProfileViewCoordinator.swift in Sources */ = {isa = PBXBuildFile; fileRef = 03C50829230AE32900A1BD9D /* ProfileViewCoordinator.swift */; };
		03C5C53822DF6C9900DD91DE /* KeychainStore.swift in Sources */ = {isa = PBXBuildFile; fileRef = 03C5C53622DF6C9900DD91DE /* KeychainStore.swift */; };
		03C5C53922DF6C9900DD91DE /* SecureStoreServiceProtocol.swift in Sources */ = {isa = PBXBuildFile; fileRef = 03C5C53722DF6C9900DD91DE /* SecureStoreServiceProtocol.swift */; };
		03C5C53B22DF785000DD91DE /* Security.framework in Frameworks */ = {isa = PBXBuildFile; fileRef = 03C5C53A22DF785000DD91DE /* Security.framework */; };
		03C5C54322DFD90C00DD91DE /* AnyTypeTests.swift in Sources */ = {isa = PBXBuildFile; fileRef = 03C5C54222DFD90C00DD91DE /* AnyTypeTests.swift */; };
		03C5C54B22E09E0F00DD91DE /* SecureStoreQueryable.swift in Sources */ = {isa = PBXBuildFile; fileRef = 03C5C54A22E09E0F00DD91DE /* SecureStoreQueryable.swift */; };
		03C5C54D22E0A0C200DD91DE /* InternetProtocol.swift in Sources */ = {isa = PBXBuildFile; fileRef = 03C5C54C22E0A0C100DD91DE /* InternetProtocol.swift */; };
		03C5C54F22E0A16700DD91DE /* InternetAuthenticationType.swift in Sources */ = {isa = PBXBuildFile; fileRef = 03C5C54E22E0A16700DD91DE /* InternetAuthenticationType.swift */; };
		03C5C55122E0A3E800DD91DE /* KeychainError.swift in Sources */ = {isa = PBXBuildFile; fileRef = 03C5C55022E0A3E800DD91DE /* KeychainError.swift */; };
		03C6750823981BBD0041A7C4 /* ProfileService.swift in Sources */ = {isa = PBXBuildFile; fileRef = 03C6750723981BBD0041A7C4 /* ProfileService.swift */; };
		03C6E84C233BAB35004EB6B6 /* DocumentServiceProtocol.swift in Sources */ = {isa = PBXBuildFile; fileRef = 03C6E84B233BAB35004EB6B6 /* DocumentServiceProtocol.swift */; };
		03CB3EFF230C0FF2003D5DFD /* KeychainStoreService.swift in Sources */ = {isa = PBXBuildFile; fileRef = 03CB3EFE230C0FF2003D5DFD /* KeychainStoreService.swift */; };
		03CB3F01230C10E9003D5DFD /* AuthServiceProtocol.swift in Sources */ = {isa = PBXBuildFile; fileRef = 03CB3EFD230C0FC4003D5DFD /* AuthServiceProtocol.swift */; };
		03CB3F04230C1185003D5DFD /* ProfileServiceProtocol.swift in Sources */ = {isa = PBXBuildFile; fileRef = 03CB3F03230C1185003D5DFD /* ProfileServiceProtocol.swift */; };
		03CB3F08230C1EDE003D5DFD /* UIViewExtension.swift in Sources */ = {isa = PBXBuildFile; fileRef = 03CB3F07230C1EDE003D5DFD /* UIViewExtension.swift */; };
		03CB3F0A230C2464003D5DFD /* UIColorExtension.swift in Sources */ = {isa = PBXBuildFile; fileRef = 03CB3F09230C2464003D5DFD /* UIColorExtension.swift */; };
		03CB3F0D230C3EAA003D5DFD /* ImageLoader.swift in Sources */ = {isa = PBXBuildFile; fileRef = 03CB3F0C230C3EAA003D5DFD /* ImageLoader.swift */; };
		03CB3F10230C414C003D5DFD /* ImageService.swift in Sources */ = {isa = PBXBuildFile; fileRef = 03CB3F0F230C414C003D5DFD /* ImageService.swift */; };
		03CCADAC230457FC00701782 /* PinCodeViewModel.swift in Sources */ = {isa = PBXBuildFile; fileRef = 03CCADAB230457FC00701782 /* PinCodeViewModel.swift */; };
		03CCADAE2304589E00701782 /* PinCodeValidator.swift in Sources */ = {isa = PBXBuildFile; fileRef = 03CCADAD2304589E00701782 /* PinCodeValidator.swift */; };
		03D1A04A2389F7650028371C /* CGPointExtension.swift in Sources */ = {isa = PBXBuildFile; fileRef = 03D1A0492389F7650028371C /* CGPointExtension.swift */; };
		03F7BD1E22F7A50400F47583 /* StandardButton.swift in Sources */ = {isa = PBXBuildFile; fileRef = 03F7BD1D22F7A50400F47583 /* StandardButton.swift */; };
		0A43F49823A6653D00018B36 /* TextView+BlocksToolbar.swift in Sources */ = {isa = PBXBuildFile; fileRef = 0A43F49723A6653D00018B36 /* TextView+BlocksToolbar.swift */; };
		0A563B1823AD0FC200617065 /* TextView+BaseToolbarView.swift in Sources */ = {isa = PBXBuildFile; fileRef = 0A563B1723AD0FC200617065 /* TextView+BaseToolbarView.swift */; };
		0A693219238C4C8200575544 /* TextBlocksViews+Checkbox.swift in Sources */ = {isa = PBXBuildFile; fileRef = 0A69320F238C4C8200575544 /* TextBlocksViews+Checkbox.swift */; };
		0A69321B238C4C8200575544 /* TextBlocksViews+Text.swift in Sources */ = {isa = PBXBuildFile; fileRef = 0A693211238C4C8200575544 /* TextBlocksViews+Text.swift */; };
		0A69321C238C4C8200575544 /* TextBlocksViews.swift in Sources */ = {isa = PBXBuildFile; fileRef = 0A693212238C4C8200575544 /* TextBlocksViews.swift */; };
		0A69321D238C4C8200575544 /* TextBlocksViews+Numbered.swift in Sources */ = {isa = PBXBuildFile; fileRef = 0A693213238C4C8200575544 /* TextBlocksViews+Numbered.swift */; };
		0A69321E238C4C8200575544 /* TextBlocksViews+Toggle.swift in Sources */ = {isa = PBXBuildFile; fileRef = 0A693214238C4C8200575544 /* TextBlocksViews+Toggle.swift */; };
		0A69321F238C4C8200575544 /* TextBlocksViews+Bulleted.swift in Sources */ = {isa = PBXBuildFile; fileRef = 0A693215238C4C8200575544 /* TextBlocksViews+Bulleted.swift */; };
		0A693220238C4C8200575544 /* TextBlocksViews+Header.swift in Sources */ = {isa = PBXBuildFile; fileRef = 0A693216238C4C8200575544 /* TextBlocksViews+Header.swift */; };
		0A693221238C4C8200575544 /* TextBlocksViews+List.swift in Sources */ = {isa = PBXBuildFile; fileRef = 0A693217238C4C8200575544 /* TextBlocksViews+List.swift */; };
		0A693222238C4C8200575544 /* TextBlocksViews+Callout.swift in Sources */ = {isa = PBXBuildFile; fileRef = 0A693218238C4C8200575544 /* TextBlocksViews+Callout.swift */; };
		0A70816523968410004B04AB /* BlocksViews.swift in Sources */ = {isa = PBXBuildFile; fileRef = 0A70816423968410004B04AB /* BlocksViews.swift */; };
		0A7081672396C5E3004B04AB /* ImageBlocksViews+PageIcon.swift in Sources */ = {isa = PBXBuildFile; fileRef = 0A7081662396C5E3004B04AB /* ImageBlocksViews+PageIcon.swift */; };
		0A70816B23993040004B04AB /* TextView+MarkStyle.swift in Sources */ = {isa = PBXBuildFile; fileRef = 0A70816923993040004B04AB /* TextView+MarkStyle.swift */; };
		0A70816C23993040004B04AB /* TextView.swift in Sources */ = {isa = PBXBuildFile; fileRef = 0A70816A23993040004B04AB /* TextView.swift */; };
		0A708170239CFF4F004B04AB /* TextView+HighlightedAccessoryView.swift in Sources */ = {isa = PBXBuildFile; fileRef = 0A70816F239CFF4F004B04AB /* TextView+HighlightedAccessoryView.swift */; };
		0A74E4F823A90E5100B6C406 /* Colors+Gradients.swift in Sources */ = {isa = PBXBuildFile; fileRef = 039F6D79239591C80097560A /* Colors+Gradients.swift */; };
		0A74E4F923A90E6300B6C406 /* DiskStorage.swift in Sources */ = {isa = PBXBuildFile; fileRef = 030DF4B72399C1FA00AD3BC3 /* DiskStorage.swift */; };
		0A74E4FA23A90E7B00B6C406 /* MainAuthViewModel.swift in Sources */ = {isa = PBXBuildFile; fileRef = 037F2D36239DC6DC008C16BF /* MainAuthViewModel.swift */; };
		0A74E4FB23A90E8C00B6C406 /* AuthService.swift in Sources */ = {isa = PBXBuildFile; fileRef = 0339676F2397DA7E000CB7BA /* AuthService.swift */; };
		0A74E4FC23A90EA000B6C406 /* ProfileModel.swift in Sources */ = {isa = PBXBuildFile; fileRef = 030DF4B423994F4700AD3BC3 /* ProfileModel.swift */; };
		0A74E4FD23A90EB000B6C406 /* CreateNewProfileView.swift in Sources */ = {isa = PBXBuildFile; fileRef = 03992F642395D7A10027A4AD /* CreateNewProfileView.swift */; };
		0A74E4FE23A90EBB00B6C406 /* EventListener.swift in Sources */ = {isa = PBXBuildFile; fileRef = 037F2D34239D59D9008C16BF /* EventListener.swift */; };
		0A74E4FF23A90ED900B6C406 /* CompletionAuthView.swift in Sources */ = {isa = PBXBuildFile; fileRef = 03992F6823969B030027A4AD /* CompletionAuthView.swift */; };
		0A74E50023A90EF000B6C406 /* NotificationExtension.swift in Sources */ = {isa = PBXBuildFile; fileRef = 0372AB3F23A09C7F008CF5B9 /* NotificationExtension.swift */; };
		0A74E50123A90F0400B6C406 /* events.pb.swift in Sources */ = {isa = PBXBuildFile; fileRef = 03AA854623A80C2200892713 /* events.pb.swift */; };
		0A74E50723A90FE900B6C406 /* ImagePicker.swift in Sources */ = {isa = PBXBuildFile; fileRef = 0A74E50223A90FE800B6C406 /* ImagePicker.swift */; };
		0A74E50823A90FE900B6C406 /* KeyboardObserver.swift in Sources */ = {isa = PBXBuildFile; fileRef = 0A74E50323A90FE900B6C406 /* KeyboardObserver.swift */; };
		0A74E50923A90FE900B6C406 /* CustomTextField.swift in Sources */ = {isa = PBXBuildFile; fileRef = 0A74E50423A90FE900B6C406 /* CustomTextField.swift */; };
		0A74E50A23A90FE900B6C406 /* ScannerViewController.swift in Sources */ = {isa = PBXBuildFile; fileRef = 0A74E50523A90FE900B6C406 /* ScannerViewController.swift */; };
		0A74E50B23A90FE900B6C406 /* SimpleViews.swift in Sources */ = {isa = PBXBuildFile; fileRef = 0A74E50623A90FE900B6C406 /* SimpleViews.swift */; };
		0AA04DEA23C79203005B37A4 /* Services.swift in Sources */ = {isa = PBXBuildFile; fileRef = 0AA04DE523C79203005B37A4 /* Services.swift */; };
		0AA04DEB23C79203005B37A4 /* AppearanceService+Schemes.swift in Sources */ = {isa = PBXBuildFile; fileRef = 0AA04DE723C79203005B37A4 /* AppearanceService+Schemes.swift */; };
		0AA04DEC23C79203005B37A4 /* AppearanceServices+Schemes+Domains+Auth.swift in Sources */ = {isa = PBXBuildFile; fileRef = 0AA04DE823C79203005B37A4 /* AppearanceServices+Schemes+Domains+Auth.swift */; };
		0AA04DED23C79203005B37A4 /* AppearanceService.swift in Sources */ = {isa = PBXBuildFile; fileRef = 0AA04DE923C79203005B37A4 /* AppearanceService.swift */; };
		0AA04DF623C7926F005B37A4 /* AssetsReader.swift in Sources */ = {isa = PBXBuildFile; fileRef = 0AA04DF423C7926F005B37A4 /* AssetsReader.swift */; };
		0AA04DF723C7926F005B37A4 /* PlistReader.swift in Sources */ = {isa = PBXBuildFile; fileRef = 0AA04DF523C7926F005B37A4 /* PlistReader.swift */; };
		0AA04DF923C7943B005B37A4 /* TextView+HighlightedToolbar.swift in Sources */ = {isa = PBXBuildFile; fileRef = 0AA04DF823C7943B005B37A4 /* TextView+HighlightedToolbar.swift */; };
		0AAC96612340C203006CE58C /* HomeViewContainerCoordinator.swift in Sources */ = {isa = PBXBuildFile; fileRef = 0AAC965E2340C202006CE58C /* HomeViewContainerCoordinator.swift */; };
		0AAC96622340C203006CE58C /* HomeViewContainerModel.swift in Sources */ = {isa = PBXBuildFile; fileRef = 0AAC965F2340C203006CE58C /* HomeViewContainerModel.swift */; };
		0AAC96652340C229006CE58C /* FontExtension.swift in Sources */ = {isa = PBXBuildFile; fileRef = 0AAC96642340C229006CE58C /* FontExtension.swift */; };
		0AAC96682340C288006CE58C /* Localizable.strings in Resources */ = {isa = PBXBuildFile; fileRef = 0AAC96662340C288006CE58C /* Localizable.strings */; };
		0ACA77CF23E367FF00442690 /* TextView+HighlightedToolbar+InputLink.swift in Sources */ = {isa = PBXBuildFile; fileRef = 0ACA77CE23E367FF00442690 /* TextView+HighlightedToolbar+InputLink.swift */; };
		0ACA77DB23E44B8F00442690 /* TextView+Protocols.swift in Sources */ = {isa = PBXBuildFile; fileRef = 0ACA77DA23E44B8F00442690 /* TextView+Protocols.swift */; };
		0ADF8CB9239FFD33003CA31E /* TextView+BlocksAccessoryView.swift in Sources */ = {isa = PBXBuildFile; fileRef = 0ADF8CB8239FFD33003CA31E /* TextView+BlocksAccessoryView.swift */; };
		0AF8308B23A2579300640DAC /* TextBlocksViews+Quote.swift in Sources */ = {isa = PBXBuildFile; fileRef = 0AF8308A23A2579300640DAC /* TextBlocksViews+Quote.swift */; };
		B946AF4F589668391720FD14 /* Pods_AnyType.framework in Frameworks */ = {isa = PBXBuildFile; fileRef = 47E0FA740E958323954CB10F /* Pods_AnyType.framework */; };
/* End PBXBuildFile section */

/* Begin PBXContainerItemProxy section */
		03C5C54522DFD90C00DD91DE /* PBXContainerItemProxy */ = {
			isa = PBXContainerItemProxy;
			containerPortal = 0303ECF322D8EDAA005C552B /* Project object */;
			proxyType = 1;
			remoteGlobalIDString = 0303ECFA22D8EDAA005C552B;
			remoteInfo = AnyType;
		};
/* End PBXContainerItemProxy section */

/* Begin PBXCopyFilesBuildPhase section */
		0339676E2397D65F000CB7BA /* Embed Frameworks */ = {
			isa = PBXCopyFilesBuildPhase;
			buildActionMask = 2147483647;
			dstPath = "";
			dstSubfolderSpec = 10;
			files = (
			);
			name = "Embed Frameworks";
			runOnlyForDeploymentPostprocessing = 0;
		};
/* End PBXCopyFilesBuildPhase section */

/* Begin PBXFileReference section */
		0303ECFB22D8EDAA005C552B /* AnyType.app */ = {isa = PBXFileReference; explicitFileType = wrapper.application; includeInIndex = 0; path = AnyType.app; sourceTree = BUILT_PRODUCTS_DIR; };
		0303ECFE22D8EDAA005C552B /* AppDelegate.swift */ = {isa = PBXFileReference; fileEncoding = 4; lastKnownFileType = sourcecode.swift; path = AppDelegate.swift; sourceTree = "<group>"; };
		0303ED0022D8EDAA005C552B /* SceneDelegate.swift */ = {isa = PBXFileReference; fileEncoding = 4; lastKnownFileType = sourcecode.swift; path = SceneDelegate.swift; sourceTree = "<group>"; };
		0303ED0222D8EDAA005C552B /* ProfileView.swift */ = {isa = PBXFileReference; fileEncoding = 4; lastKnownFileType = sourcecode.swift; path = ProfileView.swift; sourceTree = "<group>"; };
		0303ED0422D8EDAD005C552B /* Assets.xcassets */ = {isa = PBXFileReference; lastKnownFileType = folder.assetcatalog; path = Assets.xcassets; sourceTree = "<group>"; };
		0303ED0722D8EDAD005C552B /* Preview Assets.xcassets */ = {isa = PBXFileReference; lastKnownFileType = folder.assetcatalog; path = "Preview Assets.xcassets"; sourceTree = "<group>"; };
		0303ED0A22D8EDAD005C552B /* Base */ = {isa = PBXFileReference; lastKnownFileType = file.storyboard; name = Base; path = Base.lproj/LaunchScreen.storyboard; sourceTree = "<group>"; };
		0303ED0C22D8EDAD005C552B /* Info.plist */ = {isa = PBXFileReference; lastKnownFileType = text.plist.xml; path = Info.plist; sourceTree = "<group>"; };
		03074B87239514E2009FA7D0 /* MainAuthView.swift */ = {isa = PBXFileReference; lastKnownFileType = sourcecode.swift; path = MainAuthView.swift; sourceTree = "<group>"; };
		030DF4B22399346F00AD3BC3 /* AuthModels.swift */ = {isa = PBXFileReference; lastKnownFileType = sourcecode.swift; path = AuthModels.swift; sourceTree = "<group>"; };
		030DF4B423994F4700AD3BC3 /* ProfileModel.swift */ = {isa = PBXFileReference; lastKnownFileType = sourcecode.swift; path = ProfileModel.swift; sourceTree = "<group>"; };
		030DF4B72399C1FA00AD3BC3 /* DiskStorage.swift */ = {isa = PBXFileReference; lastKnownFileType = sourcecode.swift; path = DiskStorage.swift; sourceTree = "<group>"; };
		030DF8632333E31100FE6DA5 /* DocumentViewModel.swift */ = {isa = PBXFileReference; lastKnownFileType = sourcecode.swift; path = DocumentViewModel.swift; sourceTree = "<group>"; };
		030DF8672333E3DD00FE6DA5 /* DocumentView.swift */ = {isa = PBXFileReference; lastKnownFileType = sourcecode.swift; path = DocumentView.swift; sourceTree = "<group>"; };
		030DF86B23354EED00FE6DA5 /* BlockModel.swift */ = {isa = PBXFileReference; lastKnownFileType = sourcecode.swift; path = BlockModel.swift; sourceTree = "<group>"; };
		0311612D22DE0D1700885211 /* ProfileViewModel.swift */ = {isa = PBXFileReference; lastKnownFileType = sourcecode.swift; path = ProfileViewModel.swift; sourceTree = "<group>"; };
		0318D575230186CA000527B1 /* LocalAuthentication.framework */ = {isa = PBXFileReference; lastKnownFileType = wrapper.framework; name = LocalAuthentication.framework; path = System/Library/Frameworks/LocalAuthentication.framework; sourceTree = SDKROOT; };
		031B355323465BBA0066DDB8 /* TextBlockView.swift */ = {isa = PBXFileReference; lastKnownFileType = sourcecode.swift; path = TextBlockView.swift; sourceTree = "<group>"; };
		031B355523465DFF0066DDB8 /* EmptyDocumentView.swift */ = {isa = PBXFileReference; lastKnownFileType = sourcecode.swift; path = EmptyDocumentView.swift; sourceTree = "<group>"; };
		031B35582346C5B60066DDB8 /* BlockViewModifieres.swift */ = {isa = PBXFileReference; lastKnownFileType = sourcecode.swift; path = BlockViewModifieres.swift; sourceTree = "<group>"; };
		032225D922F87AAB0064E544 /* DetailedPickerView.swift */ = {isa = PBXFileReference; lastKnownFileType = sourcecode.swift; path = DetailedPickerView.swift; sourceTree = "<group>"; };
		0327B0AF232BB876007DB8A7 /* HomeViewModel.swift */ = {isa = PBXFileReference; lastKnownFileType = sourcecode.swift; path = HomeViewModel.swift; sourceTree = "<group>"; };
		0327B0B2232BB994007DB8A7 /* DocumentModel.swift */ = {isa = PBXFileReference; lastKnownFileType = sourcecode.swift; path = DocumentModel.swift; sourceTree = "<group>"; };
		0327B0B7232BBAD9007DB8A7 /* TestDocumentService.swift */ = {isa = PBXFileReference; lastKnownFileType = sourcecode.swift; path = TestDocumentService.swift; sourceTree = "<group>"; };
		0327B0BA232BCE2A007DB8A7 /* HomeCollectionViewModel.swift */ = {isa = PBXFileReference; lastKnownFileType = sourcecode.swift; path = HomeCollectionViewModel.swift; sourceTree = "<group>"; };
		032E00112395D0C300620E1A /* WaitingView.swift */ = {isa = PBXFileReference; lastKnownFileType = sourcecode.swift; path = WaitingView.swift; sourceTree = "<group>"; };
		0339676F2397DA7E000CB7BA /* AuthService.swift */ = {isa = PBXFileReference; lastKnownFileType = sourcecode.swift; path = AuthService.swift; sourceTree = "<group>"; };
		03425C512383726400E22FF1 /* GeometryExtension.swift */ = {isa = PBXFileReference; lastKnownFileType = sourcecode.swift; name = GeometryExtension.swift; path = AnyType/GeometryExtension.swift; sourceTree = SOURCE_ROOT; };
		03425C5323849AAE00E22FF1 /* CustomScrollView.swift */ = {isa = PBXFileReference; lastKnownFileType = sourcecode.swift; name = CustomScrollView.swift; path = AnyType/Sources/CustomScrollView.swift; sourceTree = SOURCE_ROOT; };
		03475B6E2306031D00F8FCE7 /* ViewExtension.swift */ = {isa = PBXFileReference; fileEncoding = 4; lastKnownFileType = sourcecode.swift; path = ViewExtension.swift; sourceTree = "<group>"; };
		03475B712306CFD000F8FCE7 /* OverlayWaitingView.swift */ = {isa = PBXFileReference; fileEncoding = 4; lastKnownFileType = sourcecode.swift; path = OverlayWaitingView.swift; sourceTree = "<group>"; };
		03507434239E72F3001CF477 /* CreateNewProfileViewModel.swift */ = {isa = PBXFileReference; lastKnownFileType = sourcecode.swift; path = CreateNewProfileViewModel.swift; sourceTree = "<group>"; };
		0350A2E123293CE900E00FB5 /* HomeCollectionView.swift */ = {isa = PBXFileReference; fileEncoding = 4; lastKnownFileType = sourcecode.swift; path = HomeCollectionView.swift; sourceTree = "<group>"; };
		0350A2E423295E2200E00FB5 /* HomeCollectionViewDocumentCell.swift */ = {isa = PBXFileReference; fileEncoding = 4; lastKnownFileType = sourcecode.swift; path = HomeCollectionViewDocumentCell.swift; sourceTree = "<group>"; };
		0350A2E6232960D900E00FB5 /* HomeCollectionViewPlusCell.swift */ = {isa = PBXFileReference; fileEncoding = 4; lastKnownFileType = sourcecode.swift; path = HomeCollectionViewPlusCell.swift; sourceTree = "<group>"; };
		03527A0622F7A44B004F0418 /* SaveRecoveryPhraseView.swift */ = {isa = PBXFileReference; fileEncoding = 4; lastKnownFileType = sourcecode.swift; path = SaveRecoveryPhraseView.swift; sourceTree = "<group>"; };
		0372AB3F23A09C7F008CF5B9 /* NotificationExtension.swift */ = {isa = PBXFileReference; lastKnownFileType = sourcecode.swift; path = NotificationExtension.swift; sourceTree = "<group>"; };
		0372AB4123A09DDC008CF5B9 /* SelectProfileViewModel.swift */ = {isa = PBXFileReference; lastKnownFileType = sourcecode.swift; path = SelectProfileViewModel.swift; sourceTree = "<group>"; };
		0372AB4623A136EE008CF5B9 /* IpfsFilesService.swift */ = {isa = PBXFileReference; lastKnownFileType = sourcecode.swift; path = IpfsFilesService.swift; sourceTree = "<group>"; };
		0372AB4923A1378A008CF5B9 /* IpfsFilesModel.swift */ = {isa = PBXFileReference; lastKnownFileType = sourcecode.swift; path = IpfsFilesModel.swift; sourceTree = "<group>"; };
		03746CF822DE506200380AA1 /* Constants.swift */ = {isa = PBXFileReference; lastKnownFileType = sourcecode.swift; path = Constants.swift; sourceTree = "<group>"; };
		037AA83322E34601002CB09F /* ApplicationCoordinator.swift */ = {isa = PBXFileReference; lastKnownFileType = sourcecode.swift; path = ApplicationCoordinator.swift; sourceTree = "<group>"; };
		037CC4E423154AF900D5AB62 /* NavigationButtonView.swift */ = {isa = PBXFileReference; lastKnownFileType = sourcecode.swift; path = NavigationButtonView.swift; sourceTree = "<group>"; };
		037F2D31239D374D008C16BF /* Lib.framework */ = {isa = PBXFileReference; lastKnownFileType = wrapper.framework; path = Lib.framework; sourceTree = "<group>"; };
		037F2D34239D59D9008C16BF /* EventListener.swift */ = {isa = PBXFileReference; lastKnownFileType = sourcecode.swift; path = EventListener.swift; sourceTree = "<group>"; };
		037F2D36239DC6DC008C16BF /* MainAuthViewModel.swift */ = {isa = PBXFileReference; lastKnownFileType = sourcecode.swift; path = MainAuthViewModel.swift; sourceTree = "<group>"; };
		0388BF7A22F10D7100B73E39 /* RobotoMono-Regular.ttf */ = {isa = PBXFileReference; lastKnownFileType = file; path = "RobotoMono-Regular.ttf"; sourceTree = "<group>"; };
		038A81FC23A0158B00B71388 /* LoginViewModel.swift */ = {isa = PBXFileReference; lastKnownFileType = sourcecode.swift; path = LoginViewModel.swift; sourceTree = "<group>"; };
		03913E56230B48B40040CD4B /* ProfileSettingsView.swift */ = {isa = PBXFileReference; fileEncoding = 4; lastKnownFileType = sourcecode.swift; path = ProfileSettingsView.swift; sourceTree = "<group>"; };
		03913E58230B5DA90040CD4B /* SelectColorView.swift */ = {isa = PBXFileReference; fileEncoding = 4; lastKnownFileType = sourcecode.swift; path = SelectColorView.swift; sourceTree = "<group>"; };
		03992F642395D7A10027A4AD /* CreateNewProfileView.swift */ = {isa = PBXFileReference; lastKnownFileType = sourcecode.swift; path = CreateNewProfileView.swift; sourceTree = "<group>"; };
		03992F6823969B030027A4AD /* CompletionAuthView.swift */ = {isa = PBXFileReference; lastKnownFileType = sourcecode.swift; path = CompletionAuthView.swift; sourceTree = "<group>"; };
		03992F6C2396BA9B0027A4AD /* SelectProfileView.swift */ = {isa = PBXFileReference; lastKnownFileType = sourcecode.swift; path = SelectProfileView.swift; sourceTree = "<group>"; };
		039DA2E52305843D0041F95C /* ErrorAlertView.swift */ = {isa = PBXFileReference; fileEncoding = 4; lastKnownFileType = sourcecode.swift; path = ErrorAlertView.swift; sourceTree = "<group>"; };
		039F6D77239580A10097560A /* LoginView.swift */ = {isa = PBXFileReference; lastKnownFileType = sourcecode.swift; path = LoginView.swift; sourceTree = "<group>"; };
		039F6D79239591C80097560A /* Colors+Gradients.swift */ = {isa = PBXFileReference; lastKnownFileType = sourcecode.swift; path = "Colors+Gradients.swift"; sourceTree = "<group>"; };
		039F6D7B239594B90097560A /* PinCodeView.swift */ = {isa = PBXFileReference; lastKnownFileType = sourcecode.swift; path = PinCodeView.swift; sourceTree = "<group>"; };
		03A24B8B231EC07700DA7369 /* ArrayExtension.swift */ = {isa = PBXFileReference; fileEncoding = 4; lastKnownFileType = sourcecode.swift; path = ArrayExtension.swift; sourceTree = "<group>"; };
		03A46A41231417D6009AC10C /* en */ = {isa = PBXFileReference; lastKnownFileType = text.plist.strings; name = en; path = en.lproj/InfoPlist.strings; sourceTree = "<group>"; };
		03A8011D22F8CAA100F31E01 /* PickerDetailView.swift */ = {isa = PBXFileReference; fileEncoding = 4; lastKnownFileType = sourcecode.swift; path = PickerDetailView.swift; sourceTree = "<group>"; };
		03A90DF123A04C71000E3EFE /* CustomEnvironments.swift */ = {isa = PBXFileReference; lastKnownFileType = sourcecode.swift; path = CustomEnvironments.swift; sourceTree = "<group>"; };
		03A90DF323A04FFE000E3EFE /* LocalRepoService.swift */ = {isa = PBXFileReference; lastKnownFileType = sourcecode.swift; path = LocalRepoService.swift; sourceTree = "<group>"; };
		03AA488C22FA5C8A00D756AA /* UserDefault.swift */ = {isa = PBXFileReference; fileEncoding = 4; lastKnownFileType = sourcecode.swift; path = UserDefault.swift; sourceTree = "<group>"; };
		03AA854523A80C2200892713 /* models.pb.swift */ = {isa = PBXFileReference; fileEncoding = 4; lastKnownFileType = sourcecode.swift; path = models.pb.swift; sourceTree = "<group>"; };
		03AA854623A80C2200892713 /* events.pb.swift */ = {isa = PBXFileReference; fileEncoding = 4; lastKnownFileType = sourcecode.swift; path = events.pb.swift; sourceTree = "<group>"; };
		03AA854723A80C2300892713 /* commands.pb.swift */ = {isa = PBXFileReference; fileEncoding = 4; lastKnownFileType = sourcecode.swift; path = commands.pb.swift; sourceTree = "<group>"; };
		03B1619D239F3A2000BF27D1 /* WaitingViewOnCreatAccount.swift */ = {isa = PBXFileReference; lastKnownFileType = sourcecode.swift; path = WaitingViewOnCreatAccount.swift; sourceTree = "<group>"; };
		03B1619F239F3A3200BF27D1 /* WaitingViewOnCreatAccountModel.swift */ = {isa = PBXFileReference; lastKnownFileType = sourcecode.swift; path = WaitingViewOnCreatAccountModel.swift; sourceTree = "<group>"; };
		03B42F29232910AB000F2BA2 /* HomeView.swift */ = {isa = PBXFileReference; fileEncoding = 4; lastKnownFileType = sourcecode.swift; path = HomeView.swift; sourceTree = "<group>"; };
		03B55545230AD13A0070FDF3 /* ActivityIndicator.swift */ = {isa = PBXFileReference; fileEncoding = 4; lastKnownFileType = sourcecode.swift; path = ActivityIndicator.swift; sourceTree = "<group>"; };
		03B6574E234CEDC70084D9F5 /* TextBlockViewModel.swift */ = {isa = PBXFileReference; lastKnownFileType = sourcecode.swift; path = TextBlockViewModel.swift; sourceTree = "<group>"; };
		03B65751234D47A90084D9F5 /* BlockViewRowBuilderProtocol.swift */ = {isa = PBXFileReference; lastKnownFileType = sourcecode.swift; path = BlockViewRowBuilderProtocol.swift; sourceTree = "<group>"; };
		03C50829230AE32900A1BD9D /* ProfileViewCoordinator.swift */ = {isa = PBXFileReference; fileEncoding = 4; lastKnownFileType = sourcecode.swift; path = ProfileViewCoordinator.swift; sourceTree = "<group>"; };
		03C5C53622DF6C9900DD91DE /* KeychainStore.swift */ = {isa = PBXFileReference; fileEncoding = 4; lastKnownFileType = sourcecode.swift; path = KeychainStore.swift; sourceTree = "<group>"; };
		03C5C53722DF6C9900DD91DE /* SecureStoreServiceProtocol.swift */ = {isa = PBXFileReference; fileEncoding = 4; lastKnownFileType = sourcecode.swift; path = SecureStoreServiceProtocol.swift; sourceTree = "<group>"; };
		03C5C53A22DF785000DD91DE /* Security.framework */ = {isa = PBXFileReference; lastKnownFileType = wrapper.framework; name = Security.framework; path = System/Library/Frameworks/Security.framework; sourceTree = SDKROOT; };
		03C5C54022DFD90C00DD91DE /* AnyTypeTests.xctest */ = {isa = PBXFileReference; explicitFileType = wrapper.cfbundle; includeInIndex = 0; path = AnyTypeTests.xctest; sourceTree = BUILT_PRODUCTS_DIR; };
		03C5C54222DFD90C00DD91DE /* AnyTypeTests.swift */ = {isa = PBXFileReference; fileEncoding = 4; lastKnownFileType = sourcecode.swift; path = AnyTypeTests.swift; sourceTree = "<group>"; };
		03C5C54422DFD90C00DD91DE /* Info.plist */ = {isa = PBXFileReference; lastKnownFileType = text.plist.xml; path = Info.plist; sourceTree = "<group>"; };
		03C5C54A22E09E0F00DD91DE /* SecureStoreQueryable.swift */ = {isa = PBXFileReference; fileEncoding = 4; lastKnownFileType = sourcecode.swift; path = SecureStoreQueryable.swift; sourceTree = "<group>"; };
		03C5C54C22E0A0C100DD91DE /* InternetProtocol.swift */ = {isa = PBXFileReference; fileEncoding = 4; lastKnownFileType = sourcecode.swift; path = InternetProtocol.swift; sourceTree = "<group>"; };
		03C5C54E22E0A16700DD91DE /* InternetAuthenticationType.swift */ = {isa = PBXFileReference; fileEncoding = 4; lastKnownFileType = sourcecode.swift; path = InternetAuthenticationType.swift; sourceTree = "<group>"; };
		03C5C55022E0A3E800DD91DE /* KeychainError.swift */ = {isa = PBXFileReference; lastKnownFileType = sourcecode.swift; path = KeychainError.swift; sourceTree = "<group>"; };
		03C6750723981BBD0041A7C4 /* ProfileService.swift */ = {isa = PBXFileReference; lastKnownFileType = sourcecode.swift; path = ProfileService.swift; sourceTree = "<group>"; };
		03C6E84B233BAB35004EB6B6 /* DocumentServiceProtocol.swift */ = {isa = PBXFileReference; fileEncoding = 4; lastKnownFileType = sourcecode.swift; path = DocumentServiceProtocol.swift; sourceTree = "<group>"; };
		03CB3EFD230C0FC4003D5DFD /* AuthServiceProtocol.swift */ = {isa = PBXFileReference; lastKnownFileType = sourcecode.swift; path = AuthServiceProtocol.swift; sourceTree = "<group>"; };
		03CB3EFE230C0FF2003D5DFD /* KeychainStoreService.swift */ = {isa = PBXFileReference; lastKnownFileType = sourcecode.swift; path = KeychainStoreService.swift; sourceTree = "<group>"; };
		03CB3F03230C1185003D5DFD /* ProfileServiceProtocol.swift */ = {isa = PBXFileReference; lastKnownFileType = sourcecode.swift; path = ProfileServiceProtocol.swift; sourceTree = "<group>"; };
		03CB3F07230C1EDE003D5DFD /* UIViewExtension.swift */ = {isa = PBXFileReference; lastKnownFileType = sourcecode.swift; path = UIViewExtension.swift; sourceTree = "<group>"; };
		03CB3F09230C2464003D5DFD /* UIColorExtension.swift */ = {isa = PBXFileReference; lastKnownFileType = sourcecode.swift; path = UIColorExtension.swift; sourceTree = "<group>"; };
		03CB3F0C230C3EAA003D5DFD /* ImageLoader.swift */ = {isa = PBXFileReference; lastKnownFileType = sourcecode.swift; path = ImageLoader.swift; sourceTree = "<group>"; };
		03CB3F0F230C414C003D5DFD /* ImageService.swift */ = {isa = PBXFileReference; lastKnownFileType = sourcecode.swift; path = ImageService.swift; sourceTree = "<group>"; };
		03CCADAB230457FC00701782 /* PinCodeViewModel.swift */ = {isa = PBXFileReference; lastKnownFileType = sourcecode.swift; path = PinCodeViewModel.swift; sourceTree = "<group>"; };
		03CCADAD2304589E00701782 /* PinCodeValidator.swift */ = {isa = PBXFileReference; lastKnownFileType = sourcecode.swift; path = PinCodeValidator.swift; sourceTree = "<group>"; };
		03D1A0492389F7650028371C /* CGPointExtension.swift */ = {isa = PBXFileReference; lastKnownFileType = sourcecode.swift; path = CGPointExtension.swift; sourceTree = "<group>"; };
		03F7BD1D22F7A50400F47583 /* StandardButton.swift */ = {isa = PBXFileReference; fileEncoding = 4; lastKnownFileType = sourcecode.swift; path = StandardButton.swift; sourceTree = "<group>"; };
		0A43F49723A6653D00018B36 /* TextView+BlocksToolbar.swift */ = {isa = PBXFileReference; lastKnownFileType = sourcecode.swift; path = "TextView+BlocksToolbar.swift"; sourceTree = "<group>"; };
		0A563B1723AD0FC200617065 /* TextView+BaseToolbarView.swift */ = {isa = PBXFileReference; lastKnownFileType = sourcecode.swift; path = "TextView+BaseToolbarView.swift"; sourceTree = "<group>"; };
		0A69320F238C4C8200575544 /* TextBlocksViews+Checkbox.swift */ = {isa = PBXFileReference; fileEncoding = 4; lastKnownFileType = sourcecode.swift; path = "TextBlocksViews+Checkbox.swift"; sourceTree = "<group>"; };
		0A693211238C4C8200575544 /* TextBlocksViews+Text.swift */ = {isa = PBXFileReference; fileEncoding = 4; lastKnownFileType = sourcecode.swift; path = "TextBlocksViews+Text.swift"; sourceTree = "<group>"; };
		0A693212238C4C8200575544 /* TextBlocksViews.swift */ = {isa = PBXFileReference; fileEncoding = 4; lastKnownFileType = sourcecode.swift; path = TextBlocksViews.swift; sourceTree = "<group>"; };
		0A693213238C4C8200575544 /* TextBlocksViews+Numbered.swift */ = {isa = PBXFileReference; fileEncoding = 4; lastKnownFileType = sourcecode.swift; path = "TextBlocksViews+Numbered.swift"; sourceTree = "<group>"; };
		0A693214238C4C8200575544 /* TextBlocksViews+Toggle.swift */ = {isa = PBXFileReference; fileEncoding = 4; lastKnownFileType = sourcecode.swift; path = "TextBlocksViews+Toggle.swift"; sourceTree = "<group>"; };
		0A693215238C4C8200575544 /* TextBlocksViews+Bulleted.swift */ = {isa = PBXFileReference; fileEncoding = 4; lastKnownFileType = sourcecode.swift; path = "TextBlocksViews+Bulleted.swift"; sourceTree = "<group>"; };
		0A693216238C4C8200575544 /* TextBlocksViews+Header.swift */ = {isa = PBXFileReference; fileEncoding = 4; lastKnownFileType = sourcecode.swift; path = "TextBlocksViews+Header.swift"; sourceTree = "<group>"; };
		0A693217238C4C8200575544 /* TextBlocksViews+List.swift */ = {isa = PBXFileReference; fileEncoding = 4; lastKnownFileType = sourcecode.swift; path = "TextBlocksViews+List.swift"; sourceTree = "<group>"; };
		0A693218238C4C8200575544 /* TextBlocksViews+Callout.swift */ = {isa = PBXFileReference; fileEncoding = 4; lastKnownFileType = sourcecode.swift; path = "TextBlocksViews+Callout.swift"; sourceTree = "<group>"; };
		0A69322623911B1800575544 /* DrawableBlocksViews.swift */ = {isa = PBXFileReference; lastKnownFileType = sourcecode.swift; path = DrawableBlocksViews.swift; sourceTree = "<group>"; };
		0A69322823911D0200575544 /* ImageBlocksViews+Image.swift */ = {isa = PBXFileReference; lastKnownFileType = sourcecode.swift; path = "ImageBlocksViews+Image.swift"; sourceTree = "<group>"; };
		0A70816423968410004B04AB /* BlocksViews.swift */ = {isa = PBXFileReference; lastKnownFileType = sourcecode.swift; path = BlocksViews.swift; sourceTree = "<group>"; };
		0A7081662396C5E3004B04AB /* ImageBlocksViews+PageIcon.swift */ = {isa = PBXFileReference; lastKnownFileType = sourcecode.swift; path = "ImageBlocksViews+PageIcon.swift"; sourceTree = "<group>"; };
		0A70816923993040004B04AB /* TextView+MarkStyle.swift */ = {isa = PBXFileReference; fileEncoding = 4; lastKnownFileType = sourcecode.swift; path = "TextView+MarkStyle.swift"; sourceTree = "<group>"; };
		0A70816A23993040004B04AB /* TextView.swift */ = {isa = PBXFileReference; fileEncoding = 4; lastKnownFileType = sourcecode.swift; path = TextView.swift; sourceTree = "<group>"; };
		0A70816F239CFF4F004B04AB /* TextView+HighlightedAccessoryView.swift */ = {isa = PBXFileReference; lastKnownFileType = sourcecode.swift; path = "TextView+HighlightedAccessoryView.swift"; sourceTree = "<group>"; };
		0A74E50223A90FE800B6C406 /* ImagePicker.swift */ = {isa = PBXFileReference; fileEncoding = 4; lastKnownFileType = sourcecode.swift; path = ImagePicker.swift; sourceTree = "<group>"; };
		0A74E50323A90FE900B6C406 /* KeyboardObserver.swift */ = {isa = PBXFileReference; fileEncoding = 4; lastKnownFileType = sourcecode.swift; path = KeyboardObserver.swift; sourceTree = "<group>"; };
		0A74E50423A90FE900B6C406 /* CustomTextField.swift */ = {isa = PBXFileReference; fileEncoding = 4; lastKnownFileType = sourcecode.swift; path = CustomTextField.swift; sourceTree = "<group>"; };
		0A74E50523A90FE900B6C406 /* ScannerViewController.swift */ = {isa = PBXFileReference; fileEncoding = 4; lastKnownFileType = sourcecode.swift; path = ScannerViewController.swift; sourceTree = "<group>"; };
		0A74E50623A90FE900B6C406 /* SimpleViews.swift */ = {isa = PBXFileReference; fileEncoding = 4; lastKnownFileType = sourcecode.swift; path = SimpleViews.swift; sourceTree = "<group>"; };
		0AA04DE523C79203005B37A4 /* Services.swift */ = {isa = PBXFileReference; fileEncoding = 4; lastKnownFileType = sourcecode.swift; path = Services.swift; sourceTree = "<group>"; };
		0AA04DE723C79203005B37A4 /* AppearanceService+Schemes.swift */ = {isa = PBXFileReference; fileEncoding = 4; lastKnownFileType = sourcecode.swift; path = "AppearanceService+Schemes.swift"; sourceTree = "<group>"; };
		0AA04DE823C79203005B37A4 /* AppearanceServices+Schemes+Domains+Auth.swift */ = {isa = PBXFileReference; fileEncoding = 4; lastKnownFileType = sourcecode.swift; path = "AppearanceServices+Schemes+Domains+Auth.swift"; sourceTree = "<group>"; };
		0AA04DE923C79203005B37A4 /* AppearanceService.swift */ = {isa = PBXFileReference; fileEncoding = 4; lastKnownFileType = sourcecode.swift; path = AppearanceService.swift; sourceTree = "<group>"; };
		0AA04DF423C7926F005B37A4 /* AssetsReader.swift */ = {isa = PBXFileReference; fileEncoding = 4; lastKnownFileType = sourcecode.swift; path = AssetsReader.swift; sourceTree = "<group>"; };
		0AA04DF523C7926F005B37A4 /* PlistReader.swift */ = {isa = PBXFileReference; fileEncoding = 4; lastKnownFileType = sourcecode.swift; path = PlistReader.swift; sourceTree = "<group>"; };
		0AA04DF823C7943B005B37A4 /* TextView+HighlightedToolbar.swift */ = {isa = PBXFileReference; lastKnownFileType = sourcecode.swift; path = "TextView+HighlightedToolbar.swift"; sourceTree = "<group>"; };
		0AAC965E2340C202006CE58C /* HomeViewContainerCoordinator.swift */ = {isa = PBXFileReference; fileEncoding = 4; lastKnownFileType = sourcecode.swift; path = HomeViewContainerCoordinator.swift; sourceTree = "<group>"; };
		0AAC965F2340C203006CE58C /* HomeViewContainerModel.swift */ = {isa = PBXFileReference; fileEncoding = 4; lastKnownFileType = sourcecode.swift; path = HomeViewContainerModel.swift; sourceTree = "<group>"; };
		0AAC96602340C203006CE58C /* HomeViewContainer.swift */ = {isa = PBXFileReference; fileEncoding = 4; lastKnownFileType = sourcecode.swift; path = HomeViewContainer.swift; sourceTree = "<group>"; };
		0AAC96642340C229006CE58C /* FontExtension.swift */ = {isa = PBXFileReference; fileEncoding = 4; lastKnownFileType = sourcecode.swift; path = FontExtension.swift; sourceTree = "<group>"; };
		0AAC96672340C288006CE58C /* en */ = {isa = PBXFileReference; lastKnownFileType = text.plist.strings; name = en; path = en.lproj/Localizable.strings; sourceTree = "<group>"; };
		0ACA77CE23E367FF00442690 /* TextView+HighlightedToolbar+InputLink.swift */ = {isa = PBXFileReference; lastKnownFileType = sourcecode.swift; path = "TextView+HighlightedToolbar+InputLink.swift"; sourceTree = "<group>"; };
		0ACA77DA23E44B8F00442690 /* TextView+Protocols.swift */ = {isa = PBXFileReference; lastKnownFileType = sourcecode.swift; path = "TextView+Protocols.swift"; sourceTree = "<group>"; };
		0ADF8CB8239FFD33003CA31E /* TextView+BlocksAccessoryView.swift */ = {isa = PBXFileReference; lastKnownFileType = sourcecode.swift; path = "TextView+BlocksAccessoryView.swift"; sourceTree = "<group>"; };
		0AF8308A23A2579300640DAC /* TextBlocksViews+Quote.swift */ = {isa = PBXFileReference; fileEncoding = 4; lastKnownFileType = sourcecode.swift; path = "TextBlocksViews+Quote.swift"; sourceTree = "<group>"; };
		363F59EE65C138C060202EE3 /* Pods-AnyType.release.xcconfig */ = {isa = PBXFileReference; includeInIndex = 1; lastKnownFileType = text.xcconfig; name = "Pods-AnyType.release.xcconfig"; path = "Target Support Files/Pods-AnyType/Pods-AnyType.release.xcconfig"; sourceTree = "<group>"; };
		3FD09F8467D4954A34117224 /* Pods-AnyType.debug.xcconfig */ = {isa = PBXFileReference; includeInIndex = 1; lastKnownFileType = text.xcconfig; name = "Pods-AnyType.debug.xcconfig"; path = "Target Support Files/Pods-AnyType/Pods-AnyType.debug.xcconfig"; sourceTree = "<group>"; };
		47E0FA740E958323954CB10F /* Pods_AnyType.framework */ = {isa = PBXFileReference; explicitFileType = wrapper.framework; includeInIndex = 0; path = Pods_AnyType.framework; sourceTree = BUILT_PRODUCTS_DIR; };
/* End PBXFileReference section */

/* Begin PBXFrameworksBuildPhase section */
		0303ECF822D8EDAA005C552B /* Frameworks */ = {
			isa = PBXFrameworksBuildPhase;
			buildActionMask = 2147483647;
			files = (
				037F2D32239D374D008C16BF /* Lib.framework in Frameworks */,
				03C5C53B22DF785000DD91DE /* Security.framework in Frameworks */,
				0318D576230186CA000527B1 /* LocalAuthentication.framework in Frameworks */,
				B946AF4F589668391720FD14 /* Pods_AnyType.framework in Frameworks */,
			);
			runOnlyForDeploymentPostprocessing = 0;
		};
		03C5C53D22DFD90C00DD91DE /* Frameworks */ = {
			isa = PBXFrameworksBuildPhase;
			buildActionMask = 2147483647;
			files = (
			);
			runOnlyForDeploymentPostprocessing = 0;
		};
/* End PBXFrameworksBuildPhase section */

/* Begin PBXGroup section */
		0303ECF222D8EDAA005C552B = {
			isa = PBXGroup;
			children = (
				0303ECFD22D8EDAA005C552B /* AnyType */,
				03C5C54122DFD90C00DD91DE /* AnyTypeTests */,
				0303ECFC22D8EDAA005C552B /* Products */,
				ED79E6F7693FFE933050D8BC /* Frameworks */,
				4D385379DA00C6FCCA303F1D /* Pods */,
			);
			sourceTree = "<group>";
		};
		0303ECFC22D8EDAA005C552B /* Products */ = {
			isa = PBXGroup;
			children = (
				0303ECFB22D8EDAA005C552B /* AnyType.app */,
				03C5C54022DFD90C00DD91DE /* AnyTypeTests.xctest */,
			);
			name = Products;
			sourceTree = "<group>";
		};
		0303ECFD22D8EDAA005C552B /* AnyType */ = {
			isa = PBXGroup;
			children = (
				0303ED1222D8F231005C552B /* Sources */,
				038FB5C422D8F284002B90B8 /* Resources */,
				038FB5C522D8F2A0002B90B8 /* Supporting files */,
			);
			path = AnyType;
			sourceTree = "<group>";
		};
		0303ED0622D8EDAD005C552B /* Preview Content */ = {
			isa = PBXGroup;
			children = (
				0303ED0722D8EDAD005C552B /* Preview Assets.xcassets */,
			);
			path = "Preview Content";
			sourceTree = "<group>";
		};
		0303ED1222D8F231005C552B /* Sources */ = {
			isa = PBXGroup;
			children = (
				03746CF722DE504600380AA1 /* Helpers */,
				038FB5CB22D8F380002B90B8 /* FrameworkExtensions */,
				038FB5C722D8F304002B90B8 /* ApplicationLayer */,
				038FB5C922D8F32F002B90B8 /* Models */,
				038FB5CA22D8F34E002B90B8 /* CoreLayer */,
				038FB5C822D8F321002B90B8 /* ServiceLayer */,
				038FB5C622D8F2DE002B90B8 /* PresentationLayer */,
				0AA04DF323C7926F005B37A4 /* Utilities */,
			);
			path = Sources;
			sourceTree = "<group>";
		};
		03074B86239514BF009FA7D0 /* Auth Story */ = {
			isa = PBXGroup;
			children = (
				03507433239E72D7001CF477 /* MainAuthView */,
				03507436239E72FC001CF477 /* CreateNewProfileView */,
				038A81FE23A0162B00B71388 /* LoginView */,
				0372AB4323A09DE1008CF5B9 /* SelectProfileView */,
				039F6D7B239594B90097560A /* PinCodeView.swift */,
				03992F6823969B030027A4AD /* CompletionAuthView.swift */,
			);
			path = "Auth Story";
			sourceTree = "<group>";
		};
		030DF4B12399345C00AD3BC3 /* Auth */ = {
			isa = PBXGroup;
			children = (
				030DF4B22399346F00AD3BC3 /* AuthModels.swift */,
				030DF4B423994F4700AD3BC3 /* ProfileModel.swift */,
			);
			path = Auth;
			sourceTree = "<group>";
		};
		030DF4B62399C1DD00AD3BC3 /* LocalStore */ = {
			isa = PBXGroup;
			children = (
				030DF4B72399C1FA00AD3BC3 /* DiskStorage.swift */,
			);
			path = LocalStore;
			sourceTree = "<group>";
		};
		031B35572346C5650066DDB8 /* BlocksViews */ = {
			isa = PBXGroup;
			children = (
				0A70816423968410004B04AB /* BlocksViews.swift */,
				031B35582346C5B60066DDB8 /* BlockViewModifieres.swift */,
				03B65751234D47A90084D9F5 /* BlockViewRowBuilderProtocol.swift */,
				0A69322523911AF700575544 /* DrawableBlockViews */,
				03B65750234D474A0084D9F5 /* TextableBlockViews */,
			);
			path = BlocksViews;
			sourceTree = "<group>";
		};
		032225DB22F87AB40064E544 /* Detail Picker View */ = {
			isa = PBXGroup;
			children = (
				032225D922F87AAB0064E544 /* DetailedPickerView.swift */,
				03A8011D22F8CAA100F31E01 /* PickerDetailView.swift */,
			);
			path = "Detail Picker View";
			sourceTree = "<group>";
		};
		0327B0B1232BB904007DB8A7 /* Documents */ = {
			isa = PBXGroup;
			children = (
				0327B0B2232BB994007DB8A7 /* DocumentModel.swift */,
				030DF86B23354EED00FE6DA5 /* BlockModel.swift */,
			);
			path = Documents;
			sourceTree = "<group>";
		};
		0327B0B4232BBA52007DB8A7 /* AnyTypeServices */ = {
			isa = PBXGroup;
			children = (
				03C6E84B233BAB35004EB6B6 /* DocumentServiceProtocol.swift */,
				0327B0B7232BBAD9007DB8A7 /* TestDocumentService.swift */,
				0372AB4623A136EE008CF5B9 /* IpfsFilesService.swift */,
			);
			path = AnyTypeServices;
			sourceTree = "<group>";
		};
		0331BBD722E5D8A1002AD179 /* Home Story */ = {
			isa = PBXGroup;
			children = (
				0AAC96602340C203006CE58C /* HomeViewContainer.swift */,
				0AAC965E2340C202006CE58C /* HomeViewContainerCoordinator.swift */,
				0AAC965F2340C203006CE58C /* HomeViewContainerModel.swift */,
				03B42F2B232910AF000F2BA2 /* Home View */,
			);
			path = "Home Story";
			sourceTree = "<group>";
		};
		0331BBD822E5D8AB002AD179 /* Profile Story */ = {
			isa = PBXGroup;
			children = (
				03913E51230B48120040CD4B /* ProfileView */,
				03913E52230B48330040CD4B /* ProfileSettingsView */,
				03913E53230B48510040CD4B /* PinCodeView */,
				03913E54230B485D0040CD4B /* KeychainPhraseView */,
				03913E55230B48780040CD4B /* About */,
			);
			path = "Profile Story";
			sourceTree = "<group>";
		};
		0331BBE122E608AC002AD179 /* Common Views */ = {
			isa = PBXGroup;
			children = (
				0A74E50423A90FE900B6C406 /* CustomTextField.swift */,
				0A74E50223A90FE800B6C406 /* ImagePicker.swift */,
				0A74E50323A90FE900B6C406 /* KeyboardObserver.swift */,
				0A74E50523A90FE900B6C406 /* ScannerViewController.swift */,
				0A74E50623A90FE900B6C406 /* SimpleViews.swift */,
				0A70816823993040004B04AB /* TextView */,
				03425C5323849AAE00E22FF1 /* CustomScrollView.swift */,
				03913E58230B5DA90040CD4B /* SelectColorView.swift */,
				03475B702306CFA900F8FCE7 /* Waiting Views */,
				039DA2E2230583DC0041F95C /* Alerts */,
				039DA2E1230583C00041F95C /* Save Recovery Phrase View */,
				032225DB22F87AB40064E544 /* Detail Picker View */,
				03F7BD1F22F7A58400F47583 /* PinCodeView */,
				0339382A22EF717100589108 /* Buttons */,
			);
			path = "Common Views";
			sourceTree = "<group>";
		};
		0339382422EF571600589108 /* Strings */ = {
			isa = PBXGroup;
			children = (
				0AAC96662340C288006CE58C /* Localizable.strings */,
				03A46A42231417D6009AC10C /* InfoPlist.strings */,
			);
			path = Strings;
			sourceTree = "<group>";
		};
		0339382A22EF717100589108 /* Buttons */ = {
			isa = PBXGroup;
			children = (
				03F7BD1D22F7A50400F47583 /* StandardButton.swift */,
				037CC4E423154AF900D5AB62 /* NavigationButtonView.swift */,
			);
			path = Buttons;
			sourceTree = "<group>";
		};
		03475B702306CFA900F8FCE7 /* Waiting Views */ = {
			isa = PBXGroup;
			children = (
				03475B712306CFD000F8FCE7 /* OverlayWaitingView.swift */,
				03B55545230AD13A0070FDF3 /* ActivityIndicator.swift */,
				032E00112395D0C300620E1A /* WaitingView.swift */,
			);
			path = "Waiting Views";
			sourceTree = "<group>";
		};
		03507433239E72D7001CF477 /* MainAuthView */ = {
			isa = PBXGroup;
			children = (
				037F2D36239DC6DC008C16BF /* MainAuthViewModel.swift */,
				03074B87239514E2009FA7D0 /* MainAuthView.swift */,
			);
			path = MainAuthView;
			sourceTree = "<group>";
		};
		03507436239E72FC001CF477 /* CreateNewProfileView */ = {
			isa = PBXGroup;
			children = (
				03B161A1239F3A3B00BF27D1 /* WaitingViewOnCreatAccount */,
				03507434239E72F3001CF477 /* CreateNewProfileViewModel.swift */,
				03992F642395D7A10027A4AD /* CreateNewProfileView.swift */,
			);
			path = CreateNewProfileView;
			sourceTree = "<group>";
		};
		0350A2E323295E0000E00FB5 /* HomeCollectionView */ = {
			isa = PBXGroup;
			children = (
				0327B0BA232BCE2A007DB8A7 /* HomeCollectionViewModel.swift */,
				0350A2E123293CE900E00FB5 /* HomeCollectionView.swift */,
				0350A2E423295E2200E00FB5 /* HomeCollectionViewDocumentCell.swift */,
				0350A2E6232960D900E00FB5 /* HomeCollectionViewPlusCell.swift */,
			);
			path = HomeCollectionView;
			sourceTree = "<group>";
		};
		0372AB4323A09DE1008CF5B9 /* SelectProfileView */ = {
			isa = PBXGroup;
			children = (
				0372AB4123A09DDC008CF5B9 /* SelectProfileViewModel.swift */,
				03992F6C2396BA9B0027A4AD /* SelectProfileView.swift */,
			);
			path = SelectProfileView;
			sourceTree = "<group>";
		};
		0372AB4823A1376A008CF5B9 /* IpfsFiles */ = {
			isa = PBXGroup;
			children = (
				0372AB4923A1378A008CF5B9 /* IpfsFilesModel.swift */,
			);
			path = IpfsFiles;
			sourceTree = "<group>";
		};
		03746CF722DE504600380AA1 /* Helpers */ = {
			isa = PBXGroup;
			children = (
				03746CF822DE506200380AA1 /* Constants.swift */,
				039F6D79239591C80097560A /* Colors+Gradients.swift */,
				03A90DF123A04C71000E3EFE /* CustomEnvironments.swift */,
			);
			path = Helpers;
			sourceTree = "<group>";
		};
		037F2D33239D59C0008C16BF /* EventListener */ = {
			isa = PBXGroup;
			children = (
				037F2D34239D59D9008C16BF /* EventListener.swift */,
			);
			path = EventListener;
			sourceTree = "<group>";
		};
		0388BF7822F10D3D00B73E39 /* Fonts */ = {
			isa = PBXGroup;
			children = (
				0388BF7A22F10D7100B73E39 /* RobotoMono-Regular.ttf */,
			);
			path = Fonts;
			sourceTree = "<group>";
		};
		038A81FE23A0162B00B71388 /* LoginView */ = {
			isa = PBXGroup;
			children = (
				038A81FC23A0158B00B71388 /* LoginViewModel.swift */,
				039F6D77239580A10097560A /* LoginView.swift */,
			);
			path = LoginView;
			sourceTree = "<group>";
		};
		038FB5C422D8F284002B90B8 /* Resources */ = {
			isa = PBXGroup;
			children = (
				0303ED0422D8EDAD005C552B /* Assets.xcassets */,
				0339382422EF571600589108 /* Strings */,
				0388BF7822F10D3D00B73E39 /* Fonts */,
				0303ED0622D8EDAD005C552B /* Preview Content */,
			);
			path = Resources;
			sourceTree = "<group>";
		};
		038FB5C522D8F2A0002B90B8 /* Supporting files */ = {
			isa = PBXGroup;
			children = (
				0303ED0922D8EDAD005C552B /* LaunchScreen.storyboard */,
				0303ED0C22D8EDAD005C552B /* Info.plist */,
			);
			path = "Supporting files";
			sourceTree = "<group>";
		};
		038FB5C622D8F2DE002B90B8 /* PresentationLayer */ = {
			isa = PBXGroup;
			children = (
				03074B86239514BF009FA7D0 /* Auth Story */,
				03A24B8D232152ED00DA7369 /* TextEditor */,
				0331BBE122E608AC002AD179 /* Common Views */,
				0331BBD822E5D8AB002AD179 /* Profile Story */,
				0331BBD722E5D8A1002AD179 /* Home Story */,
			);
			path = PresentationLayer;
			sourceTree = "<group>";
		};
		038FB5C722D8F304002B90B8 /* ApplicationLayer */ = {
			isa = PBXGroup;
			children = (
				0AA04DE423C79203005B37A4 /* Services */,
				0303ECFE22D8EDAA005C552B /* AppDelegate.swift */,
				0303ED0022D8EDAA005C552B /* SceneDelegate.swift */,
				037AA83322E34601002CB09F /* ApplicationCoordinator.swift */,
			);
			path = ApplicationLayer;
			sourceTree = "<group>";
		};
		038FB5C822D8F321002B90B8 /* ServiceLayer */ = {
			isa = PBXGroup;
			children = (
				037F2D33239D59C0008C16BF /* EventListener */,
				0327B0B4232BBA52007DB8A7 /* AnyTypeServices */,
				03CB3F00230C104F003D5DFD /* AuthServices */,
				03CB3EFB230C0F52003D5DFD /* ProfileServices */,
				03AA488A22FA55E800D756AA /* StoreServices */,
			);
			path = ServiceLayer;
			sourceTree = "<group>";
		};
		038FB5C922D8F32F002B90B8 /* Models */ = {
			isa = PBXGroup;
			children = (
				0372AB4823A1376A008CF5B9 /* IpfsFiles */,
				030DF4B12399345C00AD3BC3 /* Auth */,
				03BC991A2398121C00A4FB92 /* ProtocolBufferObjects */,
				0327B0B1232BB904007DB8A7 /* Documents */,
			);
			path = Models;
			sourceTree = "<group>";
		};
		038FB5CA22D8F34E002B90B8 /* CoreLayer */ = {
			isa = PBXGroup;
			children = (
				03CB3F0B230C3E98003D5DFD /* NetwrokLayer */,
				03C5C53422DF6C9900DD91DE /* StoreLayer */,
			);
			path = CoreLayer;
			sourceTree = "<group>";
		};
		038FB5CB22D8F380002B90B8 /* FrameworkExtensions */ = {
			isa = PBXGroup;
			children = (
				0AAC96642340C229006CE58C /* FontExtension.swift */,
				03475B6E2306031D00F8FCE7 /* ViewExtension.swift */,
				03CB3F07230C1EDE003D5DFD /* UIViewExtension.swift */,
				03CB3F09230C2464003D5DFD /* UIColorExtension.swift */,
				03A24B8B231EC07700DA7369 /* ArrayExtension.swift */,
				03425C512383726400E22FF1 /* GeometryExtension.swift */,
				03D1A0492389F7650028371C /* CGPointExtension.swift */,
				0372AB3F23A09C7F008CF5B9 /* NotificationExtension.swift */,
			);
			path = FrameworkExtensions;
			sourceTree = "<group>";
		};
		03913E51230B48120040CD4B /* ProfileView */ = {
			isa = PBXGroup;
			children = (
				0303ED0222D8EDAA005C552B /* ProfileView.swift */,
				0311612D22DE0D1700885211 /* ProfileViewModel.swift */,
				03C50829230AE32900A1BD9D /* ProfileViewCoordinator.swift */,
			);
			path = ProfileView;
			sourceTree = "<group>";
		};
		03913E52230B48330040CD4B /* ProfileSettingsView */ = {
			isa = PBXGroup;
			children = (
				03913E56230B48B40040CD4B /* ProfileSettingsView.swift */,
			);
			path = ProfileSettingsView;
			sourceTree = "<group>";
		};
		03913E53230B48510040CD4B /* PinCodeView */ = {
			isa = PBXGroup;
			children = (
			);
			path = PinCodeView;
			sourceTree = "<group>";
		};
		03913E54230B485D0040CD4B /* KeychainPhraseView */ = {
			isa = PBXGroup;
			children = (
			);
			path = KeychainPhraseView;
			sourceTree = "<group>";
		};
		03913E55230B48780040CD4B /* About */ = {
			isa = PBXGroup;
			children = (
			);
			path = About;
			sourceTree = "<group>";
		};
		039DA2E1230583C00041F95C /* Save Recovery Phrase View */ = {
			isa = PBXGroup;
			children = (
				03527A0622F7A44B004F0418 /* SaveRecoveryPhraseView.swift */,
			);
			path = "Save Recovery Phrase View";
			sourceTree = "<group>";
		};
		039DA2E2230583DC0041F95C /* Alerts */ = {
			isa = PBXGroup;
			children = (
				039DA2E52305843D0041F95C /* ErrorAlertView.swift */,
			);
			path = Alerts;
			sourceTree = "<group>";
		};
		03A24B8D232152ED00DA7369 /* TextEditor */ = {
			isa = PBXGroup;
			children = (
				031B35572346C5650066DDB8 /* BlocksViews */,
				030DF8672333E3DD00FE6DA5 /* DocumentView.swift */,
				030DF8632333E31100FE6DA5 /* DocumentViewModel.swift */,
				031B355523465DFF0066DDB8 /* EmptyDocumentView.swift */,
			);
			path = TextEditor;
			sourceTree = "<group>";
		};
		03AA488A22FA55E800D756AA /* StoreServices */ = {
			isa = PBXGroup;
			children = (
				03DA0FD123A1DBA900C597BD /* SecureStoreService */,
				03A90DF323A04FFE000E3EFE /* LocalRepoService.swift */,
				03AA488C22FA5C8A00D756AA /* UserDefault.swift */,
			);
			path = StoreServices;
			sourceTree = "<group>";
		};
		03B161A1239F3A3B00BF27D1 /* WaitingViewOnCreatAccount */ = {
			isa = PBXGroup;
			children = (
				03B1619F239F3A3200BF27D1 /* WaitingViewOnCreatAccountModel.swift */,
				03B1619D239F3A2000BF27D1 /* WaitingViewOnCreatAccount.swift */,
			);
			path = WaitingViewOnCreatAccount;
			sourceTree = "<group>";
		};
		03B42F2B232910AF000F2BA2 /* Home View */ = {
			isa = PBXGroup;
			children = (
				0350A2E323295E0000E00FB5 /* HomeCollectionView */,
				03B42F29232910AB000F2BA2 /* HomeView.swift */,
				0327B0AF232BB876007DB8A7 /* HomeViewModel.swift */,
			);
			path = "Home View";
			sourceTree = "<group>";
		};
		03B65750234D474A0084D9F5 /* TextableBlockViews */ = {
			isa = PBXGroup;
			children = (
				0A693212238C4C8200575544 /* TextBlocksViews.swift */,
				0A693215238C4C8200575544 /* TextBlocksViews+Bulleted.swift */,
				0A693218238C4C8200575544 /* TextBlocksViews+Callout.swift */,
				0A69320F238C4C8200575544 /* TextBlocksViews+Checkbox.swift */,
				0A693216238C4C8200575544 /* TextBlocksViews+Header.swift */,
				0A693217238C4C8200575544 /* TextBlocksViews+List.swift */,
				0A693213238C4C8200575544 /* TextBlocksViews+Numbered.swift */,
				0A693211238C4C8200575544 /* TextBlocksViews+Text.swift */,
				0A693214238C4C8200575544 /* TextBlocksViews+Toggle.swift */,
				0AF8308A23A2579300640DAC /* TextBlocksViews+Quote.swift */,
				03B6574E234CEDC70084D9F5 /* TextBlockViewModel.swift */,
				031B355323465BBA0066DDB8 /* TextBlockView.swift */,
			);
			path = TextableBlockViews;
			sourceTree = "<group>";
		};
		03BC991A2398121C00A4FB92 /* ProtocolBufferObjects */ = {
			isa = PBXGroup;
			children = (
				03AA854723A80C2300892713 /* commands.pb.swift */,
				03AA854623A80C2200892713 /* events.pb.swift */,
				03AA854523A80C2200892713 /* models.pb.swift */,
			);
			path = ProtocolBufferObjects;
			sourceTree = "<group>";
		};
		03C5C53422DF6C9900DD91DE /* StoreLayer */ = {
			isa = PBXGroup;
			children = (
				030DF4B62399C1DD00AD3BC3 /* LocalStore */,
				03C5C53522DF6C9900DD91DE /* KeychainStore */,
			);
			path = StoreLayer;
			sourceTree = "<group>";
		};
		03C5C53522DF6C9900DD91DE /* KeychainStore */ = {
			isa = PBXGroup;
			children = (
				03C5C53622DF6C9900DD91DE /* KeychainStore.swift */,
				03C5C54A22E09E0F00DD91DE /* SecureStoreQueryable.swift */,
				03C5C54C22E0A0C100DD91DE /* InternetProtocol.swift */,
				03C5C54E22E0A16700DD91DE /* InternetAuthenticationType.swift */,
				03C5C55022E0A3E800DD91DE /* KeychainError.swift */,
			);
			path = KeychainStore;
			sourceTree = "<group>";
		};
		03C5C54122DFD90C00DD91DE /* AnyTypeTests */ = {
			isa = PBXGroup;
			children = (
				03C5C54222DFD90C00DD91DE /* AnyTypeTests.swift */,
				03C5C54422DFD90C00DD91DE /* Info.plist */,
			);
			path = AnyTypeTests;
			sourceTree = "<group>";
		};
		03CB3EFB230C0F52003D5DFD /* ProfileServices */ = {
			isa = PBXGroup;
			children = (
				03CB3F03230C1185003D5DFD /* ProfileServiceProtocol.swift */,
				03C6750723981BBD0041A7C4 /* ProfileService.swift */,
			);
			path = ProfileServices;
			sourceTree = "<group>";
		};
		03CB3F00230C104F003D5DFD /* AuthServices */ = {
			isa = PBXGroup;
			children = (
				03CB3EFD230C0FC4003D5DFD /* AuthServiceProtocol.swift */,
				0339676F2397DA7E000CB7BA /* AuthService.swift */,
			);
			path = AuthServices;
			sourceTree = "<group>";
		};
		03CB3F0B230C3E98003D5DFD /* NetwrokLayer */ = {
			isa = PBXGroup;
			children = (
				03CB3F0E230C4137003D5DFD /* ImageLoader */,
			);
			path = NetwrokLayer;
			sourceTree = "<group>";
		};
		03CB3F0E230C4137003D5DFD /* ImageLoader */ = {
			isa = PBXGroup;
			children = (
				03CB3F0C230C3EAA003D5DFD /* ImageLoader.swift */,
				03CB3F0F230C414C003D5DFD /* ImageService.swift */,
			);
			path = ImageLoader;
			sourceTree = "<group>";
		};
		03DA0FD123A1DBA900C597BD /* SecureStoreService */ = {
			isa = PBXGroup;
			children = (
				03C5C53722DF6C9900DD91DE /* SecureStoreServiceProtocol.swift */,
				03CB3EFE230C0FF2003D5DFD /* KeychainStoreService.swift */,
			);
			path = SecureStoreService;
			sourceTree = "<group>";
		};
		03F7BD1F22F7A58400F47583 /* PinCodeView */ = {
			isa = PBXGroup;
			children = (
				03CCADAB230457FC00701782 /* PinCodeViewModel.swift */,
				03CCADAD2304589E00701782 /* PinCodeValidator.swift */,
			);
			path = PinCodeView;
			sourceTree = "<group>";
		};
		0A69322523911AF700575544 /* DrawableBlockViews */ = {
			isa = PBXGroup;
			children = (
				0A69322623911B1800575544 /* DrawableBlocksViews.swift */,
				0A69322823911D0200575544 /* ImageBlocksViews+Image.swift */,
				0A7081662396C5E3004B04AB /* ImageBlocksViews+PageIcon.swift */,
			);
			path = DrawableBlockViews;
			sourceTree = "<group>";
		};
		0A70816823993040004B04AB /* TextView */ = {
			isa = PBXGroup;
			children = (
				0A70816A23993040004B04AB /* TextView.swift */,
				0ACA77DA23E44B8F00442690 /* TextView+Protocols.swift */,
				0A70816923993040004B04AB /* TextView+MarkStyle.swift */,
				0A70816F239CFF4F004B04AB /* TextView+HighlightedAccessoryView.swift */,
				0AA04DF823C7943B005B37A4 /* TextView+HighlightedToolbar.swift */,
				0ACA77CE23E367FF00442690 /* TextView+HighlightedToolbar+InputLink.swift */,
				0ADF8CB8239FFD33003CA31E /* TextView+BlocksAccessoryView.swift */,
				0A43F49723A6653D00018B36 /* TextView+BlocksToolbar.swift */,
				0A563B1723AD0FC200617065 /* TextView+BaseToolbarView.swift */,
			);
			path = TextView;
			sourceTree = "<group>";
		};
		0AA04DE423C79203005B37A4 /* Services */ = {
			isa = PBXGroup;
			children = (
				0AA04DE523C79203005B37A4 /* Services.swift */,
				0AA04DE623C79203005B37A4 /* Appearance */,
			);
			path = Services;
			sourceTree = "<group>";
		};
		0AA04DE623C79203005B37A4 /* Appearance */ = {
			isa = PBXGroup;
			children = (
				0AA04DE723C79203005B37A4 /* AppearanceService+Schemes.swift */,
				0AA04DE823C79203005B37A4 /* AppearanceServices+Schemes+Domains+Auth.swift */,
				0AA04DE923C79203005B37A4 /* AppearanceService.swift */,
			);
			path = Appearance;
			sourceTree = "<group>";
		};
		0AA04DF323C7926F005B37A4 /* Utilities */ = {
			isa = PBXGroup;
			children = (
				0AA04DF423C7926F005B37A4 /* AssetsReader.swift */,
				0AA04DF523C7926F005B37A4 /* PlistReader.swift */,
			);
			path = Utilities;
			sourceTree = "<group>";
		};
		4D385379DA00C6FCCA303F1D /* Pods */ = {
			isa = PBXGroup;
			children = (
				3FD09F8467D4954A34117224 /* Pods-AnyType.debug.xcconfig */,
				363F59EE65C138C060202EE3 /* Pods-AnyType.release.xcconfig */,
			);
			path = Pods;
			sourceTree = "<group>";
		};
		ED79E6F7693FFE933050D8BC /* Frameworks */ = {
			isa = PBXGroup;
			children = (
				037F2D31239D374D008C16BF /* Lib.framework */,
				0318D575230186CA000527B1 /* LocalAuthentication.framework */,
				03C5C53A22DF785000DD91DE /* Security.framework */,
				47E0FA740E958323954CB10F /* Pods_AnyType.framework */,
			);
			name = Frameworks;
			sourceTree = "<group>";
		};
/* End PBXGroup section */

/* Begin PBXNativeTarget section */
		0303ECFA22D8EDAA005C552B /* AnyType */ = {
			isa = PBXNativeTarget;
			buildConfigurationList = 0303ED0F22D8EDAD005C552B /* Build configuration list for PBXNativeTarget "AnyType" */;
			buildPhases = (
				A50759B4B1352A7FC705FF14 /* [CP] Check Pods Manifest.lock */,
				0303ECF722D8EDAA005C552B /* Sources */,
				0303ECF822D8EDAA005C552B /* Frameworks */,
				0303ECF922D8EDAA005C552B /* Resources */,
				0339676E2397D65F000CB7BA /* Embed Frameworks */,
				6079213CFED22B7315F8A9F7 /* [CP] Embed Pods Frameworks */,
			);
			buildRules = (
			);
			dependencies = (
			);
			name = AnyType;
			productName = AnyType;
			productReference = 0303ECFB22D8EDAA005C552B /* AnyType.app */;
			productType = "com.apple.product-type.application";
		};
		03C5C53F22DFD90C00DD91DE /* AnyTypeTests */ = {
			isa = PBXNativeTarget;
			buildConfigurationList = 03C5C54722DFD90C00DD91DE /* Build configuration list for PBXNativeTarget "AnyTypeTests" */;
			buildPhases = (
				03C5C53C22DFD90C00DD91DE /* Sources */,
				03C5C53D22DFD90C00DD91DE /* Frameworks */,
				03C5C53E22DFD90C00DD91DE /* Resources */,
			);
			buildRules = (
			);
			dependencies = (
				03C5C54622DFD90C00DD91DE /* PBXTargetDependency */,
			);
			name = AnyTypeTests;
			productName = AnyTypeTests;
			productReference = 03C5C54022DFD90C00DD91DE /* AnyTypeTests.xctest */;
			productType = "com.apple.product-type.bundle.unit-test";
		};
/* End PBXNativeTarget section */

/* Begin PBXProject section */
		0303ECF322D8EDAA005C552B /* Project object */ = {
			isa = PBXProject;
			attributes = {
				LastSwiftUpdateCheck = 1100;
				LastUpgradeCheck = 1100;
				ORGANIZATIONNAME = AnyType;
				TargetAttributes = {
					0303ECFA22D8EDAA005C552B = {
						CreatedOnToolsVersion = 11.0;
					};
					03C5C53F22DFD90C00DD91DE = {
						CreatedOnToolsVersion = 11.0;
						TestTargetID = 0303ECFA22D8EDAA005C552B;
					};
				};
			};
			buildConfigurationList = 0303ECF622D8EDAA005C552B /* Build configuration list for PBXProject "AnyType" */;
			compatibilityVersion = "Xcode 9.3";
			developmentRegion = en;
			hasScannedForEncodings = 0;
			knownRegions = (
				en,
				Base,
			);
			mainGroup = 0303ECF222D8EDAA005C552B;
			productRefGroup = 0303ECFC22D8EDAA005C552B /* Products */;
			projectDirPath = "";
			projectRoot = "";
			targets = (
				0303ECFA22D8EDAA005C552B /* AnyType */,
				03C5C53F22DFD90C00DD91DE /* AnyTypeTests */,
			);
		};
/* End PBXProject section */

/* Begin PBXResourcesBuildPhase section */
		0303ECF922D8EDAA005C552B /* Resources */ = {
			isa = PBXResourcesBuildPhase;
			buildActionMask = 2147483647;
			files = (
				0388BF7B22F10F9B00B73E39 /* RobotoMono-Regular.ttf in Resources */,
				0AAC96682340C288006CE58C /* Localizable.strings in Resources */,
				03A46A40231417D6009AC10C /* InfoPlist.strings in Resources */,
				0303ED0B22D8EDAD005C552B /* LaunchScreen.storyboard in Resources */,
				0303ED0822D8EDAD005C552B /* Preview Assets.xcassets in Resources */,
				0303ED0522D8EDAD005C552B /* Assets.xcassets in Resources */,
			);
			runOnlyForDeploymentPostprocessing = 0;
		};
		03C5C53E22DFD90C00DD91DE /* Resources */ = {
			isa = PBXResourcesBuildPhase;
			buildActionMask = 2147483647;
			files = (
			);
			runOnlyForDeploymentPostprocessing = 0;
		};
/* End PBXResourcesBuildPhase section */

/* Begin PBXShellScriptBuildPhase section */
		6079213CFED22B7315F8A9F7 /* [CP] Embed Pods Frameworks */ = {
			isa = PBXShellScriptBuildPhase;
			buildActionMask = 2147483647;
			files = (
			);
			inputFileListPaths = (
				"${PODS_ROOT}/Target Support Files/Pods-AnyType/Pods-AnyType-frameworks-${CONFIGURATION}-input-files.xcfilelist",
			);
			name = "[CP] Embed Pods Frameworks";
			outputFileListPaths = (
				"${PODS_ROOT}/Target Support Files/Pods-AnyType/Pods-AnyType-frameworks-${CONFIGURATION}-output-files.xcfilelist",
			);
			runOnlyForDeploymentPostprocessing = 0;
			shellPath = /bin/sh;
			shellScript = "\"${PODS_ROOT}/Target Support Files/Pods-AnyType/Pods-AnyType-frameworks.sh\"\n";
			showEnvVarsInLog = 0;
		};
		A50759B4B1352A7FC705FF14 /* [CP] Check Pods Manifest.lock */ = {
			isa = PBXShellScriptBuildPhase;
			buildActionMask = 2147483647;
			files = (
			);
			inputFileListPaths = (
			);
			inputPaths = (
				"${PODS_PODFILE_DIR_PATH}/Podfile.lock",
				"${PODS_ROOT}/Manifest.lock",
			);
			name = "[CP] Check Pods Manifest.lock";
			outputFileListPaths = (
			);
			outputPaths = (
				"$(DERIVED_FILE_DIR)/Pods-AnyType-checkManifestLockResult.txt",
			);
			runOnlyForDeploymentPostprocessing = 0;
			shellPath = /bin/sh;
			shellScript = "diff \"${PODS_PODFILE_DIR_PATH}/Podfile.lock\" \"${PODS_ROOT}/Manifest.lock\" > /dev/null\nif [ $? != 0 ] ; then\n    # print error to STDERR\n    echo \"error: The sandbox is not in sync with the Podfile.lock. Run 'pod install' or update your CocoaPods installation.\" >&2\n    exit 1\nfi\n# This output is used by Xcode 'outputs' to avoid re-running this script phase.\necho \"SUCCESS\" > \"${SCRIPT_OUTPUT_FILE_0}\"\n";
			showEnvVarsInLog = 0;
		};
/* End PBXShellScriptBuildPhase section */

/* Begin PBXSourcesBuildPhase section */
		0303ECF722D8EDAA005C552B /* Sources */ = {
			isa = PBXSourcesBuildPhase;
			buildActionMask = 2147483647;
			files = (
				0A70816C23993040004B04AB /* TextView.swift in Sources */,
				03CB3F01230C10E9003D5DFD /* AuthServiceProtocol.swift in Sources */,
				03527A0722F7A44B004F0418 /* SaveRecoveryPhraseView.swift in Sources */,
				03746CF922DE506200380AA1 /* Constants.swift in Sources */,
				031B35592346C5B60066DDB8 /* BlockViewModifieres.swift in Sources */,
				0AAC96622340C203006CE58C /* HomeViewContainerModel.swift in Sources */,
				037B91CE23438E77004EBCCD /* HomeViewContainer.swift in Sources */,
				039F6D78239580A10097560A /* LoginView.swift in Sources */,
				0A693220238C4C8200575544 /* TextBlocksViews+Header.swift in Sources */,
				0AA04DF923C7943B005B37A4 /* TextView+HighlightedToolbar.swift in Sources */,
				0A74E4FC23A90EA000B6C406 /* ProfileModel.swift in Sources */,
				0AA04DEB23C79203005B37A4 /* AppearanceService+Schemes.swift in Sources */,
				03C6750823981BBD0041A7C4 /* ProfileService.swift in Sources */,
				03B65752234D47A90084D9F5 /* BlockViewRowBuilderProtocol.swift in Sources */,
				0ADF8CB9239FFD33003CA31E /* TextView+BlocksAccessoryView.swift in Sources */,
				0A563B1823AD0FC200617065 /* TextView+BaseToolbarView.swift in Sources */,
				03CB3F08230C1EDE003D5DFD /* UIViewExtension.swift in Sources */,
				0A74E4FE23A90EBB00B6C406 /* EventListener.swift in Sources */,
				03AA854823A80C2300892713 /* models.pb.swift in Sources */,
				0311612E22DE0D1700885211 /* ProfileViewModel.swift in Sources */,
				03B161A0239F3A3200BF27D1 /* WaitingViewOnCreatAccountModel.swift in Sources */,
				037AA83422E34601002CB09F /* ApplicationCoordinator.swift in Sources */,
				03425C5423849AAF00E22FF1 /* CustomScrollView.swift in Sources */,
				0AA04DEA23C79203005B37A4 /* Services.swift in Sources */,
				03CB3F0A230C2464003D5DFD /* UIColorExtension.swift in Sources */,
				032225DA22F87AAB0064E544 /* DetailedPickerView.swift in Sources */,
				030DF8642333E31100FE6DA5 /* DocumentViewModel.swift in Sources */,
				03B1619E239F3A2000BF27D1 /* WaitingViewOnCreatAccount.swift in Sources */,
				03B55546230AD13A0070FDF3 /* ActivityIndicator.swift in Sources */,
				03074B88239514E2009FA7D0 /* MainAuthView.swift in Sources */,
				039DA2E62305843D0041F95C /* ErrorAlertView.swift in Sources */,
				03CB3EFF230C0FF2003D5DFD /* KeychainStoreService.swift in Sources */,
				0ACA77DB23E44B8F00442690 /* TextView+Protocols.swift in Sources */,
				030DF8682333E3DD00FE6DA5 /* DocumentView.swift in Sources */,
				032E00122395D0C400620E1A /* WaitingView.swift in Sources */,
				0AA04DF723C7926F005B37A4 /* PlistReader.swift in Sources */,
				0372AB4A23A1378A008CF5B9 /* IpfsFilesModel.swift in Sources */,
				0A74E4FD23A90EB000B6C406 /* CreateNewProfileView.swift in Sources */,
				0303ECFF22D8EDAA005C552B /* AppDelegate.swift in Sources */,
				03913E59230B5DAA0040CD4B /* SelectColorView.swift in Sources */,
				0A74E50923A90FE900B6C406 /* CustomTextField.swift in Sources */,
				03CB3F0D230C3EAA003D5DFD /* ImageLoader.swift in Sources */,
				030DF86C23354EEE00FE6DA5 /* BlockModel.swift in Sources */,
				0A70816523968410004B04AB /* BlocksViews.swift in Sources */,
				0A7081672396C5E3004B04AB /* ImageBlocksViews+PageIcon.swift in Sources */,
				03CB3F10230C414C003D5DFD /* ImageService.swift in Sources */,
				03A90DF423A04FFE000E3EFE /* LocalRepoService.swift in Sources */,
				0A693221238C4C8200575544 /* TextBlocksViews+List.swift in Sources */,
				03C5C54D22E0A0C200DD91DE /* InternetProtocol.swift in Sources */,
				03507435239E72F3001CF477 /* CreateNewProfileViewModel.swift in Sources */,
				037CC4E523154AF900D5AB62 /* NavigationButtonView.swift in Sources */,
				03C6E84C233BAB35004EB6B6 /* DocumentServiceProtocol.swift in Sources */,
				03CCADAE2304589E00701782 /* PinCodeValidator.swift in Sources */,
				03AA488D22FA5C8B00D756AA /* UserDefault.swift in Sources */,
				03A90DF223A04C71000E3EFE /* CustomEnvironments.swift in Sources */,
				0AA04DEC23C79203005B37A4 /* AppearanceServices+Schemes+Domains+Auth.swift in Sources */,
				0A69321F238C4C8200575544 /* TextBlocksViews+Bulleted.swift in Sources */,
				0AAC96612340C203006CE58C /* HomeViewContainerCoordinator.swift in Sources */,
				03C5C54B22E09E0F00DD91DE /* SecureStoreQueryable.swift in Sources */,
				037260C123A8E2F90034F9F5 /* DrawableBlocksViews.swift in Sources */,
				0303ED0122D8EDAA005C552B /* SceneDelegate.swift in Sources */,
				0A69321D238C4C8200575544 /* TextBlocksViews+Numbered.swift in Sources */,
				03425C522383726400E22FF1 /* GeometryExtension.swift in Sources */,
				0A693222238C4C8200575544 /* TextBlocksViews+Callout.swift in Sources */,
				0A74E50023A90EF000B6C406 /* NotificationExtension.swift in Sources */,
				0A74E50723A90FE900B6C406 /* ImagePicker.swift in Sources */,
				0A74E50823A90FE900B6C406 /* KeyboardObserver.swift in Sources */,
				03AA854A23A80C2300892713 /* commands.pb.swift in Sources */,
				0A693219238C4C8200575544 /* TextBlocksViews+Checkbox.swift in Sources */,
				03990FB4230CCA2D00C82AD5 /* ProfileView.swift in Sources */,
				031B355423465BBA0066DDB8 /* TextBlockView.swift in Sources */,
				038A81FD23A0158B00B71388 /* LoginViewModel.swift in Sources */,
				03475B722306CFD000F8FCE7 /* OverlayWaitingView.swift in Sources */,
				0AF8308B23A2579300640DAC /* TextBlocksViews+Quote.swift in Sources */,
				0350A2E223293CE900E00FB5 /* HomeCollectionView.swift in Sources */,
				039F6D7C239594B90097560A /* PinCodeView.swift in Sources */,
				03C5C54F22E0A16700DD91DE /* InternetAuthenticationType.swift in Sources */,
				03B42F2A232910AB000F2BA2 /* HomeView.swift in Sources */,
				03B6574F234CEDC70084D9F5 /* TextBlockViewModel.swift in Sources */,
				0A74E4FA23A90E7B00B6C406 /* MainAuthViewModel.swift in Sources */,
				0AA04DF623C7926F005B37A4 /* AssetsReader.swift in Sources */,
				0A74E50123A90F0400B6C406 /* events.pb.swift in Sources */,
				0A74E4F823A90E5100B6C406 /* Colors+Gradients.swift in Sources */,
				0A43F49823A6653D00018B36 /* TextView+BlocksToolbar.swift in Sources */,
				03913E57230B48B40040CD4B /* ProfileSettingsView.swift in Sources */,
				0327B0BB232BCE2A007DB8A7 /* HomeCollectionViewModel.swift in Sources */,
				0350A2E523295E2200E00FB5 /* HomeCollectionViewDocumentCell.swift in Sources */,
				0A708170239CFF4F004B04AB /* TextView+HighlightedAccessoryView.swift in Sources */,
				0A74E4FF23A90ED900B6C406 /* CompletionAuthView.swift in Sources */,
				0350A2E7232960D900E00FB5 /* HomeCollectionViewPlusCell.swift in Sources */,
				0327B0B0232BB876007DB8A7 /* HomeViewModel.swift in Sources */,
				0A74E50B23A90FE900B6C406 /* SimpleViews.swift in Sources */,
				037260C023A8E2DB0034F9F5 /* ImageBlocksViews+Image.swift in Sources */,
				0327B0B3232BB994007DB8A7 /* DocumentModel.swift in Sources */,
				0372AB4723A136EE008CF5B9 /* IpfsFilesService.swift in Sources */,
				0AA04DED23C79203005B37A4 /* AppearanceService.swift in Sources */,
				03D1A04A2389F7650028371C /* CGPointExtension.swift in Sources */,
				03F7BD1E22F7A50400F47583 /* StandardButton.swift in Sources */,
				0AAC96652340C229006CE58C /* FontExtension.swift in Sources */,
				0A69321B238C4C8200575544 /* TextBlocksViews+Text.swift in Sources */,
				0A74E50A23A90FE900B6C406 /* ScannerViewController.swift in Sources */,
				03C5C53922DF6C9900DD91DE /* SecureStoreServiceProtocol.swift in Sources */,
				0372AB4423A0BF29008CF5B9 /* SelectProfileViewModel.swift in Sources */,
				030DF4B32399347000AD3BC3 /* AuthModels.swift in Sources */,
				03A8011E22F8CAA200F31E01 /* PickerDetailView.swift in Sources */,
				0372AB4523A11861008CF5B9 /* SelectProfileView.swift in Sources */,
				0A74E4F923A90E6300B6C406 /* DiskStorage.swift in Sources */,
				031B355623465DFF0066DDB8 /* EmptyDocumentView.swift in Sources */,
				03475B6F2306031D00F8FCE7 /* ViewExtension.swift in Sources */,
				03C5C55122E0A3E800DD91DE /* KeychainError.swift in Sources */,
				0327B0B8232BBAD9007DB8A7 /* TestDocumentService.swift in Sources */,
				03C5082A230AE32900A1BD9D /* ProfileViewCoordinator.swift in Sources */,
				03C5C53822DF6C9900DD91DE /* KeychainStore.swift in Sources */,
				0A70816B23993040004B04AB /* TextView+MarkStyle.swift in Sources */,
				03CB3F04230C1185003D5DFD /* ProfileServiceProtocol.swift in Sources */,
				03CCADAC230457FC00701782 /* PinCodeViewModel.swift in Sources */,
				0A69321C238C4C8200575544 /* TextBlocksViews.swift in Sources */,
				03A24B8C231EC07700DA7369 /* ArrayExtension.swift in Sources */,
				0A69321E238C4C8200575544 /* TextBlocksViews+Toggle.swift in Sources */,
				0ACA77CF23E367FF00442690 /* TextView+HighlightedToolbar+InputLink.swift in Sources */,
				0A74E4FB23A90E8C00B6C406 /* AuthService.swift in Sources */,
			);
			runOnlyForDeploymentPostprocessing = 0;
		};
		03C5C53C22DFD90C00DD91DE /* Sources */ = {
			isa = PBXSourcesBuildPhase;
			buildActionMask = 2147483647;
			files = (
				03C5C54322DFD90C00DD91DE /* AnyTypeTests.swift in Sources */,
			);
			runOnlyForDeploymentPostprocessing = 0;
		};
/* End PBXSourcesBuildPhase section */

/* Begin PBXTargetDependency section */
		03C5C54622DFD90C00DD91DE /* PBXTargetDependency */ = {
			isa = PBXTargetDependency;
			target = 0303ECFA22D8EDAA005C552B /* AnyType */;
			targetProxy = 03C5C54522DFD90C00DD91DE /* PBXContainerItemProxy */;
		};
/* End PBXTargetDependency section */

/* Begin PBXVariantGroup section */
		0303ED0922D8EDAD005C552B /* LaunchScreen.storyboard */ = {
			isa = PBXVariantGroup;
			children = (
				0303ED0A22D8EDAD005C552B /* Base */,
			);
			name = LaunchScreen.storyboard;
			sourceTree = "<group>";
		};
		03A46A42231417D6009AC10C /* InfoPlist.strings */ = {
			isa = PBXVariantGroup;
			children = (
				03A46A41231417D6009AC10C /* en */,
			);
			name = InfoPlist.strings;
			sourceTree = "<group>";
		};
		0AAC96662340C288006CE58C /* Localizable.strings */ = {
			isa = PBXVariantGroup;
			children = (
				0AAC96672340C288006CE58C /* en */,
			);
			name = Localizable.strings;
			sourceTree = "<group>";
		};
/* End PBXVariantGroup section */

/* Begin XCBuildConfiguration section */
		0303ED0D22D8EDAD005C552B /* Debug */ = {
			isa = XCBuildConfiguration;
			buildSettings = {
				ALWAYS_SEARCH_USER_PATHS = NO;
				CLANG_ANALYZER_NONNULL = YES;
				CLANG_ANALYZER_NUMBER_OBJECT_CONVERSION = YES_AGGRESSIVE;
				CLANG_CXX_LANGUAGE_STANDARD = "gnu++14";
				CLANG_CXX_LIBRARY = "libc++";
				CLANG_ENABLE_MODULES = YES;
				CLANG_ENABLE_OBJC_ARC = YES;
				CLANG_ENABLE_OBJC_WEAK = YES;
				CLANG_WARN_BLOCK_CAPTURE_AUTORELEASING = YES;
				CLANG_WARN_BOOL_CONVERSION = YES;
				CLANG_WARN_COMMA = YES;
				CLANG_WARN_CONSTANT_CONVERSION = YES;
				CLANG_WARN_DEPRECATED_OBJC_IMPLEMENTATIONS = YES;
				CLANG_WARN_DIRECT_OBJC_ISA_USAGE = YES_ERROR;
				CLANG_WARN_DOCUMENTATION_COMMENTS = YES;
				CLANG_WARN_EMPTY_BODY = YES;
				CLANG_WARN_ENUM_CONVERSION = YES;
				CLANG_WARN_INFINITE_RECURSION = YES;
				CLANG_WARN_INT_CONVERSION = YES;
				CLANG_WARN_NON_LITERAL_NULL_CONVERSION = YES;
				CLANG_WARN_OBJC_IMPLICIT_RETAIN_SELF = YES;
				CLANG_WARN_OBJC_LITERAL_CONVERSION = YES;
				CLANG_WARN_OBJC_ROOT_CLASS = YES_ERROR;
				CLANG_WARN_RANGE_LOOP_ANALYSIS = YES;
				CLANG_WARN_STRICT_PROTOTYPES = YES;
				CLANG_WARN_SUSPICIOUS_MOVE = YES;
				CLANG_WARN_UNGUARDED_AVAILABILITY = YES_AGGRESSIVE;
				CLANG_WARN_UNREACHABLE_CODE = YES;
				CLANG_WARN__DUPLICATE_METHOD_MATCH = YES;
				COPY_PHASE_STRIP = NO;
				DEBUG_INFORMATION_FORMAT = dwarf;
				ENABLE_BITCODE = NO;
				ENABLE_STRICT_OBJC_MSGSEND = YES;
				ENABLE_TESTABILITY = YES;
				GCC_C_LANGUAGE_STANDARD = gnu11;
				GCC_DYNAMIC_NO_PIC = NO;
				GCC_NO_COMMON_BLOCKS = YES;
				GCC_OPTIMIZATION_LEVEL = 0;
				GCC_PREPROCESSOR_DEFINITIONS = (
					"DEBUG=1",
					"$(inherited)",
				);
				GCC_WARN_64_TO_32_BIT_CONVERSION = YES;
				GCC_WARN_ABOUT_RETURN_TYPE = YES_ERROR;
				GCC_WARN_UNDECLARED_SELECTOR = YES;
				GCC_WARN_UNINITIALIZED_AUTOS = YES_AGGRESSIVE;
				GCC_WARN_UNUSED_FUNCTION = YES;
				GCC_WARN_UNUSED_VARIABLE = YES;
				IPHONEOS_DEPLOYMENT_TARGET = 13.1;
				MTL_ENABLE_DEBUG_INFO = INCLUDE_SOURCE;
				MTL_FAST_MATH = YES;
				ONLY_ACTIVE_ARCH = YES;
				SDKROOT = iphoneos;
				SWIFT_ACTIVE_COMPILATION_CONDITIONS = DEBUG;
				SWIFT_OPTIMIZATION_LEVEL = "-Onone";
				SWIFT_VERSION = 5.0;
			};
			name = Debug;
		};
		0303ED0E22D8EDAD005C552B /* Release */ = {
			isa = XCBuildConfiguration;
			buildSettings = {
				ALWAYS_SEARCH_USER_PATHS = NO;
				CLANG_ANALYZER_NONNULL = YES;
				CLANG_ANALYZER_NUMBER_OBJECT_CONVERSION = YES_AGGRESSIVE;
				CLANG_CXX_LANGUAGE_STANDARD = "gnu++14";
				CLANG_CXX_LIBRARY = "libc++";
				CLANG_ENABLE_MODULES = YES;
				CLANG_ENABLE_OBJC_ARC = YES;
				CLANG_ENABLE_OBJC_WEAK = YES;
				CLANG_WARN_BLOCK_CAPTURE_AUTORELEASING = YES;
				CLANG_WARN_BOOL_CONVERSION = YES;
				CLANG_WARN_COMMA = YES;
				CLANG_WARN_CONSTANT_CONVERSION = YES;
				CLANG_WARN_DEPRECATED_OBJC_IMPLEMENTATIONS = YES;
				CLANG_WARN_DIRECT_OBJC_ISA_USAGE = YES_ERROR;
				CLANG_WARN_DOCUMENTATION_COMMENTS = YES;
				CLANG_WARN_EMPTY_BODY = YES;
				CLANG_WARN_ENUM_CONVERSION = YES;
				CLANG_WARN_INFINITE_RECURSION = YES;
				CLANG_WARN_INT_CONVERSION = YES;
				CLANG_WARN_NON_LITERAL_NULL_CONVERSION = YES;
				CLANG_WARN_OBJC_IMPLICIT_RETAIN_SELF = YES;
				CLANG_WARN_OBJC_LITERAL_CONVERSION = YES;
				CLANG_WARN_OBJC_ROOT_CLASS = YES_ERROR;
				CLANG_WARN_RANGE_LOOP_ANALYSIS = YES;
				CLANG_WARN_STRICT_PROTOTYPES = YES;
				CLANG_WARN_SUSPICIOUS_MOVE = YES;
				CLANG_WARN_UNGUARDED_AVAILABILITY = YES_AGGRESSIVE;
				CLANG_WARN_UNREACHABLE_CODE = YES;
				CLANG_WARN__DUPLICATE_METHOD_MATCH = YES;
				COPY_PHASE_STRIP = NO;
				DEBUG_INFORMATION_FORMAT = "dwarf-with-dsym";
				ENABLE_BITCODE = NO;
				ENABLE_NS_ASSERTIONS = NO;
				ENABLE_STRICT_OBJC_MSGSEND = YES;
				GCC_C_LANGUAGE_STANDARD = gnu11;
				GCC_NO_COMMON_BLOCKS = YES;
				GCC_WARN_64_TO_32_BIT_CONVERSION = YES;
				GCC_WARN_ABOUT_RETURN_TYPE = YES_ERROR;
				GCC_WARN_UNDECLARED_SELECTOR = YES;
				GCC_WARN_UNINITIALIZED_AUTOS = YES_AGGRESSIVE;
				GCC_WARN_UNUSED_FUNCTION = YES;
				GCC_WARN_UNUSED_VARIABLE = YES;
				IPHONEOS_DEPLOYMENT_TARGET = 13.1;
				MTL_ENABLE_DEBUG_INFO = NO;
				MTL_FAST_MATH = YES;
				SDKROOT = iphoneos;
				SWIFT_COMPILATION_MODE = wholemodule;
				SWIFT_OPTIMIZATION_LEVEL = "-O";
				SWIFT_VERSION = 5.0;
				VALIDATE_PRODUCT = YES;
			};
			name = Release;
		};
		0303ED1022D8EDAD005C552B /* Debug */ = {
			isa = XCBuildConfiguration;
			baseConfigurationReference = 3FD09F8467D4954A34117224 /* Pods-AnyType.debug.xcconfig */;
			buildSettings = {
				ASSETCATALOG_COMPILER_APPICON_NAME = AppIcon;
				CODE_SIGN_STYLE = Automatic;
				DEVELOPMENT_ASSET_PATHS = "AnyType/Resources/Preview\\ Content";
				DEVELOPMENT_TEAM = H63H9V7D82;
				ENABLE_BITCODE = NO;
				ENABLE_PREVIEWS = YES;
				FRAMEWORK_SEARCH_PATHS = (
					"$(inherited)",
					"$(PROJECT_DIR)",
				);
				HEADER_SEARCH_PATHS = (
					"$(inherited)",
					"\"${PODS_CONFIGURATION_BUILD_DIR}/Protobuf/Protobuf.framework/Headers\"",
					"\"${PODS_CONFIGURATION_BUILD_DIR}/Textile/Textile.framework/Headers\"",
					"\"${PODS_CONFIGURATION_BUILD_DIR}/TextileCore/TextileCore.framework/Headers\"",
				);
				INFOPLIST_FILE = "$(SRCROOT)/AnyType/Supporting files/Info.plist";
				IPHONEOS_DEPLOYMENT_TARGET = 13.1;
				LD_RUNPATH_SEARCH_PATHS = (
					"$(inherited)",
					"@executable_path/Frameworks",
				);
				PRODUCT_BUNDLE_IDENTIFIER = org.AnyType;
				PRODUCT_NAME = "$(TARGET_NAME)";
				SWIFT_VERSION = 5.0;
				TARGETED_DEVICE_FAMILY = "1,2";
			};
			name = Debug;
		};
		0303ED1122D8EDAD005C552B /* Release */ = {
			isa = XCBuildConfiguration;
			baseConfigurationReference = 363F59EE65C138C060202EE3 /* Pods-AnyType.release.xcconfig */;
			buildSettings = {
				ASSETCATALOG_COMPILER_APPICON_NAME = AppIcon;
				CODE_SIGN_STYLE = Automatic;
				DEVELOPMENT_ASSET_PATHS = "AnyType/Resources/Preview\\ Content";
				DEVELOPMENT_TEAM = H63H9V7D82;
				ENABLE_BITCODE = NO;
				ENABLE_PREVIEWS = YES;
				FRAMEWORK_SEARCH_PATHS = (
					"$(inherited)",
					"$(PROJECT_DIR)",
				);
				HEADER_SEARCH_PATHS = (
					"$(inherited)",
					"\"${PODS_CONFIGURATION_BUILD_DIR}/Protobuf/Protobuf.framework/Headers\"",
					"\"${PODS_CONFIGURATION_BUILD_DIR}/Textile/Textile.framework/Headers\"",
					"\"${PODS_CONFIGURATION_BUILD_DIR}/TextileCore/TextileCore.framework/Headers\"",
				);
				INFOPLIST_FILE = "$(SRCROOT)/AnyType/Supporting files/Info.plist";
				IPHONEOS_DEPLOYMENT_TARGET = 13.1;
				LD_RUNPATH_SEARCH_PATHS = (
					"$(inherited)",
					"@executable_path/Frameworks",
				);
				PRODUCT_BUNDLE_IDENTIFIER = org.AnyType;
				PRODUCT_NAME = "$(TARGET_NAME)";
				SWIFT_VERSION = 5.0;
				TARGETED_DEVICE_FAMILY = "1,2";
			};
			name = Release;
		};
		03C5C54822DFD90C00DD91DE /* Debug */ = {
			isa = XCBuildConfiguration;
			buildSettings = {
				BUNDLE_LOADER = "$(TEST_HOST)";
				CODE_SIGN_STYLE = Automatic;
				INFOPLIST_FILE = AnyTypeTests/Info.plist;
				LD_RUNPATH_SEARCH_PATHS = (
					"$(inherited)",
					"@executable_path/Frameworks",
					"@loader_path/Frameworks",
				);
				PRODUCT_BUNDLE_IDENTIFIER = com.AnyTypeTests;
				PRODUCT_NAME = "$(TARGET_NAME)";
				SWIFT_VERSION = 5.0;
				TARGETED_DEVICE_FAMILY = "1,2";
				TEST_HOST = "$(BUILT_PRODUCTS_DIR)/AnyType.app/AnyType";
			};
			name = Debug;
		};
		03C5C54922DFD90C00DD91DE /* Release */ = {
			isa = XCBuildConfiguration;
			buildSettings = {
				BUNDLE_LOADER = "$(TEST_HOST)";
				CODE_SIGN_STYLE = Automatic;
				INFOPLIST_FILE = AnyTypeTests/Info.plist;
				LD_RUNPATH_SEARCH_PATHS = (
					"$(inherited)",
					"@executable_path/Frameworks",
					"@loader_path/Frameworks",
				);
				PRODUCT_BUNDLE_IDENTIFIER = com.AnyTypeTests;
				PRODUCT_NAME = "$(TARGET_NAME)";
				SWIFT_VERSION = 5.0;
				TARGETED_DEVICE_FAMILY = "1,2";
				TEST_HOST = "$(BUILT_PRODUCTS_DIR)/AnyType.app/AnyType";
			};
			name = Release;
		};
/* End XCBuildConfiguration section */

/* Begin XCConfigurationList section */
		0303ECF622D8EDAA005C552B /* Build configuration list for PBXProject "AnyType" */ = {
			isa = XCConfigurationList;
			buildConfigurations = (
				0303ED0D22D8EDAD005C552B /* Debug */,
				0303ED0E22D8EDAD005C552B /* Release */,
			);
			defaultConfigurationIsVisible = 0;
			defaultConfigurationName = Release;
		};
		0303ED0F22D8EDAD005C552B /* Build configuration list for PBXNativeTarget "AnyType" */ = {
			isa = XCConfigurationList;
			buildConfigurations = (
				0303ED1022D8EDAD005C552B /* Debug */,
				0303ED1122D8EDAD005C552B /* Release */,
			);
			defaultConfigurationIsVisible = 0;
			defaultConfigurationName = Release;
		};
		03C5C54722DFD90C00DD91DE /* Build configuration list for PBXNativeTarget "AnyTypeTests" */ = {
			isa = XCConfigurationList;
			buildConfigurations = (
				03C5C54822DFD90C00DD91DE /* Debug */,
				03C5C54922DFD90C00DD91DE /* Release */,
			);
			defaultConfigurationIsVisible = 0;
			defaultConfigurationName = Release;
		};
/* End XCConfigurationList section */
	};
	rootObject = 0303ECF322D8EDAA005C552B /* Project object */;
}
